// !$*UTF8*$!
{
	archiveVersion = 1;
	classes = {
	};
	objectVersion = 46;
	objects = {

/* Begin PBXBuildFile section */
		16158EE817805E57002B6F73 /* Storyboard.storyboard in Resources */ = {isa = PBXBuildFile; fileRef = 16158EE717805E57002B6F73 /* Storyboard.storyboard */; };
		162414A417BC946E00083708 /* Images.xcassets in Resources */ = {isa = PBXBuildFile; fileRef = 162414A317BC946E00083708 /* Images.xcassets */; };
		1628571F185F607E00DBD491 /* UIView+CH.m in Sources */ = {isa = PBXBuildFile; fileRef = 1628571E185F607E00DBD491 /* UIView+CH.m */; };
		1629F85417FF4EFA001428C1 /* SettingsVC.m in Sources */ = {isa = PBXBuildFile; fileRef = 1629F85317FF4EFA001428C1 /* SettingsVC.m */; };
		1639492617F9BA1700AB7DE7 /* CastVC.m in Sources */ = {isa = PBXBuildFile; fileRef = 1639492517F9BA1700AB7DE7 /* CastVC.m */; };
		163BAB211763C34500A81BF7 /* WebVC.m in Sources */ = {isa = PBXBuildFile; fileRef = 163BAB201763C34400A81BF7 /* WebVC.m */; };
		16547FD718106D8C00B6F24C /* Localizable.strings in Resources */ = {isa = PBXBuildFile; fileRef = 16547FD618106D8C00B6F24C /* Localizable.strings */; };
		16692A37180C7E2B00166885 /* Menu.plist in Resources */ = {isa = PBXBuildFile; fileRef = 16692A36180C7E2B00166885 /* Menu.plist */; };
		167B9A401804909D00862289 /* MovieFunctionsVC.m in Sources */ = {isa = PBXBuildFile; fileRef = 3D881272175CD9E30034FDA9 /* MovieFunctionsVC.m */; };
		16956FCF17D7E84100355AA7 /* UIFont+CH.m in Sources */ = {isa = PBXBuildFile; fileRef = 16956FCE17D7E84100355AA7 /* UIFont+CH.m */; };
		16C8BC6B17D4F4EC00EF7390 /* FileHandler.m in Sources */ = {isa = PBXBuildFile; fileRef = 16C8BC6A17D4F4EC00EF7390 /* FileHandler.m */; };
		16F86ED817DE8F6D00F2722C /* MovieVC.m in Sources */ = {isa = PBXBuildFile; fileRef = 16F86ED717DE8F6D00F2722C /* MovieVC.m */; };
		2B2B30865DEB412FAC228ABA /* libPods.a in Frameworks */ = {isa = PBXBuildFile; fileRef = D6762D0B3F59498CA72154F7 /* libPods.a */; };
		3D00E5C0170DDB2400C7DAAE /* TheatersVC.m in Sources */ = {isa = PBXBuildFile; fileRef = 3D00E5BF170DDB2400C7DAAE /* TheatersVC.m */; };
		3D086043173B08CB0047B90A /* FavoritesVC.m in Sources */ = {isa = PBXBuildFile; fileRef = 3D086042173B08CB0047B90A /* FavoritesVC.m */; };
		3D111A4E170C93090043D2D2 /* CineHorariosApiClient.m in Sources */ = {isa = PBXBuildFile; fileRef = 3D111A4D170C92250043D2D2 /* CineHorariosApiClient.m */; };
		3D12FF8218110E0300BDA8FB /* UIImageView+CH.m in Sources */ = {isa = PBXBuildFile; fileRef = 3D12FF8118110E0300BDA8FB /* UIImageView+CH.m */; };
		3D26BDD11743EE3A00A2FCC5 /* CarteleraVC.m in Sources */ = {isa = PBXBuildFile; fileRef = 3D26BDD01743EE3900A2FCC5 /* CarteleraVC.m */; };
		3D29981517E5AA28001A371D /* UIKit.framework in Frameworks */ = {isa = PBXBuildFile; fileRef = 3D29981417E5AA28001A371D /* UIKit.framework */; };
		3D29981717E5AA33001A371D /* SystemConfiguration.framework in Frameworks */ = {isa = PBXBuildFile; fileRef = 3D29981617E5AA33001A371D /* SystemConfiguration.framework */; };
		3D29981917E5AA46001A371D /* QuartzCore.framework in Frameworks */ = {isa = PBXBuildFile; fileRef = 3D29981817E5AA46001A371D /* QuartzCore.framework */; };
		3D29986A17E5E29C001A371D /* MovieImagesVC.m in Sources */ = {isa = PBXBuildFile; fileRef = 3D29986917E5E29C001A371D /* MovieImagesVC.m */; };
		3D309A2917A85DBC00BB5D13 /* UIColor+CH.m in Sources */ = {isa = PBXBuildFile; fileRef = 3D309A2817A85DBC00BB5D13 /* UIColor+CH.m */; };
		3D309A2C17A8674000BB5D13 /* UIImage+CH.m in Sources */ = {isa = PBXBuildFile; fileRef = 3D309A2B17A8674000BB5D13 /* UIImage+CH.m */; };
		3D39B91517208DC70011DF39 /* ComingSoonVC.m in Sources */ = {isa = PBXBuildFile; fileRef = 3D39B91417208DC70011DF39 /* ComingSoonVC.m */; };
		3D3FA6ED174D91CC0067AE57 /* VideoVC.m in Sources */ = {isa = PBXBuildFile; fileRef = 3D3FA6EC174D91CB0067AE57 /* VideoVC.m */; };
		3D4A191917EFA4A200893A65 /* GlobalNavigationController.m in Sources */ = {isa = PBXBuildFile; fileRef = 3D4A191817EFA4A200893A65 /* GlobalNavigationController.m */; };
		3D521E1A17443FE1009ED580 /* CinesVC.m in Sources */ = {isa = PBXBuildFile; fileRef = 3D521E1917443FE0009ED580 /* CinesVC.m */; };
		3D521E1F17445DD5009ED580 /* FuncionesVC.m in Sources */ = {isa = PBXBuildFile; fileRef = 3D521E1E17445DD4009ED580 /* FuncionesVC.m */; };
		3D6F663A17E54A7600BEE481 /* MyMultilineLabel.m in Sources */ = {isa = PBXBuildFile; fileRef = 3D6F663917E54A7600BEE481 /* MyMultilineLabel.m */; };
		3D81339B177E3D95006A017C /* CineHorariosTableViewController.m in Sources */ = {isa = PBXBuildFile; fileRef = 3D81339A177E3D95006A017C /* CineHorariosTableViewController.m */; };
		3DDB7107170A516B00EC3E51 /* Foundation.framework in Frameworks */ = {isa = PBXBuildFile; fileRef = 3DDB7106170A516B00EC3E51 /* Foundation.framework */; };
		3DDB7109170A516B00EC3E51 /* CoreGraphics.framework in Frameworks */ = {isa = PBXBuildFile; fileRef = 3DDB7108170A516B00EC3E51 /* CoreGraphics.framework */; };
		3DDB7115170A516B00EC3E51 /* AppDelegate.m in Sources */ = {isa = PBXBuildFile; fileRef = 3DDB7114170A516B00EC3E51 /* AppDelegate.m */; };
		3DDD5AEB18020ACC00720ABD /* MovieCinemasVC.m in Sources */ = {isa = PBXBuildFile; fileRef = 16C7EB56173E0EFF001CF782 /* MovieCinemasVC.m */; };
		3DDD5AEF18020C8700720ABD /* Cinemas.plist in Resources */ = {isa = PBXBuildFile; fileRef = 3DDD5AEE18020C8700720ABD /* Cinemas.plist */; };
		3DFA54CC170B3512003E2208 /* main.m in Sources */ = {isa = PBXBuildFile; fileRef = 3DDB7110170A516B00EC3E51 /* main.m */; };
		6E2DD19818AC141500FD6386 /* UIViewController+DoAlertView.m in Sources */ = {isa = PBXBuildFile; fileRef = 6E2DD19618AC141500FD6386 /* UIViewController+DoAlertView.m */; };
		6E4BAA7418849D6A00E37DAF /* UIImage+ResizeMagick.m in Sources */ = {isa = PBXBuildFile; fileRef = 6E4BAA7318849D6A00E37DAF /* UIImage+ResizeMagick.m */; };
		6E4BAA7D1884A49700E37DAF /* check_black@2x.png in Resources */ = {isa = PBXBuildFile; fileRef = 6E4BAA751884A49600E37DAF /* check_black@2x.png */; };
		6E4BAA7E1884A49700E37DAF /* check@2x.png in Resources */ = {isa = PBXBuildFile; fileRef = 6E4BAA761884A49600E37DAF /* check@2x.png */; };
		6E4BAA7F1884A49700E37DAF /* close_black@2x.png in Resources */ = {isa = PBXBuildFile; fileRef = 6E4BAA771884A49600E37DAF /* close_black@2x.png */; };
		6E4BAA801884A49700E37DAF /* close@2x.png in Resources */ = {isa = PBXBuildFile; fileRef = 6E4BAA781884A49700E37DAF /* close@2x.png */; };
		6E4BAA811884A49700E37DAF /* check_black.png in Resources */ = {isa = PBXBuildFile; fileRef = 6E4BAA791884A49700E37DAF /* check_black.png */; };
		6E4BAA821884A49700E37DAF /* check.png in Resources */ = {isa = PBXBuildFile; fileRef = 6E4BAA7A1884A49700E37DAF /* check.png */; };
		6E4BAA831884A49700E37DAF /* close_black.png in Resources */ = {isa = PBXBuildFile; fileRef = 6E4BAA7B1884A49700E37DAF /* close_black.png */; };
		6E4BAA841884A49700E37DAF /* close.png in Resources */ = {isa = PBXBuildFile; fileRef = 6E4BAA7C1884A49700E37DAF /* close.png */; };
		6E4F889B1896829000A9CC4F /* RFRateMe.m in Sources */ = {isa = PBXBuildFile; fileRef = 6E4F88981896829000A9CC4F /* RFRateMe.m */; };
		6E4F889C1896829000A9CC4F /* UIAlertView+NSCookbook.m in Sources */ = {isa = PBXBuildFile; fileRef = 6E4F889A1896829000A9CC4F /* UIAlertView+NSCookbook.m */; };
		6E56CC05188BA56C000AB809 /* Theater.m in Sources */ = {isa = PBXBuildFile; fileRef = 6E56CC04188BA56C000AB809 /* Theater.m */; };
		6E56CC08188BAD56000AB809 /* NSArray+FKBMap.m in Sources */ = {isa = PBXBuildFile; fileRef = 6E56CC07188BAD56000AB809 /* NSArray+FKBMap.m */; };
		6E56CC0B188BBC0E000AB809 /* ArrayDataSource.m in Sources */ = {isa = PBXBuildFile; fileRef = 6E56CC0A188BBC0E000AB809 /* ArrayDataSource.m */; };
		6E56CC11188BBE7D000AB809 /* BasicCell.m in Sources */ = {isa = PBXBuildFile; fileRef = 6E56CC10188BBE7D000AB809 /* BasicCell.m */; };
		6E56CC15188BC735000AB809 /* BasicCell+Theater.m in Sources */ = {isa = PBXBuildFile; fileRef = 6E56CC14188BC735000AB809 /* BasicCell+Theater.m */; };
		6E57396518273C9900ADB8D9 /* MapKit.framework in Frameworks */ = {isa = PBXBuildFile; fileRef = 6E57396418273C9900ADB8D9 /* MapKit.framework */; };
		6E57396818273D3400ADB8D9 /* CloseTheatersVC.m in Sources */ = {isa = PBXBuildFile; fileRef = 6E57396718273D3400ADB8D9 /* CloseTheatersVC.m */; };
		6E57396D182755A300ADB8D9 /* CoreLocation.framework in Frameworks */ = {isa = PBXBuildFile; fileRef = 6E57396C182755A300ADB8D9 /* CoreLocation.framework */; };
		6E65BA7618B3EA3A00B16F9A /* README.txt in Resources */ = {isa = PBXBuildFile; fileRef = 6E65BA7418B3EA3A00B16F9A /* README.txt */; };
		6E65BA7918B3EB7600B16F9A /* VideoCell.m in Sources */ = {isa = PBXBuildFile; fileRef = 6E65BA7818B3EB7600B16F9A /* VideoCell.m */; };
		6E65BA7C18B3EC0D00B16F9A /* VideoCell+Video.m in Sources */ = {isa = PBXBuildFile; fileRef = 6E65BA7B18B3EC0D00B16F9A /* VideoCell+Video.m */; };
		6E723B621890BA4A009DC5BE /* BasicItem.m in Sources */ = {isa = PBXBuildFile; fileRef = 6E723B611890BA4A009DC5BE /* BasicItem.m */; };
		6E723B651890BA8A009DC5BE /* BasicItemImage.m in Sources */ = {isa = PBXBuildFile; fileRef = 6E723B641890BA8A009DC5BE /* BasicItemImage.m */; };
		6E723B6B1891011D009DC5BE /* MovieImageCell.m in Sources */ = {isa = PBXBuildFile; fileRef = 6E723B6A1891011D009DC5BE /* MovieImageCell.m */; };
		6E723B6E189101A9009DC5BE /* MovieImageCell+MovieImage.m in Sources */ = {isa = PBXBuildFile; fileRef = 6E723B6D189101A9009DC5BE /* MovieImageCell+MovieImage.m */; };
		6E723B7118910472009DC5BE /* MovieCastCell.m in Sources */ = {isa = PBXBuildFile; fileRef = 6E723B7018910472009DC5BE /* MovieCastCell.m */; };
		6E723B7418910499009DC5BE /* MovieCastCell+Person.m in Sources */ = {isa = PBXBuildFile; fileRef = 6E723B7318910499009DC5BE /* MovieCastCell+Person.m */; };
		6E723B7718910C5F009DC5BE /* CastActorCell.m in Sources */ = {isa = PBXBuildFile; fileRef = 6E723B7618910C5F009DC5BE /* CastActorCell.m */; };
		6E723B7A18910CC4009DC5BE /* CastActorCell+Person.m in Sources */ = {isa = PBXBuildFile; fileRef = 6E723B7918910CC4009DC5BE /* CastActorCell+Person.m */; };
		6E723B7D18910F8D009DC5BE /* CastDirectorCell.m in Sources */ = {isa = PBXBuildFile; fileRef = 6E723B7C18910F8D009DC5BE /* CastDirectorCell.m */; };
		6E723B8018910FAF009DC5BE /* CastDirectorCell+Person.m in Sources */ = {isa = PBXBuildFile; fileRef = 6E723B7F18910FAF009DC5BE /* CastDirectorCell+Person.m */; };
		6E723B83189112AD009DC5BE /* Cast.m in Sources */ = {isa = PBXBuildFile; fileRef = 6E723B82189112AD009DC5BE /* Cast.m */; };
		6E723B8618913BFF009DC5BE /* AnnotationGroup.m in Sources */ = {isa = PBXBuildFile; fileRef = 6E723B8518913BFF009DC5BE /* AnnotationGroup.m */; };
		6E723B8918913C4A009DC5BE /* AnnotationTheater.m in Sources */ = {isa = PBXBuildFile; fileRef = 6E723B8818913C4A009DC5BE /* AnnotationTheater.m */; };
		6E8686F8188703E4003A91B0 /* DoAlertView.m in Sources */ = {isa = PBXBuildFile; fileRef = 6E8686F7188703E4003A91B0 /* DoAlertView.m */; };
		6EA663A6188C8C2200B0FCBE /* Cinema.m in Sources */ = {isa = PBXBuildFile; fileRef = 6EA663A5188C8C2200B0FCBE /* Cinema.m */; };
		6EA663AC188D012200B0FCBE /* BasicMovie.m in Sources */ = {isa = PBXBuildFile; fileRef = 6EA663AB188D012200B0FCBE /* BasicMovie.m */; };
		6EA663B2188D19B400B0FCBE /* Billboard.m in Sources */ = {isa = PBXBuildFile; fileRef = 6EA663B1188D19B400B0FCBE /* Billboard.m */; };
		6EA663B5188D20B700B0FCBE /* MTLModelPersistable.m in Sources */ = {isa = PBXBuildFile; fileRef = 6EA663B4188D20B700B0FCBE /* MTLModelPersistable.m */; };
		6EA663B8188D28A600B0FCBE /* BillboardCell.m in Sources */ = {isa = PBXBuildFile; fileRef = 6EA663B7188D28A600B0FCBE /* BillboardCell.m */; };
		6EA663BE188D297400B0FCBE /* BillboardCell+BasicMovie.m in Sources */ = {isa = PBXBuildFile; fileRef = 6EA663BD188D297400B0FCBE /* BillboardCell+BasicMovie.m */; };
		6EA663C1188D3DA300B0FCBE /* ComingSoonCell2.m in Sources */ = {isa = PBXBuildFile; fileRef = 6EA663C0188D3DA300B0FCBE /* ComingSoonCell2.m */; };
		6EA663C4188D3DD700B0FCBE /* ComingSoonCell2+BasicMovie.m in Sources */ = {isa = PBXBuildFile; fileRef = 6EA663C3188D3DD700B0FCBE /* ComingSoonCell2+BasicMovie.m */; };
		6EA663C7188DB07600B0FCBE /* FunctionCell2.m in Sources */ = {isa = PBXBuildFile; fileRef = 6EA663C6188DB07600B0FCBE /* FunctionCell2.m */; };
		6EA663CA188DB0D300B0FCBE /* FunctionCell2+Function.m in Sources */ = {isa = PBXBuildFile; fileRef = 6EA663C9188DB0D300B0FCBE /* FunctionCell2+Function.m */; };
		6EA663CD188DB21D00B0FCBE /* Function.m in Sources */ = {isa = PBXBuildFile; fileRef = 6EA663CC188DB21D00B0FCBE /* Function.m */; };
		6EA663D9188FD18900B0FCBE /* Movie.m in Sources */ = {isa = PBXBuildFile; fileRef = 6EA663D8188FD18900B0FCBE /* Movie.m */; };
		6EA663DF188FD21100B0FCBE /* Video.m in Sources */ = {isa = PBXBuildFile; fileRef = 6EA663DE188FD21100B0FCBE /* Video.m */; };
		6EA663E2188FD25F00B0FCBE /* Person.m in Sources */ = {isa = PBXBuildFile; fileRef = 6EA663E1188FD25F00B0FCBE /* Person.m */; };
		6EBF1E8518AB265B007B50A5 /* MenuCustomView.xib in Resources */ = {isa = PBXBuildFile; fileRef = 6EBF1E8418AB265B007B50A5 /* MenuCustomView.xib */; };
		6EBF1E9B18AB6642007B50A5 /* AdSupport.framework in Frameworks */ = {isa = PBXBuildFile; fileRef = 6EBF1E9A18AB6642007B50A5 /* AdSupport.framework */; };
		6EBF1E9D18AB664D007B50A5 /* AudioToolbox.framework in Frameworks */ = {isa = PBXBuildFile; fileRef = 6EBF1E9C18AB664D007B50A5 /* AudioToolbox.framework */; };
		6EBF1E9F18AB6653007B50A5 /* AVFoundation.framework in Frameworks */ = {isa = PBXBuildFile; fileRef = 6EBF1E9E18AB6653007B50A5 /* AVFoundation.framework */; };
		6EBF1EA118AB666A007B50A5 /* CoreTelephony.framework in Frameworks */ = {isa = PBXBuildFile; fileRef = 6EBF1EA018AB666A007B50A5 /* CoreTelephony.framework */; };
		6EBF1EA318AB6673007B50A5 /* MessageUI.framework in Frameworks */ = {isa = PBXBuildFile; fileRef = 6EBF1EA218AB6673007B50A5 /* MessageUI.framework */; };
		6EBF1EA518AB667A007B50A5 /* StoreKit.framework in Frameworks */ = {isa = PBXBuildFile; fileRef = 6EBF1EA418AB667A007B50A5 /* StoreKit.framework */; };
		6ECF2FD818B35B0D004621ED /* VideoGroup.m in Sources */ = {isa = PBXBuildFile; fileRef = 6ECF2FD718B35B0D004621ED /* VideoGroup.m */; };
		6ECF2FDB18B37151004621ED /* VideosVC.m in Sources */ = {isa = PBXBuildFile; fileRef = 6ECF2FDA18B37151004621ED /* VideosVC.m */; };
		8E07C1AE18B636000012F10C /* libGoogleAdMobAds.a in Frameworks */ = {isa = PBXBuildFile; fileRef = 8E07C1AD18B636000012F10C /* libGoogleAdMobAds.a */; };
/* End PBXBuildFile section */

/* Begin PBXFileReference section */
		160907B618AABADF000F9FF7 /* iAd.framework */ = {isa = PBXFileReference; lastKnownFileType = wrapper.framework; name = iAd.framework; path = System/Library/Frameworks/iAd.framework; sourceTree = SDKROOT; };
		16158EE717805E57002B6F73 /* Storyboard.storyboard */ = {isa = PBXFileReference; fileEncoding = 4; lastKnownFileType = file.storyboard; path = Storyboard.storyboard; sourceTree = "<group>"; };
		162414A317BC946E00083708 /* Images.xcassets */ = {isa = PBXFileReference; lastKnownFileType = folder.assetcatalog; path = Images.xcassets; sourceTree = "<group>"; };
		1628571D185F607E00DBD491 /* UIView+CH.h */ = {isa = PBXFileReference; fileEncoding = 4; lastKnownFileType = sourcecode.c.h; path = "UIView+CH.h"; sourceTree = "<group>"; };
		1628571E185F607E00DBD491 /* UIView+CH.m */ = {isa = PBXFileReference; fileEncoding = 4; lastKnownFileType = sourcecode.c.objc; path = "UIView+CH.m"; sourceTree = "<group>"; };
		1629F85217FF4EFA001428C1 /* SettingsVC.h */ = {isa = PBXFileReference; fileEncoding = 4; lastKnownFileType = sourcecode.c.h; path = SettingsVC.h; sourceTree = "<group>"; };
		1629F85317FF4EFA001428C1 /* SettingsVC.m */ = {isa = PBXFileReference; fileEncoding = 4; lastKnownFileType = sourcecode.c.objc; path = SettingsVC.m; sourceTree = "<group>"; };
		1639492417F9BA1700AB7DE7 /* CastVC.h */ = {isa = PBXFileReference; fileEncoding = 4; lastKnownFileType = sourcecode.c.h; path = CastVC.h; sourceTree = "<group>"; };
		1639492517F9BA1700AB7DE7 /* CastVC.m */ = {isa = PBXFileReference; fileEncoding = 4; lastKnownFileType = sourcecode.c.objc; path = CastVC.m; sourceTree = "<group>"; };
		163BAB1F1763C34400A81BF7 /* WebVC.h */ = {isa = PBXFileReference; fileEncoding = 4; lastKnownFileType = sourcecode.c.h; path = WebVC.h; sourceTree = "<group>"; };
		163BAB201763C34400A81BF7 /* WebVC.m */ = {isa = PBXFileReference; fileEncoding = 4; lastKnownFileType = sourcecode.c.objc; path = WebVC.m; sourceTree = "<group>"; };
		16547FD618106D8C00B6F24C /* Localizable.strings */ = {isa = PBXFileReference; fileEncoding = 4; lastKnownFileType = text.plist.strings; path = Localizable.strings; sourceTree = "<group>"; };
		16692A36180C7E2B00166885 /* Menu.plist */ = {isa = PBXFileReference; fileEncoding = 4; lastKnownFileType = text.plist.xml; path = Menu.plist; sourceTree = "<group>"; };
		16956FCD17D7E84100355AA7 /* UIFont+CH.h */ = {isa = PBXFileReference; fileEncoding = 4; lastKnownFileType = sourcecode.c.h; path = "UIFont+CH.h"; sourceTree = "<group>"; };
		16956FCE17D7E84100355AA7 /* UIFont+CH.m */ = {isa = PBXFileReference; fileEncoding = 4; lastKnownFileType = sourcecode.c.objc; path = "UIFont+CH.m"; sourceTree = "<group>"; };
		16C7EB55173E0EFF001CF782 /* MovieCinemasVC.h */ = {isa = PBXFileReference; fileEncoding = 4; lastKnownFileType = sourcecode.c.h; path = MovieCinemasVC.h; sourceTree = "<group>"; };
		16C7EB56173E0EFF001CF782 /* MovieCinemasVC.m */ = {isa = PBXFileReference; fileEncoding = 4; lastKnownFileType = sourcecode.c.objc; path = MovieCinemasVC.m; sourceTree = "<group>"; };
		16C8BC6917D4F4EC00EF7390 /* FileHandler.h */ = {isa = PBXFileReference; fileEncoding = 4; lastKnownFileType = sourcecode.c.h; path = FileHandler.h; sourceTree = "<group>"; };
		16C8BC6A17D4F4EC00EF7390 /* FileHandler.m */ = {isa = PBXFileReference; fileEncoding = 4; lastKnownFileType = sourcecode.c.objc; path = FileHandler.m; sourceTree = "<group>"; };
		16CF5BED173A460500973229 /* Cine Horarios.entitlements */ = {isa = PBXFileReference; lastKnownFileType = text.xml; path = "Cine Horarios.entitlements"; sourceTree = "<group>"; };
		16F86ED617DE8F6D00F2722C /* MovieVC.h */ = {isa = PBXFileReference; fileEncoding = 4; lastKnownFileType = sourcecode.c.h; path = MovieVC.h; sourceTree = "<group>"; };
		16F86ED717DE8F6D00F2722C /* MovieVC.m */ = {isa = PBXFileReference; fileEncoding = 4; lastKnownFileType = sourcecode.c.objc; path = MovieVC.m; sourceTree = "<group>"; };
		16FE20FE240A4851B2B1F69C /* Pods.xcconfig */ = {isa = PBXFileReference; includeInIndex = 1; lastKnownFileType = text.xcconfig; name = Pods.xcconfig; path = Pods/Pods.xcconfig; sourceTree = SOURCE_ROOT; };
		3D00E5BE170DDB2400C7DAAE /* TheatersVC.h */ = {isa = PBXFileReference; fileEncoding = 4; lastKnownFileType = sourcecode.c.h; path = TheatersVC.h; sourceTree = "<group>"; };
		3D00E5BF170DDB2400C7DAAE /* TheatersVC.m */ = {isa = PBXFileReference; fileEncoding = 4; lastKnownFileType = sourcecode.c.objc; lineEnding = 0; path = TheatersVC.m; sourceTree = "<group>"; xcLanguageSpecificationIdentifier = xcode.lang.objc; };
		3D086041173B08CB0047B90A /* FavoritesVC.h */ = {isa = PBXFileReference; fileEncoding = 4; lastKnownFileType = sourcecode.c.h; path = FavoritesVC.h; sourceTree = "<group>"; };
		3D086042173B08CB0047B90A /* FavoritesVC.m */ = {isa = PBXFileReference; fileEncoding = 4; lastKnownFileType = sourcecode.c.objc; lineEnding = 0; path = FavoritesVC.m; sourceTree = "<group>"; xcLanguageSpecificationIdentifier = xcode.lang.objc; };
		3D111A4C170C92250043D2D2 /* CineHorariosApiClient.h */ = {isa = PBXFileReference; lastKnownFileType = sourcecode.c.h; path = CineHorariosApiClient.h; sourceTree = "<group>"; };
		3D111A4D170C92250043D2D2 /* CineHorariosApiClient.m */ = {isa = PBXFileReference; lastKnownFileType = sourcecode.c.objc; path = CineHorariosApiClient.m; sourceTree = "<group>"; };
		3D12FF8018110E0300BDA8FB /* UIImageView+CH.h */ = {isa = PBXFileReference; fileEncoding = 4; lastKnownFileType = sourcecode.c.h; path = "UIImageView+CH.h"; sourceTree = "<group>"; };
		3D12FF8118110E0300BDA8FB /* UIImageView+CH.m */ = {isa = PBXFileReference; fileEncoding = 4; lastKnownFileType = sourcecode.c.objc; path = "UIImageView+CH.m"; sourceTree = "<group>"; };
		3D1318B417F06866005B249C /* Info.plist */ = {isa = PBXFileReference; fileEncoding = 4; lastKnownFileType = text.plist.xml; path = Info.plist; sourceTree = "<group>"; };
		3D26BDCF1743EE3900A2FCC5 /* CarteleraVC.h */ = {isa = PBXFileReference; fileEncoding = 4; lastKnownFileType = sourcecode.c.h; path = CarteleraVC.h; sourceTree = "<group>"; };
		3D26BDD01743EE3900A2FCC5 /* CarteleraVC.m */ = {isa = PBXFileReference; fileEncoding = 4; lastKnownFileType = sourcecode.c.objc; lineEnding = 0; path = CarteleraVC.m; sourceTree = "<group>"; xcLanguageSpecificationIdentifier = xcode.lang.objc; };
		3D29981417E5AA28001A371D /* UIKit.framework */ = {isa = PBXFileReference; lastKnownFileType = wrapper.framework; name = UIKit.framework; path = System/Library/Frameworks/UIKit.framework; sourceTree = SDKROOT; };
		3D29981617E5AA33001A371D /* SystemConfiguration.framework */ = {isa = PBXFileReference; lastKnownFileType = wrapper.framework; name = SystemConfiguration.framework; path = System/Library/Frameworks/SystemConfiguration.framework; sourceTree = SDKROOT; };
		3D29981817E5AA46001A371D /* QuartzCore.framework */ = {isa = PBXFileReference; lastKnownFileType = wrapper.framework; name = QuartzCore.framework; path = System/Library/Frameworks/QuartzCore.framework; sourceTree = SDKROOT; };
		3D29986817E5E29C001A371D /* MovieImagesVC.h */ = {isa = PBXFileReference; fileEncoding = 4; lastKnownFileType = sourcecode.c.h; path = MovieImagesVC.h; sourceTree = "<group>"; };
		3D29986917E5E29C001A371D /* MovieImagesVC.m */ = {isa = PBXFileReference; fileEncoding = 4; lastKnownFileType = sourcecode.c.objc; path = MovieImagesVC.m; sourceTree = "<group>"; };
		3D309A2717A85DBC00BB5D13 /* UIColor+CH.h */ = {isa = PBXFileReference; fileEncoding = 4; lastKnownFileType = sourcecode.c.h; path = "UIColor+CH.h"; sourceTree = "<group>"; };
		3D309A2817A85DBC00BB5D13 /* UIColor+CH.m */ = {isa = PBXFileReference; fileEncoding = 4; lastKnownFileType = sourcecode.c.objc; path = "UIColor+CH.m"; sourceTree = "<group>"; };
		3D309A2A17A8674000BB5D13 /* UIImage+CH.h */ = {isa = PBXFileReference; fileEncoding = 4; lastKnownFileType = sourcecode.c.h; path = "UIImage+CH.h"; sourceTree = "<group>"; };
		3D309A2B17A8674000BB5D13 /* UIImage+CH.m */ = {isa = PBXFileReference; fileEncoding = 4; lastKnownFileType = sourcecode.c.objc; path = "UIImage+CH.m"; sourceTree = "<group>"; };
		3D39B91317208DC70011DF39 /* ComingSoonVC.h */ = {isa = PBXFileReference; fileEncoding = 4; lastKnownFileType = sourcecode.c.h; path = ComingSoonVC.h; sourceTree = "<group>"; };
		3D39B91417208DC70011DF39 /* ComingSoonVC.m */ = {isa = PBXFileReference; fileEncoding = 4; lastKnownFileType = sourcecode.c.objc; lineEnding = 0; path = ComingSoonVC.m; sourceTree = "<group>"; xcLanguageSpecificationIdentifier = xcode.lang.objc; };
		3D3FA6EB174D91C90067AE57 /* VideoVC.h */ = {isa = PBXFileReference; fileEncoding = 4; lastKnownFileType = sourcecode.c.h; path = VideoVC.h; sourceTree = "<group>"; };
		3D3FA6EC174D91CB0067AE57 /* VideoVC.m */ = {isa = PBXFileReference; fileEncoding = 4; lastKnownFileType = sourcecode.c.objc; path = VideoVC.m; sourceTree = "<group>"; };
		3D4A191717EFA4A200893A65 /* GlobalNavigationController.h */ = {isa = PBXFileReference; fileEncoding = 4; lastKnownFileType = sourcecode.c.h; path = GlobalNavigationController.h; sourceTree = "<group>"; };
		3D4A191817EFA4A200893A65 /* GlobalNavigationController.m */ = {isa = PBXFileReference; fileEncoding = 4; lastKnownFileType = sourcecode.c.objc; path = GlobalNavigationController.m; sourceTree = "<group>"; };
		3D521E1817443FDF009ED580 /* CinesVC.h */ = {isa = PBXFileReference; fileEncoding = 4; lastKnownFileType = sourcecode.c.h; path = CinesVC.h; sourceTree = "<group>"; };
		3D521E1917443FE0009ED580 /* CinesVC.m */ = {isa = PBXFileReference; fileEncoding = 4; lastKnownFileType = sourcecode.c.objc; path = CinesVC.m; sourceTree = "<group>"; };
		3D521E1D17445DD2009ED580 /* FuncionesVC.h */ = {isa = PBXFileReference; fileEncoding = 4; lastKnownFileType = sourcecode.c.h; path = FuncionesVC.h; sourceTree = "<group>"; };
		3D521E1E17445DD4009ED580 /* FuncionesVC.m */ = {isa = PBXFileReference; fileEncoding = 4; lastKnownFileType = sourcecode.c.objc; lineEnding = 0; path = FuncionesVC.m; sourceTree = "<group>"; xcLanguageSpecificationIdentifier = xcode.lang.objc; };
		3D6F663817E54A7600BEE481 /* MyMultilineLabel.h */ = {isa = PBXFileReference; fileEncoding = 4; lastKnownFileType = sourcecode.c.h; path = MyMultilineLabel.h; sourceTree = "<group>"; };
		3D6F663917E54A7600BEE481 /* MyMultilineLabel.m */ = {isa = PBXFileReference; fileEncoding = 4; lastKnownFileType = sourcecode.c.objc; path = MyMultilineLabel.m; sourceTree = "<group>"; };
		3D813399177E3D95006A017C /* CineHorariosTableViewController.h */ = {isa = PBXFileReference; fileEncoding = 4; lastKnownFileType = sourcecode.c.h; path = CineHorariosTableViewController.h; sourceTree = "<group>"; };
		3D81339A177E3D95006A017C /* CineHorariosTableViewController.m */ = {isa = PBXFileReference; fileEncoding = 4; lastKnownFileType = sourcecode.c.objc; lineEnding = 0; path = CineHorariosTableViewController.m; sourceTree = "<group>"; xcLanguageSpecificationIdentifier = xcode.lang.objc; };
		3D881271175CD9E30034FDA9 /* MovieFunctionsVC.h */ = {isa = PBXFileReference; fileEncoding = 4; lastKnownFileType = sourcecode.c.h; path = MovieFunctionsVC.h; sourceTree = "<group>"; };
		3D881272175CD9E30034FDA9 /* MovieFunctionsVC.m */ = {isa = PBXFileReference; fileEncoding = 4; lastKnownFileType = sourcecode.c.objc; path = MovieFunctionsVC.m; sourceTree = "<group>"; };
		3DA91D34174144A200E3AFB0 /* icloud.plist */ = {isa = PBXFileReference; fileEncoding = 4; lastKnownFileType = text.plist.xml; path = icloud.plist; sourceTree = "<group>"; };
		3DDB7100170A516B00EC3E51 /* Cine Horarios.app */ = {isa = PBXFileReference; explicitFileType = wrapper.application; includeInIndex = 0; path = "Cine Horarios.app"; sourceTree = BUILT_PRODUCTS_DIR; };
		3DDB7106170A516B00EC3E51 /* Foundation.framework */ = {isa = PBXFileReference; lastKnownFileType = wrapper.framework; name = Foundation.framework; path = System/Library/Frameworks/Foundation.framework; sourceTree = SDKROOT; };
		3DDB7108170A516B00EC3E51 /* CoreGraphics.framework */ = {isa = PBXFileReference; lastKnownFileType = wrapper.framework; name = CoreGraphics.framework; path = System/Library/Frameworks/CoreGraphics.framework; sourceTree = SDKROOT; };
		3DDB7110170A516B00EC3E51 /* main.m */ = {isa = PBXFileReference; lastKnownFileType = sourcecode.c.objc; path = main.m; sourceTree = "<group>"; };
		3DDB7112170A516B00EC3E51 /* Cine Horarios-Prefix.pch */ = {isa = PBXFileReference; lastKnownFileType = sourcecode.c.h; path = "Cine Horarios-Prefix.pch"; sourceTree = "<group>"; };
		3DDB7113170A516B00EC3E51 /* AppDelegate.h */ = {isa = PBXFileReference; lastKnownFileType = sourcecode.c.h; path = AppDelegate.h; sourceTree = "<group>"; };
		3DDB7114170A516B00EC3E51 /* AppDelegate.m */ = {isa = PBXFileReference; lastKnownFileType = sourcecode.c.objc; path = AppDelegate.m; sourceTree = "<group>"; };
		3DDD5AEE18020C8700720ABD /* Cinemas.plist */ = {isa = PBXFileReference; fileEncoding = 4; lastKnownFileType = text.plist.xml; path = Cinemas.plist; sourceTree = "<group>"; };
		6E2DD19618AC141500FD6386 /* UIViewController+DoAlertView.m */ = {isa = PBXFileReference; fileEncoding = 4; lastKnownFileType = sourcecode.c.objc; path = "UIViewController+DoAlertView.m"; sourceTree = "<group>"; };
		6E2DD19718AC141500FD6386 /* UIViewController+DoAlertView.h */ = {isa = PBXFileReference; fileEncoding = 4; lastKnownFileType = sourcecode.c.h; path = "UIViewController+DoAlertView.h"; sourceTree = "<group>"; };
		6E4BAA7218849D6A00E37DAF /* UIImage+ResizeMagick.h */ = {isa = PBXFileReference; fileEncoding = 4; lastKnownFileType = sourcecode.c.h; path = "UIImage+ResizeMagick.h"; sourceTree = "<group>"; };
		6E4BAA7318849D6A00E37DAF /* UIImage+ResizeMagick.m */ = {isa = PBXFileReference; fileEncoding = 4; lastKnownFileType = sourcecode.c.objc; path = "UIImage+ResizeMagick.m"; sourceTree = "<group>"; };
		6E4BAA751884A49600E37DAF /* check_black@2x.png */ = {isa = PBXFileReference; lastKnownFileType = image.png; path = "check_black@2x.png"; sourceTree = "<group>"; };
		6E4BAA761884A49600E37DAF /* check@2x.png */ = {isa = PBXFileReference; lastKnownFileType = image.png; path = "check@2x.png"; sourceTree = "<group>"; };
		6E4BAA771884A49600E37DAF /* close_black@2x.png */ = {isa = PBXFileReference; lastKnownFileType = image.png; path = "close_black@2x.png"; sourceTree = "<group>"; };
		6E4BAA781884A49700E37DAF /* close@2x.png */ = {isa = PBXFileReference; lastKnownFileType = image.png; path = "close@2x.png"; sourceTree = "<group>"; };
		6E4BAA791884A49700E37DAF /* check_black.png */ = {isa = PBXFileReference; lastKnownFileType = image.png; path = check_black.png; sourceTree = "<group>"; };
		6E4BAA7A1884A49700E37DAF /* check.png */ = {isa = PBXFileReference; lastKnownFileType = image.png; path = check.png; sourceTree = "<group>"; };
		6E4BAA7B1884A49700E37DAF /* close_black.png */ = {isa = PBXFileReference; lastKnownFileType = image.png; path = close_black.png; sourceTree = "<group>"; };
		6E4BAA7C1884A49700E37DAF /* close.png */ = {isa = PBXFileReference; lastKnownFileType = image.png; path = close.png; sourceTree = "<group>"; };
		6E4F88971896829000A9CC4F /* RFRateMe.h */ = {isa = PBXFileReference; fileEncoding = 4; lastKnownFileType = sourcecode.c.h; path = RFRateMe.h; sourceTree = "<group>"; };
		6E4F88981896829000A9CC4F /* RFRateMe.m */ = {isa = PBXFileReference; fileEncoding = 4; lastKnownFileType = sourcecode.c.objc; path = RFRateMe.m; sourceTree = "<group>"; };
		6E4F88991896829000A9CC4F /* UIAlertView+NSCookbook.h */ = {isa = PBXFileReference; fileEncoding = 4; lastKnownFileType = sourcecode.c.h; path = "UIAlertView+NSCookbook.h"; sourceTree = "<group>"; };
		6E4F889A1896829000A9CC4F /* UIAlertView+NSCookbook.m */ = {isa = PBXFileReference; fileEncoding = 4; lastKnownFileType = sourcecode.c.objc; path = "UIAlertView+NSCookbook.m"; sourceTree = "<group>"; };
		6E56CC03188BA56C000AB809 /* Theater.h */ = {isa = PBXFileReference; fileEncoding = 4; lastKnownFileType = sourcecode.c.h; path = Theater.h; sourceTree = "<group>"; };
		6E56CC04188BA56C000AB809 /* Theater.m */ = {isa = PBXFileReference; fileEncoding = 4; lastKnownFileType = sourcecode.c.objc; path = Theater.m; sourceTree = "<group>"; };
		6E56CC06188BAD56000AB809 /* NSArray+FKBMap.h */ = {isa = PBXFileReference; fileEncoding = 4; lastKnownFileType = sourcecode.c.h; path = "NSArray+FKBMap.h"; sourceTree = "<group>"; };
		6E56CC07188BAD56000AB809 /* NSArray+FKBMap.m */ = {isa = PBXFileReference; fileEncoding = 4; lastKnownFileType = sourcecode.c.objc; path = "NSArray+FKBMap.m"; sourceTree = "<group>"; };
		6E56CC09188BBC0E000AB809 /* ArrayDataSource.h */ = {isa = PBXFileReference; fileEncoding = 4; lastKnownFileType = sourcecode.c.h; path = ArrayDataSource.h; sourceTree = "<group>"; };
		6E56CC0A188BBC0E000AB809 /* ArrayDataSource.m */ = {isa = PBXFileReference; fileEncoding = 4; lastKnownFileType = sourcecode.c.objc; path = ArrayDataSource.m; sourceTree = "<group>"; };
		6E56CC0F188BBE7D000AB809 /* BasicCell.h */ = {isa = PBXFileReference; fileEncoding = 4; lastKnownFileType = sourcecode.c.h; path = BasicCell.h; sourceTree = "<group>"; };
		6E56CC10188BBE7D000AB809 /* BasicCell.m */ = {isa = PBXFileReference; fileEncoding = 4; lastKnownFileType = sourcecode.c.objc; path = BasicCell.m; sourceTree = "<group>"; };
		6E56CC13188BC735000AB809 /* BasicCell+Theater.h */ = {isa = PBXFileReference; fileEncoding = 4; lastKnownFileType = sourcecode.c.h; path = "BasicCell+Theater.h"; sourceTree = "<group>"; };
		6E56CC14188BC735000AB809 /* BasicCell+Theater.m */ = {isa = PBXFileReference; fileEncoding = 4; lastKnownFileType = sourcecode.c.objc; path = "BasicCell+Theater.m"; sourceTree = "<group>"; };
		6E57396418273C9900ADB8D9 /* MapKit.framework */ = {isa = PBXFileReference; lastKnownFileType = wrapper.framework; name = MapKit.framework; path = System/Library/Frameworks/MapKit.framework; sourceTree = SDKROOT; };
		6E57396618273D3400ADB8D9 /* CloseTheatersVC.h */ = {isa = PBXFileReference; fileEncoding = 4; lastKnownFileType = sourcecode.c.h; path = CloseTheatersVC.h; sourceTree = "<group>"; };
		6E57396718273D3400ADB8D9 /* CloseTheatersVC.m */ = {isa = PBXFileReference; fileEncoding = 4; lastKnownFileType = sourcecode.c.objc; path = CloseTheatersVC.m; sourceTree = "<group>"; };
		6E57396C182755A300ADB8D9 /* CoreLocation.framework */ = {isa = PBXFileReference; lastKnownFileType = wrapper.framework; name = CoreLocation.framework; path = System/Library/Frameworks/CoreLocation.framework; sourceTree = SDKROOT; };
		6E65BA6A18B3EA3A00B16F9A /* GADAdMobExtras.h */ = {isa = PBXFileReference; fileEncoding = 4; lastKnownFileType = sourcecode.c.h; path = GADAdMobExtras.h; sourceTree = "<group>"; };
		6E65BA6B18B3EA3A00B16F9A /* GADAdNetworkExtras.h */ = {isa = PBXFileReference; fileEncoding = 4; lastKnownFileType = sourcecode.c.h; path = GADAdNetworkExtras.h; sourceTree = "<group>"; };
		6E65BA6C18B3EA3A00B16F9A /* GADAdSize.h */ = {isa = PBXFileReference; fileEncoding = 4; lastKnownFileType = sourcecode.c.h; path = GADAdSize.h; sourceTree = "<group>"; };
		6E65BA6D18B3EA3A00B16F9A /* GADBannerView.h */ = {isa = PBXFileReference; fileEncoding = 4; lastKnownFileType = sourcecode.c.h; path = GADBannerView.h; sourceTree = "<group>"; };
		6E65BA6E18B3EA3A00B16F9A /* GADBannerViewDelegate.h */ = {isa = PBXFileReference; fileEncoding = 4; lastKnownFileType = sourcecode.c.h; path = GADBannerViewDelegate.h; sourceTree = "<group>"; };
		6E65BA6F18B3EA3A00B16F9A /* GADInterstitial.h */ = {isa = PBXFileReference; fileEncoding = 4; lastKnownFileType = sourcecode.c.h; path = GADInterstitial.h; sourceTree = "<group>"; };
		6E65BA7018B3EA3A00B16F9A /* GADInterstitialDelegate.h */ = {isa = PBXFileReference; fileEncoding = 4; lastKnownFileType = sourcecode.c.h; path = GADInterstitialDelegate.h; sourceTree = "<group>"; };
		6E65BA7118B3EA3A00B16F9A /* GADRequest.h */ = {isa = PBXFileReference; fileEncoding = 4; lastKnownFileType = sourcecode.c.h; path = GADRequest.h; sourceTree = "<group>"; };
		6E65BA7218B3EA3A00B16F9A /* GADRequestError.h */ = {isa = PBXFileReference; fileEncoding = 4; lastKnownFileType = sourcecode.c.h; path = GADRequestError.h; sourceTree = "<group>"; };
		6E65BA7418B3EA3A00B16F9A /* README.txt */ = {isa = PBXFileReference; fileEncoding = 4; lastKnownFileType = text; path = README.txt; sourceTree = "<group>"; };
		6E65BA7718B3EB7600B16F9A /* VideoCell.h */ = {isa = PBXFileReference; fileEncoding = 4; lastKnownFileType = sourcecode.c.h; path = VideoCell.h; sourceTree = "<group>"; };
		6E65BA7818B3EB7600B16F9A /* VideoCell.m */ = {isa = PBXFileReference; fileEncoding = 4; lastKnownFileType = sourcecode.c.objc; path = VideoCell.m; sourceTree = "<group>"; };
		6E65BA7A18B3EC0D00B16F9A /* VideoCell+Video.h */ = {isa = PBXFileReference; fileEncoding = 4; lastKnownFileType = sourcecode.c.h; path = "VideoCell+Video.h"; sourceTree = "<group>"; };
		6E65BA7B18B3EC0D00B16F9A /* VideoCell+Video.m */ = {isa = PBXFileReference; fileEncoding = 4; lastKnownFileType = sourcecode.c.objc; path = "VideoCell+Video.m"; sourceTree = "<group>"; };
		6E723B601890BA49009DC5BE /* BasicItem.h */ = {isa = PBXFileReference; fileEncoding = 4; lastKnownFileType = sourcecode.c.h; path = BasicItem.h; sourceTree = "<group>"; };
		6E723B611890BA4A009DC5BE /* BasicItem.m */ = {isa = PBXFileReference; fileEncoding = 4; lastKnownFileType = sourcecode.c.objc; path = BasicItem.m; sourceTree = "<group>"; };
		6E723B631890BA8A009DC5BE /* BasicItemImage.h */ = {isa = PBXFileReference; fileEncoding = 4; lastKnownFileType = sourcecode.c.h; path = BasicItemImage.h; sourceTree = "<group>"; };
		6E723B641890BA8A009DC5BE /* BasicItemImage.m */ = {isa = PBXFileReference; fileEncoding = 4; lastKnownFileType = sourcecode.c.objc; path = BasicItemImage.m; sourceTree = "<group>"; };
		6E723B691891011D009DC5BE /* MovieImageCell.h */ = {isa = PBXFileReference; fileEncoding = 4; lastKnownFileType = sourcecode.c.h; path = MovieImageCell.h; sourceTree = "<group>"; };
		6E723B6A1891011D009DC5BE /* MovieImageCell.m */ = {isa = PBXFileReference; fileEncoding = 4; lastKnownFileType = sourcecode.c.objc; path = MovieImageCell.m; sourceTree = "<group>"; };
		6E723B6C189101A9009DC5BE /* MovieImageCell+MovieImage.h */ = {isa = PBXFileReference; fileEncoding = 4; lastKnownFileType = sourcecode.c.h; path = "MovieImageCell+MovieImage.h"; sourceTree = "<group>"; };
		6E723B6D189101A9009DC5BE /* MovieImageCell+MovieImage.m */ = {isa = PBXFileReference; fileEncoding = 4; lastKnownFileType = sourcecode.c.objc; path = "MovieImageCell+MovieImage.m"; sourceTree = "<group>"; };
		6E723B6F18910472009DC5BE /* MovieCastCell.h */ = {isa = PBXFileReference; fileEncoding = 4; lastKnownFileType = sourcecode.c.h; path = MovieCastCell.h; sourceTree = "<group>"; };
		6E723B7018910472009DC5BE /* MovieCastCell.m */ = {isa = PBXFileReference; fileEncoding = 4; lastKnownFileType = sourcecode.c.objc; path = MovieCastCell.m; sourceTree = "<group>"; };
		6E723B7218910499009DC5BE /* MovieCastCell+Person.h */ = {isa = PBXFileReference; fileEncoding = 4; lastKnownFileType = sourcecode.c.h; path = "MovieCastCell+Person.h"; sourceTree = "<group>"; };
		6E723B7318910499009DC5BE /* MovieCastCell+Person.m */ = {isa = PBXFileReference; fileEncoding = 4; lastKnownFileType = sourcecode.c.objc; path = "MovieCastCell+Person.m"; sourceTree = "<group>"; };
		6E723B7518910C5F009DC5BE /* CastActorCell.h */ = {isa = PBXFileReference; fileEncoding = 4; lastKnownFileType = sourcecode.c.h; path = CastActorCell.h; sourceTree = "<group>"; };
		6E723B7618910C5F009DC5BE /* CastActorCell.m */ = {isa = PBXFileReference; fileEncoding = 4; lastKnownFileType = sourcecode.c.objc; path = CastActorCell.m; sourceTree = "<group>"; };
		6E723B7818910CC4009DC5BE /* CastActorCell+Person.h */ = {isa = PBXFileReference; fileEncoding = 4; lastKnownFileType = sourcecode.c.h; path = "CastActorCell+Person.h"; sourceTree = "<group>"; };
		6E723B7918910CC4009DC5BE /* CastActorCell+Person.m */ = {isa = PBXFileReference; fileEncoding = 4; lastKnownFileType = sourcecode.c.objc; path = "CastActorCell+Person.m"; sourceTree = "<group>"; };
		6E723B7B18910F8D009DC5BE /* CastDirectorCell.h */ = {isa = PBXFileReference; fileEncoding = 4; lastKnownFileType = sourcecode.c.h; path = CastDirectorCell.h; sourceTree = "<group>"; };
		6E723B7C18910F8D009DC5BE /* CastDirectorCell.m */ = {isa = PBXFileReference; fileEncoding = 4; lastKnownFileType = sourcecode.c.objc; path = CastDirectorCell.m; sourceTree = "<group>"; };
		6E723B7E18910FAF009DC5BE /* CastDirectorCell+Person.h */ = {isa = PBXFileReference; fileEncoding = 4; lastKnownFileType = sourcecode.c.h; path = "CastDirectorCell+Person.h"; sourceTree = "<group>"; };
		6E723B7F18910FAF009DC5BE /* CastDirectorCell+Person.m */ = {isa = PBXFileReference; fileEncoding = 4; lastKnownFileType = sourcecode.c.objc; path = "CastDirectorCell+Person.m"; sourceTree = "<group>"; };
		6E723B81189112AD009DC5BE /* Cast.h */ = {isa = PBXFileReference; fileEncoding = 4; lastKnownFileType = sourcecode.c.h; path = Cast.h; sourceTree = "<group>"; };
		6E723B82189112AD009DC5BE /* Cast.m */ = {isa = PBXFileReference; fileEncoding = 4; lastKnownFileType = sourcecode.c.objc; path = Cast.m; sourceTree = "<group>"; };
		6E723B8418913BFF009DC5BE /* AnnotationGroup.h */ = {isa = PBXFileReference; fileEncoding = 4; lastKnownFileType = sourcecode.c.h; path = AnnotationGroup.h; sourceTree = "<group>"; };
		6E723B8518913BFF009DC5BE /* AnnotationGroup.m */ = {isa = PBXFileReference; fileEncoding = 4; lastKnownFileType = sourcecode.c.objc; path = AnnotationGroup.m; sourceTree = "<group>"; };
		6E723B8718913C4A009DC5BE /* AnnotationTheater.h */ = {isa = PBXFileReference; fileEncoding = 4; lastKnownFileType = sourcecode.c.h; path = AnnotationTheater.h; sourceTree = "<group>"; };
		6E723B8818913C4A009DC5BE /* AnnotationTheater.m */ = {isa = PBXFileReference; fileEncoding = 4; lastKnownFileType = sourcecode.c.objc; path = AnnotationTheater.m; sourceTree = "<group>"; };
		6E8686F6188703E4003A91B0 /* DoAlertView.h */ = {isa = PBXFileReference; fileEncoding = 4; lastKnownFileType = sourcecode.c.h; path = DoAlertView.h; sourceTree = "<group>"; };
		6E8686F7188703E4003A91B0 /* DoAlertView.m */ = {isa = PBXFileReference; fileEncoding = 4; lastKnownFileType = sourcecode.c.objc; path = DoAlertView.m; sourceTree = "<group>"; };
		6EA663A4188C8C2200B0FCBE /* Cinema.h */ = {isa = PBXFileReference; fileEncoding = 4; lastKnownFileType = sourcecode.c.h; path = Cinema.h; sourceTree = "<group>"; };
		6EA663A5188C8C2200B0FCBE /* Cinema.m */ = {isa = PBXFileReference; fileEncoding = 4; lastKnownFileType = sourcecode.c.objc; path = Cinema.m; sourceTree = "<group>"; };
		6EA663AA188D012200B0FCBE /* BasicMovie.h */ = {isa = PBXFileReference; fileEncoding = 4; lastKnownFileType = sourcecode.c.h; path = BasicMovie.h; sourceTree = "<group>"; };
		6EA663AB188D012200B0FCBE /* BasicMovie.m */ = {isa = PBXFileReference; fileEncoding = 4; lastKnownFileType = sourcecode.c.objc; path = BasicMovie.m; sourceTree = "<group>"; };
		6EA663B0188D19B400B0FCBE /* Billboard.h */ = {isa = PBXFileReference; fileEncoding = 4; lastKnownFileType = sourcecode.c.h; path = Billboard.h; sourceTree = "<group>"; };
		6EA663B1188D19B400B0FCBE /* Billboard.m */ = {isa = PBXFileReference; fileEncoding = 4; lastKnownFileType = sourcecode.c.objc; path = Billboard.m; sourceTree = "<group>"; };
		6EA663B3188D20B700B0FCBE /* MTLModelPersistable.h */ = {isa = PBXFileReference; fileEncoding = 4; lastKnownFileType = sourcecode.c.h; path = MTLModelPersistable.h; sourceTree = "<group>"; };
		6EA663B4188D20B700B0FCBE /* MTLModelPersistable.m */ = {isa = PBXFileReference; fileEncoding = 4; lastKnownFileType = sourcecode.c.objc; path = MTLModelPersistable.m; sourceTree = "<group>"; };
		6EA663B6188D28A600B0FCBE /* BillboardCell.h */ = {isa = PBXFileReference; fileEncoding = 4; lastKnownFileType = sourcecode.c.h; path = BillboardCell.h; sourceTree = "<group>"; };
		6EA663B7188D28A600B0FCBE /* BillboardCell.m */ = {isa = PBXFileReference; fileEncoding = 4; lastKnownFileType = sourcecode.c.objc; path = BillboardCell.m; sourceTree = "<group>"; };
		6EA663BC188D297400B0FCBE /* BillboardCell+BasicMovie.h */ = {isa = PBXFileReference; fileEncoding = 4; lastKnownFileType = sourcecode.c.h; path = "BillboardCell+BasicMovie.h"; sourceTree = "<group>"; };
		6EA663BD188D297400B0FCBE /* BillboardCell+BasicMovie.m */ = {isa = PBXFileReference; fileEncoding = 4; lastKnownFileType = sourcecode.c.objc; path = "BillboardCell+BasicMovie.m"; sourceTree = "<group>"; };
		6EA663BF188D3DA300B0FCBE /* ComingSoonCell2.h */ = {isa = PBXFileReference; fileEncoding = 4; lastKnownFileType = sourcecode.c.h; path = ComingSoonCell2.h; sourceTree = "<group>"; };
		6EA663C0188D3DA300B0FCBE /* ComingSoonCell2.m */ = {isa = PBXFileReference; fileEncoding = 4; lastKnownFileType = sourcecode.c.objc; path = ComingSoonCell2.m; sourceTree = "<group>"; };
		6EA663C2188D3DD700B0FCBE /* ComingSoonCell2+BasicMovie.h */ = {isa = PBXFileReference; fileEncoding = 4; lastKnownFileType = sourcecode.c.h; path = "ComingSoonCell2+BasicMovie.h"; sourceTree = "<group>"; };
		6EA663C3188D3DD700B0FCBE /* ComingSoonCell2+BasicMovie.m */ = {isa = PBXFileReference; fileEncoding = 4; lastKnownFileType = sourcecode.c.objc; path = "ComingSoonCell2+BasicMovie.m"; sourceTree = "<group>"; };
		6EA663C5188DB07600B0FCBE /* FunctionCell2.h */ = {isa = PBXFileReference; fileEncoding = 4; lastKnownFileType = sourcecode.c.h; path = FunctionCell2.h; sourceTree = "<group>"; };
		6EA663C6188DB07600B0FCBE /* FunctionCell2.m */ = {isa = PBXFileReference; fileEncoding = 4; lastKnownFileType = sourcecode.c.objc; path = FunctionCell2.m; sourceTree = "<group>"; };
		6EA663C8188DB0D300B0FCBE /* FunctionCell2+Function.h */ = {isa = PBXFileReference; fileEncoding = 4; lastKnownFileType = sourcecode.c.h; path = "FunctionCell2+Function.h"; sourceTree = "<group>"; };
		6EA663C9188DB0D300B0FCBE /* FunctionCell2+Function.m */ = {isa = PBXFileReference; fileEncoding = 4; lastKnownFileType = sourcecode.c.objc; path = "FunctionCell2+Function.m"; sourceTree = "<group>"; };
		6EA663CB188DB21D00B0FCBE /* Function.h */ = {isa = PBXFileReference; fileEncoding = 4; lastKnownFileType = sourcecode.c.h; path = Function.h; sourceTree = "<group>"; };
		6EA663CC188DB21D00B0FCBE /* Function.m */ = {isa = PBXFileReference; fileEncoding = 4; lastKnownFileType = sourcecode.c.objc; path = Function.m; sourceTree = "<group>"; };
		6EA663D7188FD18900B0FCBE /* Movie.h */ = {isa = PBXFileReference; fileEncoding = 4; lastKnownFileType = sourcecode.c.h; path = Movie.h; sourceTree = "<group>"; };
		6EA663D8188FD18900B0FCBE /* Movie.m */ = {isa = PBXFileReference; fileEncoding = 4; lastKnownFileType = sourcecode.c.objc; path = Movie.m; sourceTree = "<group>"; };
		6EA663DD188FD21100B0FCBE /* Video.h */ = {isa = PBXFileReference; fileEncoding = 4; lastKnownFileType = sourcecode.c.h; path = Video.h; sourceTree = "<group>"; };
		6EA663DE188FD21100B0FCBE /* Video.m */ = {isa = PBXFileReference; fileEncoding = 4; lastKnownFileType = sourcecode.c.objc; path = Video.m; sourceTree = "<group>"; };
		6EA663E0188FD25F00B0FCBE /* Person.h */ = {isa = PBXFileReference; fileEncoding = 4; lastKnownFileType = sourcecode.c.h; path = Person.h; sourceTree = "<group>"; };
		6EA663E1188FD25F00B0FCBE /* Person.m */ = {isa = PBXFileReference; fileEncoding = 4; lastKnownFileType = sourcecode.c.objc; path = Person.m; sourceTree = "<group>"; };
		6EBF1E8418AB265B007B50A5 /* MenuCustomView.xib */ = {isa = PBXFileReference; fileEncoding = 4; lastKnownFileType = file.xib; path = MenuCustomView.xib; sourceTree = "<group>"; };
		6EBF1E9A18AB6642007B50A5 /* AdSupport.framework */ = {isa = PBXFileReference; lastKnownFileType = wrapper.framework; name = AdSupport.framework; path = System/Library/Frameworks/AdSupport.framework; sourceTree = SDKROOT; };
		6EBF1E9C18AB664D007B50A5 /* AudioToolbox.framework */ = {isa = PBXFileReference; lastKnownFileType = wrapper.framework; name = AudioToolbox.framework; path = System/Library/Frameworks/AudioToolbox.framework; sourceTree = SDKROOT; };
		6EBF1E9E18AB6653007B50A5 /* AVFoundation.framework */ = {isa = PBXFileReference; lastKnownFileType = wrapper.framework; name = AVFoundation.framework; path = System/Library/Frameworks/AVFoundation.framework; sourceTree = SDKROOT; };
		6EBF1EA018AB666A007B50A5 /* CoreTelephony.framework */ = {isa = PBXFileReference; lastKnownFileType = wrapper.framework; name = CoreTelephony.framework; path = System/Library/Frameworks/CoreTelephony.framework; sourceTree = SDKROOT; };
		6EBF1EA218AB6673007B50A5 /* MessageUI.framework */ = {isa = PBXFileReference; lastKnownFileType = wrapper.framework; name = MessageUI.framework; path = System/Library/Frameworks/MessageUI.framework; sourceTree = SDKROOT; };
		6EBF1EA418AB667A007B50A5 /* StoreKit.framework */ = {isa = PBXFileReference; lastKnownFileType = wrapper.framework; name = StoreKit.framework; path = System/Library/Frameworks/StoreKit.framework; sourceTree = SDKROOT; };
		6ECF2FD618B35B0D004621ED /* VideoGroup.h */ = {isa = PBXFileReference; fileEncoding = 4; lastKnownFileType = sourcecode.c.h; path = VideoGroup.h; sourceTree = "<group>"; };
		6ECF2FD718B35B0D004621ED /* VideoGroup.m */ = {isa = PBXFileReference; fileEncoding = 4; lastKnownFileType = sourcecode.c.objc; path = VideoGroup.m; sourceTree = "<group>"; };
		6ECF2FD918B37151004621ED /* VideosVC.h */ = {isa = PBXFileReference; fileEncoding = 4; lastKnownFileType = sourcecode.c.h; path = VideosVC.h; sourceTree = "<group>"; };
		6ECF2FDA18B37151004621ED /* VideosVC.m */ = {isa = PBXFileReference; fileEncoding = 4; lastKnownFileType = sourcecode.c.objc; path = VideosVC.m; sourceTree = "<group>"; };
		8E07C1AD18B636000012F10C /* libGoogleAdMobAds.a */ = {isa = PBXFileReference; lastKnownFileType = archive.ar; path = libGoogleAdMobAds.a; sourceTree = "<group>"; };
		D6762D0B3F59498CA72154F7 /* libPods.a */ = {isa = PBXFileReference; explicitFileType = archive.ar; includeInIndex = 0; path = libPods.a; sourceTree = BUILT_PRODUCTS_DIR; };
/* End PBXFileReference section */

/* Begin PBXFrameworksBuildPhase section */
		3DDB70FD170A516B00EC3E51 /* Frameworks */ = {
			isa = PBXFrameworksBuildPhase;
			buildActionMask = 2147483647;
			files = (
				3D29981717E5AA33001A371D /* SystemConfiguration.framework in Frameworks */,
				6EBF1EA518AB667A007B50A5 /* StoreKit.framework in Frameworks */,
				6EBF1EA318AB6673007B50A5 /* MessageUI.framework in Frameworks */,
				6EBF1EA118AB666A007B50A5 /* CoreTelephony.framework in Frameworks */,
				3DDB7109170A516B00EC3E51 /* CoreGraphics.framework in Frameworks */,
				6EBF1E9F18AB6653007B50A5 /* AVFoundation.framework in Frameworks */,
				6EBF1E9D18AB664D007B50A5 /* AudioToolbox.framework in Frameworks */,
				6EBF1E9B18AB6642007B50A5 /* AdSupport.framework in Frameworks */,
				6E57396D182755A300ADB8D9 /* CoreLocation.framework in Frameworks */,
				6E57396518273C9900ADB8D9 /* MapKit.framework in Frameworks */,
				3D29981917E5AA46001A371D /* QuartzCore.framework in Frameworks */,
				3D29981517E5AA28001A371D /* UIKit.framework in Frameworks */,
				3DDB7107170A516B00EC3E51 /* Foundation.framework in Frameworks */,
				2B2B30865DEB412FAC228ABA /* libPods.a in Frameworks */,
				8E07C1AE18B636000012F10C /* libGoogleAdMobAds.a in Frameworks */,
			);
			runOnlyForDeploymentPostprocessing = 0;
		};
/* End PBXFrameworksBuildPhase section */

/* Begin PBXGroup section */
		16F008A1180DED1300A15060 /* Vendor */ = {
			isa = PBXGroup;
			children = (
				6E4F88971896829000A9CC4F /* RFRateMe.h */,
				6E4F88981896829000A9CC4F /* RFRateMe.m */,
				6E4F88991896829000A9CC4F /* UIAlertView+NSCookbook.h */,
				6E4F889A1896829000A9CC4F /* UIAlertView+NSCookbook.m */,
				6E4BAA851884A4A400E37DAF /* DoAlertView */,
				6E4BAA7218849D6A00E37DAF /* UIImage+ResizeMagick.h */,
				6E4BAA7318849D6A00E37DAF /* UIImage+ResizeMagick.m */,
			);
			name = Vendor;
			sourceTree = "<group>";
		};
		3D111A4F170C97140043D2D2 /* Classes */ = {
			isa = PBXGroup;
			children = (
				3DDB7113170A516B00EC3E51 /* AppDelegate.h */,
				3DDB7114170A516B00EC3E51 /* AppDelegate.m */,
				3D111A4C170C92250043D2D2 /* CineHorariosApiClient.h */,
				3D111A4D170C92250043D2D2 /* CineHorariosApiClient.m */,
				16C8BC6917D4F4EC00EF7390 /* FileHandler.h */,
				16C8BC6A17D4F4EC00EF7390 /* FileHandler.m */,
				6E56CC09188BBC0E000AB809 /* ArrayDataSource.h */,
				6E56CC0A188BBC0E000AB809 /* ArrayDataSource.m */,
				3DC9A748170CCA69008B9FF9 /* Views */,
				3DC9A744170CC432008B9FF9 /* Models */,
				16158EE717805E57002B6F73 /* Storyboard.storyboard */,
				3D111A52170C977C0043D2D2 /* Controllers */,
				3D309A2617A85D9600BB5D13 /* Categories */,
			);
			name = Classes;
			sourceTree = "<group>";
		};
		3D111A51170C97670043D2D2 /* ModelViewControllers */ = {
			isa = PBXGroup;
			children = (
				3D813399177E3D95006A017C /* CineHorariosTableViewController.h */,
				3D81339A177E3D95006A017C /* CineHorariosTableViewController.m */,
				3D4A191717EFA4A200893A65 /* GlobalNavigationController.h */,
				3D4A191817EFA4A200893A65 /* GlobalNavigationController.m */,
			);
			name = ModelViewControllers;
			sourceTree = "<group>";
		};
		3D111A52170C977C0043D2D2 /* Controllers */ = {
			isa = PBXGroup;
			children = (
				3D111A51170C97670043D2D2 /* ModelViewControllers */,
				3D521E1817443FDF009ED580 /* CinesVC.h */,
				3D521E1917443FE0009ED580 /* CinesVC.m */,
				3D086041173B08CB0047B90A /* FavoritesVC.h */,
				3D086042173B08CB0047B90A /* FavoritesVC.m */,
				3D00E5BE170DDB2400C7DAAE /* TheatersVC.h */,
				3D00E5BF170DDB2400C7DAAE /* TheatersVC.m */,
				3D521E1D17445DD2009ED580 /* FuncionesVC.h */,
				3D521E1E17445DD4009ED580 /* FuncionesVC.m */,
				3D26BDCF1743EE3900A2FCC5 /* CarteleraVC.h */,
				3D26BDD01743EE3900A2FCC5 /* CarteleraVC.m */,
				3D39B91317208DC70011DF39 /* ComingSoonVC.h */,
				3D39B91417208DC70011DF39 /* ComingSoonVC.m */,
				16F86ED617DE8F6D00F2722C /* MovieVC.h */,
				16F86ED717DE8F6D00F2722C /* MovieVC.m */,
				1639492417F9BA1700AB7DE7 /* CastVC.h */,
				1639492517F9BA1700AB7DE7 /* CastVC.m */,
				3D29986817E5E29C001A371D /* MovieImagesVC.h */,
				3D29986917E5E29C001A371D /* MovieImagesVC.m */,
				16C7EB55173E0EFF001CF782 /* MovieCinemasVC.h */,
				16C7EB56173E0EFF001CF782 /* MovieCinemasVC.m */,
				3D881271175CD9E30034FDA9 /* MovieFunctionsVC.h */,
				3D881272175CD9E30034FDA9 /* MovieFunctionsVC.m */,
				163BAB1F1763C34400A81BF7 /* WebVC.h */,
				163BAB201763C34400A81BF7 /* WebVC.m */,
				1629F85217FF4EFA001428C1 /* SettingsVC.h */,
				1629F85317FF4EFA001428C1 /* SettingsVC.m */,
				6E57396618273D3400ADB8D9 /* CloseTheatersVC.h */,
				6E57396718273D3400ADB8D9 /* CloseTheatersVC.m */,
				6ECF2FD918B37151004621ED /* VideosVC.h */,
				6ECF2FDA18B37151004621ED /* VideosVC.m */,
				3D3FA6EB174D91C90067AE57 /* VideoVC.h */,
				3D3FA6EC174D91CB0067AE57 /* VideoVC.m */,
			);
			name = Controllers;
			sourceTree = "<group>";
		};
		3D309A2617A85D9600BB5D13 /* Categories */ = {
			isa = PBXGroup;
			children = (
				6E2DD19718AC141500FD6386 /* UIViewController+DoAlertView.h */,
				6E2DD19618AC141500FD6386 /* UIViewController+DoAlertView.m */,
				3D309A2717A85DBC00BB5D13 /* UIColor+CH.h */,
				3D309A2817A85DBC00BB5D13 /* UIColor+CH.m */,
				3D309A2A17A8674000BB5D13 /* UIImage+CH.h */,
				3D309A2B17A8674000BB5D13 /* UIImage+CH.m */,
				16956FCD17D7E84100355AA7 /* UIFont+CH.h */,
				16956FCE17D7E84100355AA7 /* UIFont+CH.m */,
				3D12FF8018110E0300BDA8FB /* UIImageView+CH.h */,
				3D12FF8118110E0300BDA8FB /* UIImageView+CH.m */,
				1628571D185F607E00DBD491 /* UIView+CH.h */,
				1628571E185F607E00DBD491 /* UIView+CH.m */,
				6E56CC06188BAD56000AB809 /* NSArray+FKBMap.h */,
				6E56CC07188BAD56000AB809 /* NSArray+FKBMap.m */,
			);
			name = Categories;
			sourceTree = "<group>";
		};
		3DC9A744170CC432008B9FF9 /* Models */ = {
			isa = PBXGroup;
			children = (
				6EA663B3188D20B700B0FCBE /* MTLModelPersistable.h */,
				6EA663B4188D20B700B0FCBE /* MTLModelPersistable.m */,
				6E56CC03188BA56C000AB809 /* Theater.h */,
				6E56CC04188BA56C000AB809 /* Theater.m */,
				6EA663A4188C8C2200B0FCBE /* Cinema.h */,
				6EA663A5188C8C2200B0FCBE /* Cinema.m */,
				6EA663AA188D012200B0FCBE /* BasicMovie.h */,
				6EA663AB188D012200B0FCBE /* BasicMovie.m */,
				6EA663B0188D19B400B0FCBE /* Billboard.h */,
				6EA663B1188D19B400B0FCBE /* Billboard.m */,
				6EA663CB188DB21D00B0FCBE /* Function.h */,
				6EA663CC188DB21D00B0FCBE /* Function.m */,
				6EA663D7188FD18900B0FCBE /* Movie.h */,
				6EA663D8188FD18900B0FCBE /* Movie.m */,
				6EA663DD188FD21100B0FCBE /* Video.h */,
				6EA663DE188FD21100B0FCBE /* Video.m */,
				6EA663E0188FD25F00B0FCBE /* Person.h */,
				6EA663E1188FD25F00B0FCBE /* Person.m */,
				6E723B601890BA49009DC5BE /* BasicItem.h */,
				6E723B611890BA4A009DC5BE /* BasicItem.m */,
				6E723B631890BA8A009DC5BE /* BasicItemImage.h */,
				6E723B641890BA8A009DC5BE /* BasicItemImage.m */,
				6E723B81189112AD009DC5BE /* Cast.h */,
				6E723B82189112AD009DC5BE /* Cast.m */,
				6E723B8418913BFF009DC5BE /* AnnotationGroup.h */,
				6E723B8518913BFF009DC5BE /* AnnotationGroup.m */,
				6E723B8718913C4A009DC5BE /* AnnotationTheater.h */,
				6E723B8818913C4A009DC5BE /* AnnotationTheater.m */,
				6ECF2FD618B35B0D004621ED /* VideoGroup.h */,
				6ECF2FD718B35B0D004621ED /* VideoGroup.m */,
			);
			name = Models;
			sourceTree = "<group>";
		};
		3DC9A748170CCA69008B9FF9 /* Views */ = {
			isa = PBXGroup;
			children = (
				6E88F27F189AFEEE00927222 /* Cell Categories */,
				3D6F663817E54A7600BEE481 /* MyMultilineLabel.h */,
				3D6F663917E54A7600BEE481 /* MyMultilineLabel.m */,
				6E56CC12188BC6DB000AB809 /* Cells */,
				6EBF1E8418AB265B007B50A5 /* MenuCustomView.xib */,
			);
			name = Views;
			sourceTree = "<group>";
		};
		3DDB70F5170A516B00EC3E51 = {
			isa = PBXGroup;
			children = (
				3DDB710A170A516B00EC3E51 /* Cine Horarios */,
				3DDB7103170A516B00EC3E51 /* Frameworks */,
				3DDB7101170A516B00EC3E51 /* Products */,
				16FE20FE240A4851B2B1F69C /* Pods.xcconfig */,
			);
			sourceTree = "<group>";
		};
		3DDB7101170A516B00EC3E51 /* Products */ = {
			isa = PBXGroup;
			children = (
				3DDB7100170A516B00EC3E51 /* Cine Horarios.app */,
			);
			name = Products;
			sourceTree = "<group>";
		};
		3DDB7103170A516B00EC3E51 /* Frameworks */ = {
			isa = PBXGroup;
			children = (
				6EBF1EA418AB667A007B50A5 /* StoreKit.framework */,
				6EBF1EA218AB6673007B50A5 /* MessageUI.framework */,
				6EBF1EA018AB666A007B50A5 /* CoreTelephony.framework */,
				6EBF1E9E18AB6653007B50A5 /* AVFoundation.framework */,
				6EBF1E9C18AB664D007B50A5 /* AudioToolbox.framework */,
				6EBF1E9A18AB6642007B50A5 /* AdSupport.framework */,
				160907B618AABADF000F9FF7 /* iAd.framework */,
				6E57396C182755A300ADB8D9 /* CoreLocation.framework */,
				6E57396418273C9900ADB8D9 /* MapKit.framework */,
				3D29981817E5AA46001A371D /* QuartzCore.framework */,
				3D29981617E5AA33001A371D /* SystemConfiguration.framework */,
				3D29981417E5AA28001A371D /* UIKit.framework */,
				3DDB7106170A516B00EC3E51 /* Foundation.framework */,
				3DDB7108170A516B00EC3E51 /* CoreGraphics.framework */,
				D6762D0B3F59498CA72154F7 /* libPods.a */,
			);
			name = Frameworks;
			sourceTree = "<group>";
		};
		3DDB710A170A516B00EC3E51 /* Cine Horarios */ = {
			isa = PBXGroup;
			children = (
				6EBF1E8C18AB65E2007B50A5 /* AdMob */,
				162414A317BC946E00083708 /* Images.xcassets */,
				3D111A4F170C97140043D2D2 /* Classes */,
				16F008A1180DED1300A15060 /* Vendor */,
				3DDB710B170A516B00EC3E51 /* Supporting Files */,
			);
			path = "Cine Horarios";
			sourceTree = "<group>";
		};
		3DDB710B170A516B00EC3E51 /* Supporting Files */ = {
			isa = PBXGroup;
			children = (
				16CF5BED173A460500973229 /* Cine Horarios.entitlements */,
				3DDB7110170A516B00EC3E51 /* main.m */,
				3DDB7112170A516B00EC3E51 /* Cine Horarios-Prefix.pch */,
				3DA91D34174144A200E3AFB0 /* icloud.plist */,
				3D1318B417F06866005B249C /* Info.plist */,
				3DDD5AEE18020C8700720ABD /* Cinemas.plist */,
				16692A36180C7E2B00166885 /* Menu.plist */,
				16547FD618106D8C00B6F24C /* Localizable.strings */,
			);
			name = "Supporting Files";
			sourceTree = "<group>";
		};
		6E4BAA851884A4A400E37DAF /* DoAlertView */ = {
			isa = PBXGroup;
			children = (
				6E8686F6188703E4003A91B0 /* DoAlertView.h */,
				6E8686F7188703E4003A91B0 /* DoAlertView.m */,
				6E4BAA751884A49600E37DAF /* check_black@2x.png */,
				6E4BAA761884A49600E37DAF /* check@2x.png */,
				6E4BAA771884A49600E37DAF /* close_black@2x.png */,
				6E4BAA781884A49700E37DAF /* close@2x.png */,
				6E4BAA791884A49700E37DAF /* check_black.png */,
				6E4BAA7A1884A49700E37DAF /* check.png */,
				6E4BAA7B1884A49700E37DAF /* close_black.png */,
				6E4BAA7C1884A49700E37DAF /* close.png */,
			);
			name = DoAlertView;
			sourceTree = "<group>";
		};
		6E56CC12188BC6DB000AB809 /* Cells */ = {
			isa = PBXGroup;
			children = (
				6E56CC0F188BBE7D000AB809 /* BasicCell.h */,
				6E56CC10188BBE7D000AB809 /* BasicCell.m */,
				6EA663B6188D28A600B0FCBE /* BillboardCell.h */,
				6EA663B7188D28A600B0FCBE /* BillboardCell.m */,
				6EA663BF188D3DA300B0FCBE /* ComingSoonCell2.h */,
				6EA663C0188D3DA300B0FCBE /* ComingSoonCell2.m */,
				6EA663C5188DB07600B0FCBE /* FunctionCell2.h */,
				6EA663C6188DB07600B0FCBE /* FunctionCell2.m */,
				6E723B691891011D009DC5BE /* MovieImageCell.h */,
				6E723B6A1891011D009DC5BE /* MovieImageCell.m */,
				6E723B6F18910472009DC5BE /* MovieCastCell.h */,
				6E723B7018910472009DC5BE /* MovieCastCell.m */,
				6E723B7518910C5F009DC5BE /* CastActorCell.h */,
				6E723B7618910C5F009DC5BE /* CastActorCell.m */,
				6E723B7B18910F8D009DC5BE /* CastDirectorCell.h */,
				6E723B7C18910F8D009DC5BE /* CastDirectorCell.m */,
				6E65BA7718B3EB7600B16F9A /* VideoCell.h */,
				6E65BA7818B3EB7600B16F9A /* VideoCell.m */,
			);
			name = Cells;
			sourceTree = "<group>";
		};
		6E88F27F189AFEEE00927222 /* Cell Categories */ = {
			isa = PBXGroup;
			children = (
				6E56CC13188BC735000AB809 /* BasicCell+Theater.h */,
				6E56CC14188BC735000AB809 /* BasicCell+Theater.m */,
				6EA663BC188D297400B0FCBE /* BillboardCell+BasicMovie.h */,
				6EA663BD188D297400B0FCBE /* BillboardCell+BasicMovie.m */,
				6EA663C2188D3DD700B0FCBE /* ComingSoonCell2+BasicMovie.h */,
				6EA663C3188D3DD700B0FCBE /* ComingSoonCell2+BasicMovie.m */,
				6EA663C8188DB0D300B0FCBE /* FunctionCell2+Function.h */,
				6EA663C9188DB0D300B0FCBE /* FunctionCell2+Function.m */,
				6E723B6C189101A9009DC5BE /* MovieImageCell+MovieImage.h */,
				6E723B6D189101A9009DC5BE /* MovieImageCell+MovieImage.m */,
				6E723B7218910499009DC5BE /* MovieCastCell+Person.h */,
				6E723B7318910499009DC5BE /* MovieCastCell+Person.m */,
				6E723B7818910CC4009DC5BE /* CastActorCell+Person.h */,
				6E723B7918910CC4009DC5BE /* CastActorCell+Person.m */,
				6E723B7E18910FAF009DC5BE /* CastDirectorCell+Person.h */,
				6E723B7F18910FAF009DC5BE /* CastDirectorCell+Person.m */,
				6E65BA7A18B3EC0D00B16F9A /* VideoCell+Video.h */,
				6E65BA7B18B3EC0D00B16F9A /* VideoCell+Video.m */,
			);
			name = "Cell Categories";
			sourceTree = "<group>";
		};
		6EBF1E8C18AB65E2007B50A5 /* AdMob */ = {
			isa = PBXGroup;
			children = (
				6E65BA6A18B3EA3A00B16F9A /* GADAdMobExtras.h */,
				6E65BA6B18B3EA3A00B16F9A /* GADAdNetworkExtras.h */,
				6E65BA6C18B3EA3A00B16F9A /* GADAdSize.h */,
				6E65BA6D18B3EA3A00B16F9A /* GADBannerView.h */,
				6E65BA6E18B3EA3A00B16F9A /* GADBannerViewDelegate.h */,
				6E65BA6F18B3EA3A00B16F9A /* GADInterstitial.h */,
				8E07C1AD18B636000012F10C /* libGoogleAdMobAds.a */,
				6E65BA7018B3EA3A00B16F9A /* GADInterstitialDelegate.h */,
				6E65BA7118B3EA3A00B16F9A /* GADRequest.h */,
				6E65BA7218B3EA3A00B16F9A /* GADRequestError.h */,
				6E65BA7418B3EA3A00B16F9A /* README.txt */,
			);
			name = AdMob;
			sourceTree = "<group>";
		};
/* End PBXGroup section */

/* Begin PBXNativeTarget section */
		3DDB70FF170A516B00EC3E51 /* Cine Horarios */ = {
			isa = PBXNativeTarget;
			buildConfigurationList = 3DDB7124170A516B00EC3E51 /* Build configuration list for PBXNativeTarget "Cine Horarios" */;
			buildPhases = (
				CEEFCCEF326347A5A94F15C7 /* Check Pods Manifest.lock */,
				3DDB70FC170A516B00EC3E51 /* Sources */,
				3DDB70FD170A516B00EC3E51 /* Frameworks */,
				3DDB70FE170A516B00EC3E51 /* Resources */,
				A7D59476405649439AA3020D /* Copy Pods Resources */,
			);
			buildRules = (
			);
			dependencies = (
			);
			name = "Cine Horarios";
			productName = "Cine Horarios";
			productReference = 3DDB7100170A516B00EC3E51 /* Cine Horarios.app */;
			productType = "com.apple.product-type.application";
		};
/* End PBXNativeTarget section */

/* Begin PBXProject section */
		3DDB70F7170A516B00EC3E51 /* Project object */ = {
			isa = PBXProject;
			attributes = {
				LastUpgradeCheck = 0500;
				ORGANIZATIONNAME = "Arturo Espinoza Carrasco";
				TargetAttributes = {
					3DDB70FF170A516B00EC3E51 = {
						DevelopmentTeam = 22ZGXZT3CM;
						SystemCapabilities = {
							com.apple.iCloud = {
								enabled = 1;
							};
						};
					};
				};
			};
			buildConfigurationList = 3DDB70FA170A516B00EC3E51 /* Build configuration list for PBXProject "Cine Horarios" */;
			compatibilityVersion = "Xcode 3.2";
			developmentRegion = English;
			hasScannedForEncodings = 0;
			knownRegions = (
				en,
				"es-CL",
			);
			mainGroup = 3DDB70F5170A516B00EC3E51;
			productRefGroup = 3DDB7101170A516B00EC3E51 /* Products */;
			projectDirPath = "";
			projectRoot = "";
			targets = (
				3DDB70FF170A516B00EC3E51 /* Cine Horarios */,
			);
		};
/* End PBXProject section */

/* Begin PBXResourcesBuildPhase section */
		3DDB70FE170A516B00EC3E51 /* Resources */ = {
			isa = PBXResourcesBuildPhase;
			buildActionMask = 2147483647;
			files = (
				6E4BAA801884A49700E37DAF /* close@2x.png in Resources */,
				16547FD718106D8C00B6F24C /* Localizable.strings in Resources */,
				6E4BAA811884A49700E37DAF /* check_black.png in Resources */,
				6E4BAA7F1884A49700E37DAF /* close_black@2x.png in Resources */,
				6E65BA7618B3EA3A00B16F9A /* README.txt in Resources */,
				6E4BAA831884A49700E37DAF /* close_black.png in Resources */,
				6E4BAA821884A49700E37DAF /* check.png in Resources */,
				6E4BAA7D1884A49700E37DAF /* check_black@2x.png in Resources */,
				6E4BAA841884A49700E37DAF /* close.png in Resources */,
				162414A417BC946E00083708 /* Images.xcassets in Resources */,
				16692A37180C7E2B00166885 /* Menu.plist in Resources */,
				3DDD5AEF18020C8700720ABD /* Cinemas.plist in Resources */,
				16158EE817805E57002B6F73 /* Storyboard.storyboard in Resources */,
				6EBF1E8518AB265B007B50A5 /* MenuCustomView.xib in Resources */,
				6E4BAA7E1884A49700E37DAF /* check@2x.png in Resources */,
			);
			runOnlyForDeploymentPostprocessing = 0;
		};
/* End PBXResourcesBuildPhase section */

/* Begin PBXShellScriptBuildPhase section */
		A7D59476405649439AA3020D /* Copy Pods Resources */ = {
			isa = PBXShellScriptBuildPhase;
			buildActionMask = 2147483647;
			files = (
			);
			inputPaths = (
			);
			name = "Copy Pods Resources";
			outputPaths = (
			);
			runOnlyForDeploymentPostprocessing = 0;
			shellPath = /bin/sh;
			shellScript = "\"${SRCROOT}/Pods/Pods-resources.sh\"\n";
		};
		CEEFCCEF326347A5A94F15C7 /* Check Pods Manifest.lock */ = {
			isa = PBXShellScriptBuildPhase;
			buildActionMask = 2147483647;
			files = (
			);
			inputPaths = (
			);
			name = "Check Pods Manifest.lock";
			outputPaths = (
			);
			runOnlyForDeploymentPostprocessing = 0;
			shellPath = /bin/sh;
			shellScript = "diff \"${PODS_ROOT}/../Podfile.lock\" \"${PODS_ROOT}/Manifest.lock\" > /dev/null\nif [[ $? != 0 ]] ; then\n    cat << EOM\nerror: The sandbox is not in sync with the Podfile.lock. Run 'pod install' or update your CocoaPods installation.\nEOM\n    exit 1\nfi\n";
		};
/* End PBXShellScriptBuildPhase section */

/* Begin PBXSourcesBuildPhase section */
		3DDB70FC170A516B00EC3E51 /* Sources */ = {
			isa = PBXSourcesBuildPhase;
			buildActionMask = 2147483647;
			files = (
				3D111A4E170C93090043D2D2 /* CineHorariosApiClient.m in Sources */,
				3D12FF8218110E0300BDA8FB /* UIImageView+CH.m in Sources */,
				3DDD5AEB18020ACC00720ABD /* MovieCinemasVC.m in Sources */,
				3DFA54CC170B3512003E2208 /* main.m in Sources */,
				6E56CC15188BC735000AB809 /* BasicCell+Theater.m in Sources */,
				6EA663D9188FD18900B0FCBE /* Movie.m in Sources */,
				6E723B6E189101A9009DC5BE /* MovieImageCell+MovieImage.m in Sources */,
				6E723B7A18910CC4009DC5BE /* CastActorCell+Person.m in Sources */,
				6EA663BE188D297400B0FCBE /* BillboardCell+BasicMovie.m in Sources */,
				6E8686F8188703E4003A91B0 /* DoAlertView.m in Sources */,
				3D309A2C17A8674000BB5D13 /* UIImage+CH.m in Sources */,
				6E723B7718910C5F009DC5BE /* CastActorCell.m in Sources */,
				6EA663CD188DB21D00B0FCBE /* Function.m in Sources */,
				3DDB7115170A516B00EC3E51 /* AppDelegate.m in Sources */,
				6ECF2FD818B35B0D004621ED /* VideoGroup.m in Sources */,
				3D00E5C0170DDB2400C7DAAE /* TheatersVC.m in Sources */,
				6E57396818273D3400ADB8D9 /* CloseTheatersVC.m in Sources */,
				6E65BA7C18B3EC0D00B16F9A /* VideoCell+Video.m in Sources */,
				6EA663DF188FD21100B0FCBE /* Video.m in Sources */,
				3D39B91517208DC70011DF39 /* ComingSoonVC.m in Sources */,
				16956FCF17D7E84100355AA7 /* UIFont+CH.m in Sources */,
				16C8BC6B17D4F4EC00EF7390 /* FileHandler.m in Sources */,
				3D086043173B08CB0047B90A /* FavoritesVC.m in Sources */,
				16F86ED817DE8F6D00F2722C /* MovieVC.m in Sources */,
				167B9A401804909D00862289 /* MovieFunctionsVC.m in Sources */,
				6E723B7D18910F8D009DC5BE /* CastDirectorCell.m in Sources */,
				6EA663B2188D19B400B0FCBE /* Billboard.m in Sources */,
				6E723B8918913C4A009DC5BE /* AnnotationTheater.m in Sources */,
				6E65BA7918B3EB7600B16F9A /* VideoCell.m in Sources */,
				6EA663C1188D3DA300B0FCBE /* ComingSoonCell2.m in Sources */,
				6E56CC11188BBE7D000AB809 /* BasicCell.m in Sources */,
				6E723B621890BA4A009DC5BE /* BasicItem.m in Sources */,
				1629F85417FF4EFA001428C1 /* SettingsVC.m in Sources */,
				6ECF2FDB18B37151004621ED /* VideosVC.m in Sources */,
				3D309A2917A85DBC00BB5D13 /* UIColor+CH.m in Sources */,
				6E2DD19818AC141500FD6386 /* UIViewController+DoAlertView.m in Sources */,
				6E56CC08188BAD56000AB809 /* NSArray+FKBMap.m in Sources */,
				6E4F889B1896829000A9CC4F /* RFRateMe.m in Sources */,
				6EA663B8188D28A600B0FCBE /* BillboardCell.m in Sources */,
				6EA663AC188D012200B0FCBE /* BasicMovie.m in Sources */,
				6E4F889C1896829000A9CC4F /* UIAlertView+NSCookbook.m in Sources */,
				6E723B7418910499009DC5BE /* MovieCastCell+Person.m in Sources */,
				6EA663E2188FD25F00B0FCBE /* Person.m in Sources */,
				6E723B7118910472009DC5BE /* MovieCastCell.m in Sources */,
				6E56CC0B188BBC0E000AB809 /* ArrayDataSource.m in Sources */,
				3D26BDD11743EE3A00A2FCC5 /* CarteleraVC.m in Sources */,
				3D6F663A17E54A7600BEE481 /* MyMultilineLabel.m in Sources */,
				6E723B6B1891011D009DC5BE /* MovieImageCell.m in Sources */,
				6EA663B5188D20B700B0FCBE /* MTLModelPersistable.m in Sources */,
				3D521E1A17443FE1009ED580 /* CinesVC.m in Sources */,
				3D521E1F17445DD5009ED580 /* FuncionesVC.m in Sources */,
				6E723B8618913BFF009DC5BE /* AnnotationGroup.m in Sources */,
				6E723B651890BA8A009DC5BE /* BasicItemImage.m in Sources */,
				6E4BAA7418849D6A00E37DAF /* UIImage+ResizeMagick.m in Sources */,
				3D29986A17E5E29C001A371D /* MovieImagesVC.m in Sources */,
				3D3FA6ED174D91CC0067AE57 /* VideoVC.m in Sources */,
				163BAB211763C34500A81BF7 /* WebVC.m in Sources */,
				6E56CC05188BA56C000AB809 /* Theater.m in Sources */,
				1628571F185F607E00DBD491 /* UIView+CH.m in Sources */,
				6E723B8018910FAF009DC5BE /* CastDirectorCell+Person.m in Sources */,
				1639492617F9BA1700AB7DE7 /* CastVC.m in Sources */,
				6E723B83189112AD009DC5BE /* Cast.m in Sources */,
				6EA663A6188C8C2200B0FCBE /* Cinema.m in Sources */,
				3D81339B177E3D95006A017C /* CineHorariosTableViewController.m in Sources */,
				3D4A191917EFA4A200893A65 /* GlobalNavigationController.m in Sources */,
				6EA663CA188DB0D300B0FCBE /* FunctionCell2+Function.m in Sources */,
				6EA663C7188DB07600B0FCBE /* FunctionCell2.m in Sources */,
				6EA663C4188D3DD700B0FCBE /* ComingSoonCell2+BasicMovie.m in Sources */,
			);
			runOnlyForDeploymentPostprocessing = 0;
		};
/* End PBXSourcesBuildPhase section */

/* Begin XCBuildConfiguration section */
		3DDB7122170A516B00EC3E51 /* Debug */ = {
			isa = XCBuildConfiguration;
			buildSettings = {
				ALWAYS_SEARCH_USER_PATHS = NO;
				CLANG_CXX_LANGUAGE_STANDARD = "gnu++0x";
				CLANG_CXX_LIBRARY = "libc++";
				CLANG_ENABLE_OBJC_ARC = YES;
				CLANG_WARN_EMPTY_BODY = YES;
				CLANG_WARN__DUPLICATE_METHOD_MATCH = YES;
				CODE_SIGN_IDENTITY = "iPhone Distribution: Arturo Espinoza Carrasco (22ZGXZT3CM)";
				"CODE_SIGN_IDENTITY[sdk=iphoneos*]" = "iPhone Distribution: Arturo Espinoza Carrasco (22ZGXZT3CM)";
				COPY_PHASE_STRIP = NO;
				GCC_C_LANGUAGE_STANDARD = gnu99;
				GCC_DYNAMIC_NO_PIC = NO;
				GCC_OPTIMIZATION_LEVEL = 0;
				GCC_PREPROCESSOR_DEFINITIONS = (
					"DEBUG=1",
					"$(inherited)",
				);
				GCC_SYMBOLS_PRIVATE_EXTERN = NO;
				GCC_WARN_ABOUT_RETURN_TYPE = YES;
				GCC_WARN_UNINITIALIZED_AUTOS = YES;
				GCC_WARN_UNUSED_VARIABLE = YES;
				IPHONEOS_DEPLOYMENT_TARGET = 6.0;
				ONLY_ACTIVE_ARCH = YES;
				PROVISIONING_PROFILE = "87AA9B6F-7C94-4CE2-8FD9-461249B24DE9";
				SDKROOT = iphoneos;
			};
			name = Debug;
		};
		3DDB7123170A516B00EC3E51 /* Release */ = {
			isa = XCBuildConfiguration;
			buildSettings = {
				ALWAYS_SEARCH_USER_PATHS = NO;
				CLANG_CXX_LANGUAGE_STANDARD = "gnu++0x";
				CLANG_CXX_LIBRARY = "libc++";
				CLANG_ENABLE_OBJC_ARC = YES;
				CLANG_WARN_EMPTY_BODY = YES;
				CLANG_WARN__DUPLICATE_METHOD_MATCH = YES;
				CODE_SIGN_IDENTITY = "iPhone Distribution: Arturo Espinoza Carrasco (22ZGXZT3CM)";
				"CODE_SIGN_IDENTITY[sdk=iphoneos*]" = "iPhone Distribution: Arturo Espinoza Carrasco (22ZGXZT3CM)";
				COPY_PHASE_STRIP = YES;
				GCC_C_LANGUAGE_STANDARD = gnu99;
				GCC_WARN_ABOUT_RETURN_TYPE = YES;
				GCC_WARN_UNINITIALIZED_AUTOS = YES;
				GCC_WARN_UNUSED_VARIABLE = YES;
				IPHONEOS_DEPLOYMENT_TARGET = 6.0;
				OTHER_CFLAGS = "-DNS_BLOCK_ASSERTIONS=1";
				PROVISIONING_PROFILE = "87AA9B6F-7C94-4CE2-8FD9-461249B24DE9";
				SDKROOT = iphoneos;
				VALIDATE_PRODUCT = YES;
			};
			name = Release;
		};
		3DDB7125170A516B00EC3E51 /* Debug */ = {
			isa = XCBuildConfiguration;
			baseConfigurationReference = 16FE20FE240A4851B2B1F69C /* Pods.xcconfig */;
			buildSettings = {
				ASSETCATALOG_COMPILER_APPICON_NAME = AppIcon;
				ASSETCATALOG_COMPILER_LAUNCHIMAGE_NAME = LaunchImage;
				CLANG_ENABLE_MODULES = YES;
				CLANG_MODULES_AUTOLINK = NO;
				CODE_SIGN_ENTITLEMENTS = "Cine Horarios/Cine Horarios.entitlements";
				CODE_SIGN_IDENTITY = "";
				"CODE_SIGN_IDENTITY[sdk=iphoneos*]" = "";
				DEBUG_INFORMATION_FORMAT = "dwarf-with-dsym";
				GCC_GENERATE_DEBUGGING_SYMBOLS = YES;
				GCC_PRECOMPILE_PREFIX_HEADER = YES;
				GCC_PREFIX_HEADER = "Cine Horarios/Cine Horarios-Prefix.pch";
				INFOPLIST_FILE = "$(SRCROOT)/Cine Horarios/Info.plist";
				IPHONEOS_DEPLOYMENT_TARGET = 7.0;
				LIBRARY_SEARCH_PATHS = (
					"$(inherited)",
					"/Users/Ghar/Dropbox/xcode_projects/Cine\\ Horarios/Cine\\ Horarios",
					"/Users/Arthur/Dropbox/xcode_projects/Cine\\ Horarios/Cine\\ Horarios",
				);
				PRODUCT_NAME = "Cine Horarios";
				PROVISIONING_PROFILE = "3F232490-0D5D-4351-9DA4-94A1B4F87774";
				WRAPPER_EXTENSION = app;
			};
			name = Debug;
		};
		3DDB7126170A516B00EC3E51 /* Release */ = {
			isa = XCBuildConfiguration;
			baseConfigurationReference = 16FE20FE240A4851B2B1F69C /* Pods.xcconfig */;
			buildSettings = {
				ASSETCATALOG_COMPILER_APPICON_NAME = AppIcon;
				ASSETCATALOG_COMPILER_LAUNCHIMAGE_NAME = LaunchImage;
				CLANG_ENABLE_MODULES = YES;
				CLANG_MODULES_AUTOLINK = NO;
				CODE_SIGN_ENTITLEMENTS = "Cine Horarios/Cine Horarios.entitlements";
				CODE_SIGN_IDENTITY = "";
				"CODE_SIGN_IDENTITY[sdk=iphoneos*]" = "";
				DEBUG_INFORMATION_FORMAT = "dwarf-with-dsym";
				GCC_GENERATE_DEBUGGING_SYMBOLS = YES;
				GCC_PRECOMPILE_PREFIX_HEADER = YES;
				GCC_PREFIX_HEADER = "Cine Horarios/Cine Horarios-Prefix.pch";
				INFOPLIST_FILE = "$(SRCROOT)/Cine Horarios/Info.plist";
				IPHONEOS_DEPLOYMENT_TARGET = 7.0;
				LIBRARY_SEARCH_PATHS = (
					"$(inherited)",
					"/Users/Ghar/Dropbox/xcode_projects/Cine\\ Horarios/Cine\\ Horarios",
					"/Users/Arthur/Dropbox/xcode_projects/Cine\\ Horarios/Cine\\ Horarios",
				);
				PRODUCT_NAME = "Cine Horarios";
				PROVISIONING_PROFILE = "3F232490-0D5D-4351-9DA4-94A1B4F87774";
				WRAPPER_EXTENSION = app;
			};
			name = Release;
		};
/* End XCBuildConfiguration section */

/* Begin XCConfigurationList section */
		3DDB70FA170A516B00EC3E51 /* Build configuration list for PBXProject "Cine Horarios" */ = {
			isa = XCConfigurationList;
			buildConfigurations = (
				3DDB7122170A516B00EC3E51 /* Debug */,
				3DDB7123170A516B00EC3E51 /* Release */,
			);
			defaultConfigurationIsVisible = 0;
			defaultConfigurationName = Release;
		};
		3DDB7124170A516B00EC3E51 /* Build configuration list for PBXNativeTarget "Cine Horarios" */ = {
			isa = XCConfigurationList;
			buildConfigurations = (
				3DDB7125170A516B00EC3E51 /* Debug */,
				3DDB7126170A516B00EC3E51 /* Release */,
			);
			defaultConfigurationIsVisible = 0;
			defaultConfigurationName = Release;
		};
/* End XCConfigurationList section */
	};
	rootObject = 3DDB70F7170A516B00EC3E51 /* Project object */;
}
