// !$*UTF8*$!
{
	archiveVersion = 1;
	classes = {
	};
	objectVersion = 46;
	objects = {

/* Begin PBXBuildFile section */
		16158EE817805E57002B6F73 /* Storyboard.storyboard in Resources */ = {isa = PBXBuildFile; fileRef = 16158EE717805E57002B6F73 /* Storyboard.storyboard */; };
		162414A417BC946E00083708 /* Images.xcassets in Resources */ = {isa = PBXBuildFile; fileRef = 162414A317BC946E00083708 /* Images.xcassets */; };
		1628571F185F607E00DBD491 /* UIView+CH.m in Sources */ = {isa = PBXBuildFile; fileRef = 1628571E185F607E00DBD491 /* UIView+CH.m */; };
		1629F85417FF4EFA001428C1 /* SettingsVC.m in Sources */ = {isa = PBXBuildFile; fileRef = 1629F85317FF4EFA001428C1 /* SettingsVC.m */; };
		162FD5681741862300616105 /* Actor.m in Sources */ = {isa = PBXBuildFile; fileRef = 162FD5671741862300616105 /* Actor.m */; };
		1630E1AF17D9183800C9D977 /* CHCell.m in Sources */ = {isa = PBXBuildFile; fileRef = 1630E1AE17D9183800C9D977 /* CHCell.m */; };
		1639492617F9BA1700AB7DE7 /* CastVC.m in Sources */ = {isa = PBXBuildFile; fileRef = 1639492517F9BA1700AB7DE7 /* CastVC.m */; };
		1639492917F9BB7F00AB7DE7 /* ActorCell.m in Sources */ = {isa = PBXBuildFile; fileRef = 1639492817F9BB7F00AB7DE7 /* ActorCell.m */; };
		1639492C17F9BBDB00AB7DE7 /* DirectorCell.m in Sources */ = {isa = PBXBuildFile; fileRef = 1639492B17F9BBDB00AB7DE7 /* DirectorCell.m */; };
		163BAB211763C34500A81BF7 /* WebVC.m in Sources */ = {isa = PBXBuildFile; fileRef = 163BAB201763C34400A81BF7 /* WebVC.m */; };
		16547FD718106D8C00B6F24C /* Localizable.strings in Resources */ = {isa = PBXBuildFile; fileRef = 16547FD618106D8C00B6F24C /* Localizable.strings */; };
		16547FDA18108D2300B6F24C /* TheaterFunctions.m in Sources */ = {isa = PBXBuildFile; fileRef = 16547FD918108D2300B6F24C /* TheaterFunctions.m */; };
		165F904B1780326300641600 /* FunctionCell.m in Sources */ = {isa = PBXBuildFile; fileRef = 166595FC177D4A2D00DFB590 /* FunctionCell.m */; };
		16692A32180C7D8A00166885 /* InitialVC.m in Sources */ = {isa = PBXBuildFile; fileRef = 16692A31180C7D8A00166885 /* InitialVC.m */; };
		16692A35180C7DFF00166885 /* MenuVC.m in Sources */ = {isa = PBXBuildFile; fileRef = 16692A34180C7DFF00166885 /* MenuVC.m */; };
		16692A37180C7E2B00166885 /* Menu.plist in Resources */ = {isa = PBXBuildFile; fileRef = 16692A36180C7E2B00166885 /* Menu.plist */; };
		16692A3D180CAA9600166885 /* MenuCell.m in Sources */ = {isa = PBXBuildFile; fileRef = 16692A3C180CAA9600166885 /* MenuCell.m */; };
		167B9A401804909D00862289 /* MovieFunctionsVC.m in Sources */ = {isa = PBXBuildFile; fileRef = 3D881272175CD9E30034FDA9 /* MovieFunctionsVC.m */; };
		16900CC71740F16100399AF5 /* Movie.m in Sources */ = {isa = PBXBuildFile; fileRef = 16900CC61740F16100399AF5 /* Movie.m */; };
		16900CD01740F1C600399AF5 /* BasicMovie.m in Sources */ = {isa = PBXBuildFile; fileRef = 16900CCF1740F1C600399AF5 /* BasicMovie.m */; };
		16956FCF17D7E84100355AA7 /* UIFont+CH.m in Sources */ = {isa = PBXBuildFile; fileRef = 16956FCE17D7E84100355AA7 /* UIFont+CH.m */; };
		16C7EB5D173E3447001CF782 /* BasicItem.m in Sources */ = {isa = PBXBuildFile; fileRef = 16C7EB5C173E3447001CF782 /* BasicItem.m */; };
		16C7EB60173E3582001CF782 /* BasicImageItem.m in Sources */ = {isa = PBXBuildFile; fileRef = 16C7EB5F173E3582001CF782 /* BasicImageItem.m */; };
		16C7EB63173E3A06001CF782 /* Theater.m in Sources */ = {isa = PBXBuildFile; fileRef = 16C7EB62173E3A06001CF782 /* Theater.m */; };
		16C7EB66173E3B7F001CF782 /* Function.m in Sources */ = {isa = PBXBuildFile; fileRef = 16C7EB65173E3B7F001CF782 /* Function.m */; };
		16C8BC6B17D4F4EC00EF7390 /* FileHandler.m in Sources */ = {isa = PBXBuildFile; fileRef = 16C8BC6A17D4F4EC00EF7390 /* FileHandler.m */; };
		16F86ED817DE8F6D00F2722C /* MovieVC.m in Sources */ = {isa = PBXBuildFile; fileRef = 16F86ED717DE8F6D00F2722C /* MovieVC.m */; };
		16FED04E1780B5F900318D92 /* ComingSoonCell.m in Sources */ = {isa = PBXBuildFile; fileRef = 16FED04D1780B5F900318D92 /* ComingSoonCell.m */; };
		2B2B30865DEB412FAC228ABA /* libPods.a in Frameworks */ = {isa = PBXBuildFile; fileRef = D6762D0B3F59498CA72154F7 /* libPods.a */; };
		3D00E5C0170DDB2400C7DAAE /* TheatersVC.m in Sources */ = {isa = PBXBuildFile; fileRef = 3D00E5BF170DDB2400C7DAAE /* TheatersVC.m */; };
		3D086043173B08CB0047B90A /* FavoritesVC.m in Sources */ = {isa = PBXBuildFile; fileRef = 3D086042173B08CB0047B90A /* FavoritesVC.m */; };
		3D111A4E170C93090043D2D2 /* CineHorariosApiClient.m in Sources */ = {isa = PBXBuildFile; fileRef = 3D111A4D170C92250043D2D2 /* CineHorariosApiClient.m */; };
		3D12FF8218110E0300BDA8FB /* UIImageView+CH.m in Sources */ = {isa = PBXBuildFile; fileRef = 3D12FF8118110E0300BDA8FB /* UIImageView+CH.m */; };
		3D26BDD11743EE3A00A2FCC5 /* CarteleraVC.m in Sources */ = {isa = PBXBuildFile; fileRef = 3D26BDD01743EE3900A2FCC5 /* CarteleraVC.m */; };
		3D29981517E5AA28001A371D /* UIKit.framework in Frameworks */ = {isa = PBXBuildFile; fileRef = 3D29981417E5AA28001A371D /* UIKit.framework */; };
		3D29981717E5AA33001A371D /* SystemConfiguration.framework in Frameworks */ = {isa = PBXBuildFile; fileRef = 3D29981617E5AA33001A371D /* SystemConfiguration.framework */; };
		3D29981917E5AA46001A371D /* QuartzCore.framework in Frameworks */ = {isa = PBXBuildFile; fileRef = 3D29981817E5AA46001A371D /* QuartzCore.framework */; };
		3D29986A17E5E29C001A371D /* MovieImagesVC.m in Sources */ = {isa = PBXBuildFile; fileRef = 3D29986917E5E29C001A371D /* MovieImagesVC.m */; };
		3D309A2917A85DBC00BB5D13 /* UIColor+CH.m in Sources */ = {isa = PBXBuildFile; fileRef = 3D309A2817A85DBC00BB5D13 /* UIColor+CH.m */; };
		3D309A2C17A8674000BB5D13 /* UIImage+CH.m in Sources */ = {isa = PBXBuildFile; fileRef = 3D309A2B17A8674000BB5D13 /* UIImage+CH.m */; };
		3D39B91517208DC70011DF39 /* ComingSoonVC.m in Sources */ = {isa = PBXBuildFile; fileRef = 3D39B91417208DC70011DF39 /* ComingSoonVC.m */; };
		3D3C3D741741345C004D1E56 /* VideoItem.m in Sources */ = {isa = PBXBuildFile; fileRef = 3D3C3D731741345C004D1E56 /* VideoItem.m */; };
		3D3FA6ED174D91CC0067AE57 /* VideoVC.m in Sources */ = {isa = PBXBuildFile; fileRef = 3D3FA6EC174D91CB0067AE57 /* VideoVC.m */; };
		3D4A191917EFA4A200893A65 /* GlobalNavigationController.m in Sources */ = {isa = PBXBuildFile; fileRef = 3D4A191817EFA4A200893A65 /* GlobalNavigationController.m */; };
		3D521E1A17443FE1009ED580 /* CinesVC.m in Sources */ = {isa = PBXBuildFile; fileRef = 3D521E1917443FE0009ED580 /* CinesVC.m */; };
		3D521E1F17445DD5009ED580 /* FuncionesVC.m in Sources */ = {isa = PBXBuildFile; fileRef = 3D521E1E17445DD4009ED580 /* FuncionesVC.m */; };
		3D6F663A17E54A7600BEE481 /* MyMultilineLabel.m in Sources */ = {isa = PBXBuildFile; fileRef = 3D6F663917E54A7600BEE481 /* MyMultilineLabel.m */; };
		3D81339B177E3D95006A017C /* CineHorariosTableViewController.m in Sources */ = {isa = PBXBuildFile; fileRef = 3D81339A177E3D95006A017C /* CineHorariosTableViewController.m */; };
		3D81339E177E3F6E006A017C /* CarteleraCell.m in Sources */ = {isa = PBXBuildFile; fileRef = 3D81339D177E3F6D006A017C /* CarteleraCell.m */; };
		3DDB7107170A516B00EC3E51 /* Foundation.framework in Frameworks */ = {isa = PBXBuildFile; fileRef = 3DDB7106170A516B00EC3E51 /* Foundation.framework */; };
		3DDB7109170A516B00EC3E51 /* CoreGraphics.framework in Frameworks */ = {isa = PBXBuildFile; fileRef = 3DDB7108170A516B00EC3E51 /* CoreGraphics.framework */; };
		3DDB7115170A516B00EC3E51 /* AppDelegate.m in Sources */ = {isa = PBXBuildFile; fileRef = 3DDB7114170A516B00EC3E51 /* AppDelegate.m */; };
		3DDD5AEB18020ACC00720ABD /* MovieCinemasVC.m in Sources */ = {isa = PBXBuildFile; fileRef = 16C7EB56173E0EFF001CF782 /* MovieCinemasVC.m */; };
		3DDD5AEF18020C8700720ABD /* Cinemas.plist in Resources */ = {isa = PBXBuildFile; fileRef = 3DDD5AEE18020C8700720ABD /* Cinemas.plist */; };
		3DFA54CC170B3512003E2208 /* main.m in Sources */ = {isa = PBXBuildFile; fileRef = 3DDB7110170A516B00EC3E51 /* main.m */; };
		6E57396518273C9900ADB8D9 /* MapKit.framework in Frameworks */ = {isa = PBXBuildFile; fileRef = 6E57396418273C9900ADB8D9 /* MapKit.framework */; };
		6E57396818273D3400ADB8D9 /* CloseTheatersVC.m in Sources */ = {isa = PBXBuildFile; fileRef = 6E57396718273D3400ADB8D9 /* CloseTheatersVC.m */; };
		6E57396B18273E5F00ADB8D9 /* AnnotationTheater.m in Sources */ = {isa = PBXBuildFile; fileRef = 6E57396A18273E5F00ADB8D9 /* AnnotationTheater.m */; };
		6E57396D182755A300ADB8D9 /* CoreLocation.framework in Frameworks */ = {isa = PBXBuildFile; fileRef = 6E57396C182755A300ADB8D9 /* CoreLocation.framework */; };
		6E9A47B11860F351004BDE46 /* MEDynamicTransition.m in Sources */ = {isa = PBXBuildFile; fileRef = 6E9A47B01860F351004BDE46 /* MEDynamicTransition.m */; };
/* End PBXBuildFile section */

/* Begin PBXFileReference section */
		1611F38A17FCB710006C6D09 /* SwatchTransition.h */ = {isa = PBXFileReference; fileEncoding = 4; lastKnownFileType = sourcecode.c.h; path = SwatchTransition.h; sourceTree = "<group>"; };
		1611F38B17FCB710006C6D09 /* SwatchTransition.m */ = {isa = PBXFileReference; fileEncoding = 4; lastKnownFileType = sourcecode.c.objc; path = SwatchTransition.m; sourceTree = "<group>"; };
		16158EE717805E57002B6F73 /* Storyboard.storyboard */ = {isa = PBXFileReference; fileEncoding = 4; lastKnownFileType = file.storyboard; path = Storyboard.storyboard; sourceTree = "<group>"; };
		162414A317BC946E00083708 /* Images.xcassets */ = {isa = PBXFileReference; lastKnownFileType = folder.assetcatalog; path = Images.xcassets; sourceTree = "<group>"; };
		1628571D185F607E00DBD491 /* UIView+CH.h */ = {isa = PBXFileReference; fileEncoding = 4; lastKnownFileType = sourcecode.c.h; path = "UIView+CH.h"; sourceTree = "<group>"; };
		1628571E185F607E00DBD491 /* UIView+CH.m */ = {isa = PBXFileReference; fileEncoding = 4; lastKnownFileType = sourcecode.c.objc; path = "UIView+CH.m"; sourceTree = "<group>"; };
		1629F85217FF4EFA001428C1 /* SettingsVC.h */ = {isa = PBXFileReference; fileEncoding = 4; lastKnownFileType = sourcecode.c.h; path = SettingsVC.h; sourceTree = "<group>"; };
		1629F85317FF4EFA001428C1 /* SettingsVC.m */ = {isa = PBXFileReference; fileEncoding = 4; lastKnownFileType = sourcecode.c.objc; path = SettingsVC.m; sourceTree = "<group>"; };
		162FD5661741862200616105 /* Actor.h */ = {isa = PBXFileReference; fileEncoding = 4; lastKnownFileType = sourcecode.c.h; path = Actor.h; sourceTree = "<group>"; };
		162FD5671741862300616105 /* Actor.m */ = {isa = PBXFileReference; fileEncoding = 4; lastKnownFileType = sourcecode.c.objc; path = Actor.m; sourceTree = "<group>"; };
		1630E1AD17D9183800C9D977 /* CHCell.h */ = {isa = PBXFileReference; fileEncoding = 4; lastKnownFileType = sourcecode.c.h; path = CHCell.h; sourceTree = "<group>"; };
		1630E1AE17D9183800C9D977 /* CHCell.m */ = {isa = PBXFileReference; fileEncoding = 4; lastKnownFileType = sourcecode.c.objc; path = CHCell.m; sourceTree = "<group>"; };
		1639492417F9BA1700AB7DE7 /* CastVC.h */ = {isa = PBXFileReference; fileEncoding = 4; lastKnownFileType = sourcecode.c.h; path = CastVC.h; sourceTree = "<group>"; };
		1639492517F9BA1700AB7DE7 /* CastVC.m */ = {isa = PBXFileReference; fileEncoding = 4; lastKnownFileType = sourcecode.c.objc; path = CastVC.m; sourceTree = "<group>"; };
		1639492717F9BB7F00AB7DE7 /* ActorCell.h */ = {isa = PBXFileReference; fileEncoding = 4; lastKnownFileType = sourcecode.c.h; path = ActorCell.h; sourceTree = "<group>"; };
		1639492817F9BB7F00AB7DE7 /* ActorCell.m */ = {isa = PBXFileReference; fileEncoding = 4; lastKnownFileType = sourcecode.c.objc; path = ActorCell.m; sourceTree = "<group>"; };
		1639492A17F9BBDB00AB7DE7 /* DirectorCell.h */ = {isa = PBXFileReference; fileEncoding = 4; lastKnownFileType = sourcecode.c.h; path = DirectorCell.h; sourceTree = "<group>"; };
		1639492B17F9BBDB00AB7DE7 /* DirectorCell.m */ = {isa = PBXFileReference; fileEncoding = 4; lastKnownFileType = sourcecode.c.objc; path = DirectorCell.m; sourceTree = "<group>"; };
		163BAB1F1763C34400A81BF7 /* WebVC.h */ = {isa = PBXFileReference; fileEncoding = 4; lastKnownFileType = sourcecode.c.h; path = WebVC.h; sourceTree = "<group>"; };
		163BAB201763C34400A81BF7 /* WebVC.m */ = {isa = PBXFileReference; fileEncoding = 4; lastKnownFileType = sourcecode.c.objc; path = WebVC.m; sourceTree = "<group>"; };
		16547FD618106D8C00B6F24C /* Localizable.strings */ = {isa = PBXFileReference; fileEncoding = 4; lastKnownFileType = text.plist.strings; path = Localizable.strings; sourceTree = "<group>"; };
		16547FD818108D2300B6F24C /* TheaterFunctions.h */ = {isa = PBXFileReference; fileEncoding = 4; lastKnownFileType = sourcecode.c.h; path = TheaterFunctions.h; sourceTree = "<group>"; };
		16547FD918108D2300B6F24C /* TheaterFunctions.m */ = {isa = PBXFileReference; fileEncoding = 4; lastKnownFileType = sourcecode.c.objc; path = TheaterFunctions.m; sourceTree = "<group>"; };
		166595FB177D4A2B00DFB590 /* FunctionCell.h */ = {isa = PBXFileReference; fileEncoding = 4; lastKnownFileType = sourcecode.c.h; path = FunctionCell.h; sourceTree = "<group>"; };
		166595FC177D4A2D00DFB590 /* FunctionCell.m */ = {isa = PBXFileReference; fileEncoding = 4; indentWidth = 4; lastKnownFileType = sourcecode.c.objc; lineEnding = 0; path = FunctionCell.m; sourceTree = "<group>"; tabWidth = 4; xcLanguageSpecificationIdentifier = xcode.lang.objc; };
		16692A30180C7D8A00166885 /* InitialVC.h */ = {isa = PBXFileReference; fileEncoding = 4; lastKnownFileType = sourcecode.c.h; path = InitialVC.h; sourceTree = "<group>"; };
		16692A31180C7D8A00166885 /* InitialVC.m */ = {isa = PBXFileReference; fileEncoding = 4; lastKnownFileType = sourcecode.c.objc; path = InitialVC.m; sourceTree = "<group>"; };
		16692A33180C7DFF00166885 /* MenuVC.h */ = {isa = PBXFileReference; fileEncoding = 4; lastKnownFileType = sourcecode.c.h; path = MenuVC.h; sourceTree = "<group>"; };
		16692A34180C7DFF00166885 /* MenuVC.m */ = {isa = PBXFileReference; fileEncoding = 4; lastKnownFileType = sourcecode.c.objc; path = MenuVC.m; sourceTree = "<group>"; };
		16692A36180C7E2B00166885 /* Menu.plist */ = {isa = PBXFileReference; fileEncoding = 4; lastKnownFileType = text.plist.xml; path = Menu.plist; sourceTree = "<group>"; };
		16692A3B180CAA9600166885 /* MenuCell.h */ = {isa = PBXFileReference; fileEncoding = 4; lastKnownFileType = sourcecode.c.h; path = MenuCell.h; sourceTree = "<group>"; };
		16692A3C180CAA9600166885 /* MenuCell.m */ = {isa = PBXFileReference; fileEncoding = 4; lastKnownFileType = sourcecode.c.objc; path = MenuCell.m; sourceTree = "<group>"; };
		16900CC51740F16100399AF5 /* Movie.h */ = {isa = PBXFileReference; fileEncoding = 4; lastKnownFileType = sourcecode.c.h; path = Movie.h; sourceTree = "<group>"; };
		16900CC61740F16100399AF5 /* Movie.m */ = {isa = PBXFileReference; fileEncoding = 4; lastKnownFileType = sourcecode.c.objc; path = Movie.m; sourceTree = "<group>"; };
		16900CCE1740F1C600399AF5 /* BasicMovie.h */ = {isa = PBXFileReference; fileEncoding = 4; lastKnownFileType = sourcecode.c.h; path = BasicMovie.h; sourceTree = "<group>"; };
		16900CCF1740F1C600399AF5 /* BasicMovie.m */ = {isa = PBXFileReference; fileEncoding = 4; lastKnownFileType = sourcecode.c.objc; path = BasicMovie.m; sourceTree = "<group>"; };
		16956FCD17D7E84100355AA7 /* UIFont+CH.h */ = {isa = PBXFileReference; fileEncoding = 4; lastKnownFileType = sourcecode.c.h; path = "UIFont+CH.h"; sourceTree = "<group>"; };
		16956FCE17D7E84100355AA7 /* UIFont+CH.m */ = {isa = PBXFileReference; fileEncoding = 4; lastKnownFileType = sourcecode.c.objc; path = "UIFont+CH.m"; sourceTree = "<group>"; };
		16C7EB55173E0EFF001CF782 /* MovieCinemasVC.h */ = {isa = PBXFileReference; fileEncoding = 4; lastKnownFileType = sourcecode.c.h; path = MovieCinemasVC.h; sourceTree = "<group>"; };
		16C7EB56173E0EFF001CF782 /* MovieCinemasVC.m */ = {isa = PBXFileReference; fileEncoding = 4; lastKnownFileType = sourcecode.c.objc; path = MovieCinemasVC.m; sourceTree = "<group>"; };
		16C7EB5B173E3447001CF782 /* BasicItem.h */ = {isa = PBXFileReference; fileEncoding = 4; lastKnownFileType = sourcecode.c.h; path = BasicItem.h; sourceTree = "<group>"; };
		16C7EB5C173E3447001CF782 /* BasicItem.m */ = {isa = PBXFileReference; fileEncoding = 4; lastKnownFileType = sourcecode.c.objc; path = BasicItem.m; sourceTree = "<group>"; };
		16C7EB5E173E3582001CF782 /* BasicImageItem.h */ = {isa = PBXFileReference; fileEncoding = 4; lastKnownFileType = sourcecode.c.h; path = BasicImageItem.h; sourceTree = "<group>"; };
		16C7EB5F173E3582001CF782 /* BasicImageItem.m */ = {isa = PBXFileReference; fileEncoding = 4; lastKnownFileType = sourcecode.c.objc; path = BasicImageItem.m; sourceTree = "<group>"; };
		16C7EB61173E3A06001CF782 /* Theater.h */ = {isa = PBXFileReference; fileEncoding = 4; lastKnownFileType = sourcecode.c.h; path = Theater.h; sourceTree = "<group>"; };
		16C7EB62173E3A06001CF782 /* Theater.m */ = {isa = PBXFileReference; fileEncoding = 4; lastKnownFileType = sourcecode.c.objc; path = Theater.m; sourceTree = "<group>"; };
		16C7EB64173E3B7F001CF782 /* Function.h */ = {isa = PBXFileReference; fileEncoding = 4; lastKnownFileType = sourcecode.c.h; path = Function.h; sourceTree = "<group>"; };
		16C7EB65173E3B7F001CF782 /* Function.m */ = {isa = PBXFileReference; fileEncoding = 4; lastKnownFileType = sourcecode.c.objc; path = Function.m; sourceTree = "<group>"; };
		16C8BC6917D4F4EC00EF7390 /* FileHandler.h */ = {isa = PBXFileReference; fileEncoding = 4; lastKnownFileType = sourcecode.c.h; path = FileHandler.h; sourceTree = "<group>"; };
		16C8BC6A17D4F4EC00EF7390 /* FileHandler.m */ = {isa = PBXFileReference; fileEncoding = 4; lastKnownFileType = sourcecode.c.objc; path = FileHandler.m; sourceTree = "<group>"; };
		16CF5BED173A460500973229 /* Cine Horarios.entitlements */ = {isa = PBXFileReference; lastKnownFileType = text.xml; path = "Cine Horarios.entitlements"; sourceTree = "<group>"; };
		16F86ED617DE8F6D00F2722C /* MovieVC.h */ = {isa = PBXFileReference; fileEncoding = 4; lastKnownFileType = sourcecode.c.h; path = MovieVC.h; sourceTree = "<group>"; };
		16F86ED717DE8F6D00F2722C /* MovieVC.m */ = {isa = PBXFileReference; fileEncoding = 4; lastKnownFileType = sourcecode.c.objc; path = MovieVC.m; sourceTree = "<group>"; };
		16FE20FE240A4851B2B1F69C /* Pods.xcconfig */ = {isa = PBXFileReference; includeInIndex = 1; lastKnownFileType = text.xcconfig; name = Pods.xcconfig; path = Pods/Pods.xcconfig; sourceTree = SOURCE_ROOT; };
		16FED04C1780B5F900318D92 /* ComingSoonCell.h */ = {isa = PBXFileReference; fileEncoding = 4; lastKnownFileType = sourcecode.c.h; path = ComingSoonCell.h; sourceTree = "<group>"; };
		16FED04D1780B5F900318D92 /* ComingSoonCell.m */ = {isa = PBXFileReference; fileEncoding = 4; lastKnownFileType = sourcecode.c.objc; lineEnding = 0; path = ComingSoonCell.m; sourceTree = "<group>"; xcLanguageSpecificationIdentifier = xcode.lang.objc; };
		3D00E5BE170DDB2400C7DAAE /* TheatersVC.h */ = {isa = PBXFileReference; fileEncoding = 4; lastKnownFileType = sourcecode.c.h; path = TheatersVC.h; sourceTree = "<group>"; };
		3D00E5BF170DDB2400C7DAAE /* TheatersVC.m */ = {isa = PBXFileReference; fileEncoding = 4; lastKnownFileType = sourcecode.c.objc; lineEnding = 0; path = TheatersVC.m; sourceTree = "<group>"; xcLanguageSpecificationIdentifier = xcode.lang.objc; };
		3D086041173B08CB0047B90A /* FavoritesVC.h */ = {isa = PBXFileReference; fileEncoding = 4; lastKnownFileType = sourcecode.c.h; path = FavoritesVC.h; sourceTree = "<group>"; };
		3D086042173B08CB0047B90A /* FavoritesVC.m */ = {isa = PBXFileReference; fileEncoding = 4; lastKnownFileType = sourcecode.c.objc; lineEnding = 0; path = FavoritesVC.m; sourceTree = "<group>"; xcLanguageSpecificationIdentifier = xcode.lang.objc; };
		3D111A4C170C92250043D2D2 /* CineHorariosApiClient.h */ = {isa = PBXFileReference; lastKnownFileType = sourcecode.c.h; path = CineHorariosApiClient.h; sourceTree = "<group>"; };
		3D111A4D170C92250043D2D2 /* CineHorariosApiClient.m */ = {isa = PBXFileReference; lastKnownFileType = sourcecode.c.objc; path = CineHorariosApiClient.m; sourceTree = "<group>"; };
		3D12FF8018110E0300BDA8FB /* UIImageView+CH.h */ = {isa = PBXFileReference; fileEncoding = 4; lastKnownFileType = sourcecode.c.h; path = "UIImageView+CH.h"; sourceTree = "<group>"; };
		3D12FF8118110E0300BDA8FB /* UIImageView+CH.m */ = {isa = PBXFileReference; fileEncoding = 4; lastKnownFileType = sourcecode.c.objc; path = "UIImageView+CH.m"; sourceTree = "<group>"; };
		3D1318B417F06866005B249C /* Info.plist */ = {isa = PBXFileReference; fileEncoding = 4; lastKnownFileType = text.plist.xml; path = Info.plist; sourceTree = "<group>"; };
		3D26BDCF1743EE3900A2FCC5 /* CarteleraVC.h */ = {isa = PBXFileReference; fileEncoding = 4; lastKnownFileType = sourcecode.c.h; path = CarteleraVC.h; sourceTree = "<group>"; };
		3D26BDD01743EE3900A2FCC5 /* CarteleraVC.m */ = {isa = PBXFileReference; fileEncoding = 4; lastKnownFileType = sourcecode.c.objc; lineEnding = 0; path = CarteleraVC.m; sourceTree = "<group>"; xcLanguageSpecificationIdentifier = xcode.lang.objc; };
		3D29981417E5AA28001A371D /* UIKit.framework */ = {isa = PBXFileReference; lastKnownFileType = wrapper.framework; name = UIKit.framework; path = System/Library/Frameworks/UIKit.framework; sourceTree = SDKROOT; };
		3D29981617E5AA33001A371D /* SystemConfiguration.framework */ = {isa = PBXFileReference; lastKnownFileType = wrapper.framework; name = SystemConfiguration.framework; path = System/Library/Frameworks/SystemConfiguration.framework; sourceTree = SDKROOT; };
		3D29981817E5AA46001A371D /* QuartzCore.framework */ = {isa = PBXFileReference; lastKnownFileType = wrapper.framework; name = QuartzCore.framework; path = System/Library/Frameworks/QuartzCore.framework; sourceTree = SDKROOT; };
		3D29986817E5E29C001A371D /* MovieImagesVC.h */ = {isa = PBXFileReference; fileEncoding = 4; lastKnownFileType = sourcecode.c.h; path = MovieImagesVC.h; sourceTree = "<group>"; };
		3D29986917E5E29C001A371D /* MovieImagesVC.m */ = {isa = PBXFileReference; fileEncoding = 4; lastKnownFileType = sourcecode.c.objc; path = MovieImagesVC.m; sourceTree = "<group>"; };
		3D309A2717A85DBC00BB5D13 /* UIColor+CH.h */ = {isa = PBXFileReference; fileEncoding = 4; lastKnownFileType = sourcecode.c.h; path = "UIColor+CH.h"; sourceTree = "<group>"; };
		3D309A2817A85DBC00BB5D13 /* UIColor+CH.m */ = {isa = PBXFileReference; fileEncoding = 4; lastKnownFileType = sourcecode.c.objc; path = "UIColor+CH.m"; sourceTree = "<group>"; };
		3D309A2A17A8674000BB5D13 /* UIImage+CH.h */ = {isa = PBXFileReference; fileEncoding = 4; lastKnownFileType = sourcecode.c.h; path = "UIImage+CH.h"; sourceTree = "<group>"; };
		3D309A2B17A8674000BB5D13 /* UIImage+CH.m */ = {isa = PBXFileReference; fileEncoding = 4; lastKnownFileType = sourcecode.c.objc; path = "UIImage+CH.m"; sourceTree = "<group>"; };
		3D39B91317208DC70011DF39 /* ComingSoonVC.h */ = {isa = PBXFileReference; fileEncoding = 4; lastKnownFileType = sourcecode.c.h; path = ComingSoonVC.h; sourceTree = "<group>"; };
		3D39B91417208DC70011DF39 /* ComingSoonVC.m */ = {isa = PBXFileReference; fileEncoding = 4; lastKnownFileType = sourcecode.c.objc; lineEnding = 0; path = ComingSoonVC.m; sourceTree = "<group>"; xcLanguageSpecificationIdentifier = xcode.lang.objc; };
		3D3C3D721741345C004D1E56 /* VideoItem.h */ = {isa = PBXFileReference; fileEncoding = 4; lastKnownFileType = sourcecode.c.h; path = VideoItem.h; sourceTree = "<group>"; };
		3D3C3D731741345C004D1E56 /* VideoItem.m */ = {isa = PBXFileReference; fileEncoding = 4; lastKnownFileType = sourcecode.c.objc; path = VideoItem.m; sourceTree = "<group>"; };
		3D3FA6EB174D91C90067AE57 /* VideoVC.h */ = {isa = PBXFileReference; fileEncoding = 4; lastKnownFileType = sourcecode.c.h; path = VideoVC.h; sourceTree = "<group>"; };
		3D3FA6EC174D91CB0067AE57 /* VideoVC.m */ = {isa = PBXFileReference; fileEncoding = 4; lastKnownFileType = sourcecode.c.objc; path = VideoVC.m; sourceTree = "<group>"; };
		3D4A191717EFA4A200893A65 /* GlobalNavigationController.h */ = {isa = PBXFileReference; fileEncoding = 4; lastKnownFileType = sourcecode.c.h; path = GlobalNavigationController.h; sourceTree = "<group>"; };
		3D4A191817EFA4A200893A65 /* GlobalNavigationController.m */ = {isa = PBXFileReference; fileEncoding = 4; lastKnownFileType = sourcecode.c.objc; path = GlobalNavigationController.m; sourceTree = "<group>"; };
		3D521E1817443FDF009ED580 /* CinesVC.h */ = {isa = PBXFileReference; fileEncoding = 4; lastKnownFileType = sourcecode.c.h; path = CinesVC.h; sourceTree = "<group>"; };
		3D521E1917443FE0009ED580 /* CinesVC.m */ = {isa = PBXFileReference; fileEncoding = 4; lastKnownFileType = sourcecode.c.objc; path = CinesVC.m; sourceTree = "<group>"; };
		3D521E1D17445DD2009ED580 /* FuncionesVC.h */ = {isa = PBXFileReference; fileEncoding = 4; lastKnownFileType = sourcecode.c.h; path = FuncionesVC.h; sourceTree = "<group>"; };
		3D521E1E17445DD4009ED580 /* FuncionesVC.m */ = {isa = PBXFileReference; fileEncoding = 4; lastKnownFileType = sourcecode.c.objc; lineEnding = 0; path = FuncionesVC.m; sourceTree = "<group>"; xcLanguageSpecificationIdentifier = xcode.lang.objc; };
		3D6F663817E54A7600BEE481 /* MyMultilineLabel.h */ = {isa = PBXFileReference; fileEncoding = 4; lastKnownFileType = sourcecode.c.h; path = MyMultilineLabel.h; sourceTree = "<group>"; };
		3D6F663917E54A7600BEE481 /* MyMultilineLabel.m */ = {isa = PBXFileReference; fileEncoding = 4; lastKnownFileType = sourcecode.c.objc; path = MyMultilineLabel.m; sourceTree = "<group>"; };
		3D813399177E3D95006A017C /* CineHorariosTableViewController.h */ = {isa = PBXFileReference; fileEncoding = 4; lastKnownFileType = sourcecode.c.h; path = CineHorariosTableViewController.h; sourceTree = "<group>"; };
		3D81339A177E3D95006A017C /* CineHorariosTableViewController.m */ = {isa = PBXFileReference; fileEncoding = 4; lastKnownFileType = sourcecode.c.objc; lineEnding = 0; path = CineHorariosTableViewController.m; sourceTree = "<group>"; xcLanguageSpecificationIdentifier = xcode.lang.objc; };
		3D81339C177E3F6D006A017C /* CarteleraCell.h */ = {isa = PBXFileReference; fileEncoding = 4; lastKnownFileType = sourcecode.c.h; path = CarteleraCell.h; sourceTree = "<group>"; };
		3D81339D177E3F6D006A017C /* CarteleraCell.m */ = {isa = PBXFileReference; fileEncoding = 4; lastKnownFileType = sourcecode.c.objc; lineEnding = 0; path = CarteleraCell.m; sourceTree = "<group>"; xcLanguageSpecificationIdentifier = xcode.lang.objc; };
		3D881271175CD9E30034FDA9 /* MovieFunctionsVC.h */ = {isa = PBXFileReference; fileEncoding = 4; lastKnownFileType = sourcecode.c.h; path = MovieFunctionsVC.h; sourceTree = "<group>"; };
		3D881272175CD9E30034FDA9 /* MovieFunctionsVC.m */ = {isa = PBXFileReference; fileEncoding = 4; lastKnownFileType = sourcecode.c.objc; path = MovieFunctionsVC.m; sourceTree = "<group>"; };
		3DA91D34174144A200E3AFB0 /* icloud.plist */ = {isa = PBXFileReference; fileEncoding = 4; lastKnownFileType = text.plist.xml; path = icloud.plist; sourceTree = "<group>"; };
		3DDB7100170A516B00EC3E51 /* Cine Horarios.app */ = {isa = PBXFileReference; explicitFileType = wrapper.application; includeInIndex = 0; path = "Cine Horarios.app"; sourceTree = BUILT_PRODUCTS_DIR; };
		3DDB7106170A516B00EC3E51 /* Foundation.framework */ = {isa = PBXFileReference; lastKnownFileType = wrapper.framework; name = Foundation.framework; path = System/Library/Frameworks/Foundation.framework; sourceTree = SDKROOT; };
		3DDB7108170A516B00EC3E51 /* CoreGraphics.framework */ = {isa = PBXFileReference; lastKnownFileType = wrapper.framework; name = CoreGraphics.framework; path = System/Library/Frameworks/CoreGraphics.framework; sourceTree = SDKROOT; };
		3DDB7110170A516B00EC3E51 /* main.m */ = {isa = PBXFileReference; lastKnownFileType = sourcecode.c.objc; path = main.m; sourceTree = "<group>"; };
		3DDB7112170A516B00EC3E51 /* Cine Horarios-Prefix.pch */ = {isa = PBXFileReference; lastKnownFileType = sourcecode.c.h; path = "Cine Horarios-Prefix.pch"; sourceTree = "<group>"; };
		3DDB7113170A516B00EC3E51 /* AppDelegate.h */ = {isa = PBXFileReference; lastKnownFileType = sourcecode.c.h; path = AppDelegate.h; sourceTree = "<group>"; };
		3DDB7114170A516B00EC3E51 /* AppDelegate.m */ = {isa = PBXFileReference; lastKnownFileType = sourcecode.c.objc; path = AppDelegate.m; sourceTree = "<group>"; };
		3DDD5AEE18020C8700720ABD /* Cinemas.plist */ = {isa = PBXFileReference; fileEncoding = 4; lastKnownFileType = text.plist.xml; path = Cinemas.plist; sourceTree = "<group>"; };
		6E57396418273C9900ADB8D9 /* MapKit.framework */ = {isa = PBXFileReference; lastKnownFileType = wrapper.framework; name = MapKit.framework; path = System/Library/Frameworks/MapKit.framework; sourceTree = SDKROOT; };
		6E57396618273D3400ADB8D9 /* CloseTheatersVC.h */ = {isa = PBXFileReference; fileEncoding = 4; lastKnownFileType = sourcecode.c.h; path = CloseTheatersVC.h; sourceTree = "<group>"; };
		6E57396718273D3400ADB8D9 /* CloseTheatersVC.m */ = {isa = PBXFileReference; fileEncoding = 4; lastKnownFileType = sourcecode.c.objc; path = CloseTheatersVC.m; sourceTree = "<group>"; };
		6E57396918273E5F00ADB8D9 /* AnnotationTheater.h */ = {isa = PBXFileReference; fileEncoding = 4; lastKnownFileType = sourcecode.c.h; path = AnnotationTheater.h; sourceTree = "<group>"; };
		6E57396A18273E5F00ADB8D9 /* AnnotationTheater.m */ = {isa = PBXFileReference; fileEncoding = 4; lastKnownFileType = sourcecode.c.objc; path = AnnotationTheater.m; sourceTree = "<group>"; };
		6E57396C182755A300ADB8D9 /* CoreLocation.framework */ = {isa = PBXFileReference; lastKnownFileType = wrapper.framework; name = CoreLocation.framework; path = System/Library/Frameworks/CoreLocation.framework; sourceTree = SDKROOT; };
		6E9A47AF1860F351004BDE46 /* MEDynamicTransition.h */ = {isa = PBXFileReference; fileEncoding = 4; lastKnownFileType = sourcecode.c.h; path = MEDynamicTransition.h; sourceTree = "<group>"; };
		6E9A47B01860F351004BDE46 /* MEDynamicTransition.m */ = {isa = PBXFileReference; fileEncoding = 4; lastKnownFileType = sourcecode.c.objc; path = MEDynamicTransition.m; sourceTree = "<group>"; };
		D6762D0B3F59498CA72154F7 /* libPods.a */ = {isa = PBXFileReference; explicitFileType = archive.ar; includeInIndex = 0; path = libPods.a; sourceTree = BUILT_PRODUCTS_DIR; };
/* End PBXFileReference section */

/* Begin PBXFrameworksBuildPhase section */
		3DDB70FD170A516B00EC3E51 /* Frameworks */ = {
			isa = PBXFrameworksBuildPhase;
			buildActionMask = 2147483647;
			files = (
				6E57396D182755A300ADB8D9 /* CoreLocation.framework in Frameworks */,
				6E57396518273C9900ADB8D9 /* MapKit.framework in Frameworks */,
				3D29981917E5AA46001A371D /* QuartzCore.framework in Frameworks */,
				3D29981717E5AA33001A371D /* SystemConfiguration.framework in Frameworks */,
				3D29981517E5AA28001A371D /* UIKit.framework in Frameworks */,
				3DDB7107170A516B00EC3E51 /* Foundation.framework in Frameworks */,
				3DDB7109170A516B00EC3E51 /* CoreGraphics.framework in Frameworks */,
				2B2B30865DEB412FAC228ABA /* libPods.a in Frameworks */,
			);
			runOnlyForDeploymentPostprocessing = 0;
		};
/* End PBXFrameworksBuildPhase section */

/* Begin PBXGroup section */
		1611F38917FCB6FB006C6D09 /* Transitions */ = {
			isa = PBXGroup;
			children = (
				1611F38A17FCB710006C6D09 /* SwatchTransition.h */,
				1611F38B17FCB710006C6D09 /* SwatchTransition.m */,
			);
			name = Transitions;
			sourceTree = "<group>";
		};
		16F008A1180DED1300A15060 /* Vendor */ = {
			isa = PBXGroup;
			children = (
				6E9A47AF1860F351004BDE46 /* MEDynamicTransition.h */,
				6E9A47B01860F351004BDE46 /* MEDynamicTransition.m */,
			);
			name = Vendor;
			sourceTree = "<group>";
		};
		3D111A4F170C97140043D2D2 /* Classes */ = {
			isa = PBXGroup;
			children = (
				1611F38917FCB6FB006C6D09 /* Transitions */,
				3DDB7113170A516B00EC3E51 /* AppDelegate.h */,
				3DDB7114170A516B00EC3E51 /* AppDelegate.m */,
				3D111A4C170C92250043D2D2 /* CineHorariosApiClient.h */,
				3D111A4D170C92250043D2D2 /* CineHorariosApiClient.m */,
				16C8BC6917D4F4EC00EF7390 /* FileHandler.h */,
				16C8BC6A17D4F4EC00EF7390 /* FileHandler.m */,
				3DC9A748170CCA69008B9FF9 /* Views */,
				3DC9A744170CC432008B9FF9 /* Models */,
				16158EE717805E57002B6F73 /* Storyboard.storyboard */,
				3D111A52170C977C0043D2D2 /* Controllers */,
				3D309A2617A85D9600BB5D13 /* Categories */,
				3D111A51170C97670043D2D2 /* ModelViewControllers */,
			);
			name = Classes;
			sourceTree = "<group>";
		};
		3D111A51170C97670043D2D2 /* ModelViewControllers */ = {
			isa = PBXGroup;
			children = (
				3D813399177E3D95006A017C /* CineHorariosTableViewController.h */,
				3D81339A177E3D95006A017C /* CineHorariosTableViewController.m */,
				3D4A191717EFA4A200893A65 /* GlobalNavigationController.h */,
				3D4A191817EFA4A200893A65 /* GlobalNavigationController.m */,
			);
			name = ModelViewControllers;
			sourceTree = "<group>";
		};
		3D111A52170C977C0043D2D2 /* Controllers */ = {
			isa = PBXGroup;
			children = (
				16692A30180C7D8A00166885 /* InitialVC.h */,
				16692A31180C7D8A00166885 /* InitialVC.m */,
				16692A33180C7DFF00166885 /* MenuVC.h */,
				16692A34180C7DFF00166885 /* MenuVC.m */,
				3D521E1817443FDF009ED580 /* CinesVC.h */,
				3D521E1917443FE0009ED580 /* CinesVC.m */,
				3D086041173B08CB0047B90A /* FavoritesVC.h */,
				3D086042173B08CB0047B90A /* FavoritesVC.m */,
				3D00E5BE170DDB2400C7DAAE /* TheatersVC.h */,
				3D00E5BF170DDB2400C7DAAE /* TheatersVC.m */,
				3D521E1D17445DD2009ED580 /* FuncionesVC.h */,
				3D521E1E17445DD4009ED580 /* FuncionesVC.m */,
				3D26BDCF1743EE3900A2FCC5 /* CarteleraVC.h */,
				3D26BDD01743EE3900A2FCC5 /* CarteleraVC.m */,
				3D39B91317208DC70011DF39 /* ComingSoonVC.h */,
				3D39B91417208DC70011DF39 /* ComingSoonVC.m */,
				16F86ED617DE8F6D00F2722C /* MovieVC.h */,
				16F86ED717DE8F6D00F2722C /* MovieVC.m */,
				1639492417F9BA1700AB7DE7 /* CastVC.h */,
				1639492517F9BA1700AB7DE7 /* CastVC.m */,
				3D29986817E5E29C001A371D /* MovieImagesVC.h */,
				3D29986917E5E29C001A371D /* MovieImagesVC.m */,
				16C7EB55173E0EFF001CF782 /* MovieCinemasVC.h */,
				16C7EB56173E0EFF001CF782 /* MovieCinemasVC.m */,
				3D881271175CD9E30034FDA9 /* MovieFunctionsVC.h */,
				3D881272175CD9E30034FDA9 /* MovieFunctionsVC.m */,
				3D3FA6EB174D91C90067AE57 /* VideoVC.h */,
				3D3FA6EC174D91CB0067AE57 /* VideoVC.m */,
				163BAB1F1763C34400A81BF7 /* WebVC.h */,
				163BAB201763C34400A81BF7 /* WebVC.m */,
				1629F85217FF4EFA001428C1 /* SettingsVC.h */,
				1629F85317FF4EFA001428C1 /* SettingsVC.m */,
				6E57396618273D3400ADB8D9 /* CloseTheatersVC.h */,
				6E57396718273D3400ADB8D9 /* CloseTheatersVC.m */,
			);
			name = Controllers;
			sourceTree = "<group>";
		};
		3D309A2617A85D9600BB5D13 /* Categories */ = {
			isa = PBXGroup;
			children = (
				3D309A2717A85DBC00BB5D13 /* UIColor+CH.h */,
				3D309A2817A85DBC00BB5D13 /* UIColor+CH.m */,
				3D309A2A17A8674000BB5D13 /* UIImage+CH.h */,
				3D309A2B17A8674000BB5D13 /* UIImage+CH.m */,
				16956FCD17D7E84100355AA7 /* UIFont+CH.h */,
				16956FCE17D7E84100355AA7 /* UIFont+CH.m */,
				3D12FF8018110E0300BDA8FB /* UIImageView+CH.h */,
				3D12FF8118110E0300BDA8FB /* UIImageView+CH.m */,
				1628571D185F607E00DBD491 /* UIView+CH.h */,
				1628571E185F607E00DBD491 /* UIView+CH.m */,
			);
			name = Categories;
			sourceTree = "<group>";
		};
		3DC9A744170CC432008B9FF9 /* Models */ = {
			isa = PBXGroup;
			children = (
				6E57396918273E5F00ADB8D9 /* AnnotationTheater.h */,
				6E57396A18273E5F00ADB8D9 /* AnnotationTheater.m */,
				3D3C3D721741345C004D1E56 /* VideoItem.h */,
				3D3C3D731741345C004D1E56 /* VideoItem.m */,
				16C7EB5B173E3447001CF782 /* BasicItem.h */,
				16C7EB5C173E3447001CF782 /* BasicItem.m */,
				16C7EB5E173E3582001CF782 /* BasicImageItem.h */,
				16C7EB5F173E3582001CF782 /* BasicImageItem.m */,
				16C7EB61173E3A06001CF782 /* Theater.h */,
				16C7EB62173E3A06001CF782 /* Theater.m */,
				16547FD818108D2300B6F24C /* TheaterFunctions.h */,
				16547FD918108D2300B6F24C /* TheaterFunctions.m */,
				16C7EB64173E3B7F001CF782 /* Function.h */,
				16C7EB65173E3B7F001CF782 /* Function.m */,
				16900CCE1740F1C600399AF5 /* BasicMovie.h */,
				16900CCF1740F1C600399AF5 /* BasicMovie.m */,
				16900CC51740F16100399AF5 /* Movie.h */,
				16900CC61740F16100399AF5 /* Movie.m */,
				162FD5661741862200616105 /* Actor.h */,
				162FD5671741862300616105 /* Actor.m */,
			);
			name = Models;
			sourceTree = "<group>";
		};
		3DC9A748170CCA69008B9FF9 /* Views */ = {
			isa = PBXGroup;
			children = (
				166595FB177D4A2B00DFB590 /* FunctionCell.h */,
				166595FC177D4A2D00DFB590 /* FunctionCell.m */,
				3D81339C177E3F6D006A017C /* CarteleraCell.h */,
				3D81339D177E3F6D006A017C /* CarteleraCell.m */,
				16FED04C1780B5F900318D92 /* ComingSoonCell.h */,
				16FED04D1780B5F900318D92 /* ComingSoonCell.m */,
				1630E1AD17D9183800C9D977 /* CHCell.h */,
				1630E1AE17D9183800C9D977 /* CHCell.m */,
				3D6F663817E54A7600BEE481 /* MyMultilineLabel.h */,
				3D6F663917E54A7600BEE481 /* MyMultilineLabel.m */,
				1639492717F9BB7F00AB7DE7 /* ActorCell.h */,
				1639492817F9BB7F00AB7DE7 /* ActorCell.m */,
				1639492A17F9BBDB00AB7DE7 /* DirectorCell.h */,
				1639492B17F9BBDB00AB7DE7 /* DirectorCell.m */,
				16692A3B180CAA9600166885 /* MenuCell.h */,
				16692A3C180CAA9600166885 /* MenuCell.m */,
			);
			name = Views;
			sourceTree = "<group>";
		};
		3DDB70F5170A516B00EC3E51 = {
			isa = PBXGroup;
			children = (
				3DDB710A170A516B00EC3E51 /* Cine Horarios */,
				3DDB7103170A516B00EC3E51 /* Frameworks */,
				3DDB7101170A516B00EC3E51 /* Products */,
				16FE20FE240A4851B2B1F69C /* Pods.xcconfig */,
			);
			sourceTree = "<group>";
		};
		3DDB7101170A516B00EC3E51 /* Products */ = {
			isa = PBXGroup;
			children = (
				3DDB7100170A516B00EC3E51 /* Cine Horarios.app */,
			);
			name = Products;
			sourceTree = "<group>";
		};
		3DDB7103170A516B00EC3E51 /* Frameworks */ = {
			isa = PBXGroup;
			children = (
				6E57396C182755A300ADB8D9 /* CoreLocation.framework */,
				6E57396418273C9900ADB8D9 /* MapKit.framework */,
				3D29981817E5AA46001A371D /* QuartzCore.framework */,
				3D29981617E5AA33001A371D /* SystemConfiguration.framework */,
				3D29981417E5AA28001A371D /* UIKit.framework */,
				3DDB7106170A516B00EC3E51 /* Foundation.framework */,
				3DDB7108170A516B00EC3E51 /* CoreGraphics.framework */,
				D6762D0B3F59498CA72154F7 /* libPods.a */,
			);
			name = Frameworks;
			sourceTree = "<group>";
		};
		3DDB710A170A516B00EC3E51 /* Cine Horarios */ = {
			isa = PBXGroup;
			children = (
				162414A317BC946E00083708 /* Images.xcassets */,
				3D111A4F170C97140043D2D2 /* Classes */,
				3DDB710B170A516B00EC3E51 /* Supporting Files */,
				16F008A1180DED1300A15060 /* Vendor */,
			);
			path = "Cine Horarios";
			sourceTree = "<group>";
		};
		3DDB710B170A516B00EC3E51 /* Supporting Files */ = {
			isa = PBXGroup;
			children = (
				16CF5BED173A460500973229 /* Cine Horarios.entitlements */,
				3DDB7110170A516B00EC3E51 /* main.m */,
				3DDB7112170A516B00EC3E51 /* Cine Horarios-Prefix.pch */,
				3DA91D34174144A200E3AFB0 /* icloud.plist */,
				3D1318B417F06866005B249C /* Info.plist */,
				3DDD5AEE18020C8700720ABD /* Cinemas.plist */,
				16692A36180C7E2B00166885 /* Menu.plist */,
				16547FD618106D8C00B6F24C /* Localizable.strings */,
			);
			name = "Supporting Files";
			sourceTree = "<group>";
		};
/* End PBXGroup section */

/* Begin PBXNativeTarget section */
		3DDB70FF170A516B00EC3E51 /* Cine Horarios */ = {
			isa = PBXNativeTarget;
			buildConfigurationList = 3DDB7124170A516B00EC3E51 /* Build configuration list for PBXNativeTarget "Cine Horarios" */;
			buildPhases = (
				CEEFCCEF326347A5A94F15C7 /* Check Pods Manifest.lock */,
				3DDB70FC170A516B00EC3E51 /* Sources */,
				3DDB70FD170A516B00EC3E51 /* Frameworks */,
				3DDB70FE170A516B00EC3E51 /* Resources */,
				A7D59476405649439AA3020D /* Copy Pods Resources */,
			);
			buildRules = (
			);
			dependencies = (
			);
			name = "Cine Horarios";
			productName = "Cine Horarios";
			productReference = 3DDB7100170A516B00EC3E51 /* Cine Horarios.app */;
			productType = "com.apple.product-type.application";
		};
/* End PBXNativeTarget section */

/* Begin PBXProject section */
		3DDB70F7170A516B00EC3E51 /* Project object */ = {
			isa = PBXProject;
			attributes = {
				LastUpgradeCheck = 0500;
				ORGANIZATIONNAME = "Arturo Espinoza Carrasco";
				TargetAttributes = {
					3DDB70FF170A516B00EC3E51 = {
						DevelopmentTeam = 22ZGXZT3CM;
						SystemCapabilities = {
							com.apple.iCloud = {
								enabled = 1;
							};
						};
					};
				};
			};
			buildConfigurationList = 3DDB70FA170A516B00EC3E51 /* Build configuration list for PBXProject "Cine Horarios" */;
			compatibilityVersion = "Xcode 3.2";
			developmentRegion = English;
			hasScannedForEncodings = 0;
			knownRegions = (
				en,
				"es-CL",
			);
			mainGroup = 3DDB70F5170A516B00EC3E51;
			productRefGroup = 3DDB7101170A516B00EC3E51 /* Products */;
			projectDirPath = "";
			projectRoot = "";
			targets = (
				3DDB70FF170A516B00EC3E51 /* Cine Horarios */,
			);
		};
/* End PBXProject section */

/* Begin PBXResourcesBuildPhase section */
		3DDB70FE170A516B00EC3E51 /* Resources */ = {
			isa = PBXResourcesBuildPhase;
			buildActionMask = 2147483647;
			files = (
				16547FD718106D8C00B6F24C /* Localizable.strings in Resources */,
				162414A417BC946E00083708 /* Images.xcassets in Resources */,
				16692A37180C7E2B00166885 /* Menu.plist in Resources */,
				3DDD5AEF18020C8700720ABD /* Cinemas.plist in Resources */,
				16158EE817805E57002B6F73 /* Storyboard.storyboard in Resources */,
			);
			runOnlyForDeploymentPostprocessing = 0;
		};
/* End PBXResourcesBuildPhase section */

/* Begin PBXShellScriptBuildPhase section */
		A7D59476405649439AA3020D /* Copy Pods Resources */ = {
			isa = PBXShellScriptBuildPhase;
			buildActionMask = 2147483647;
			files = (
			);
			inputPaths = (
			);
			name = "Copy Pods Resources";
			outputPaths = (
			);
			runOnlyForDeploymentPostprocessing = 0;
			shellPath = /bin/sh;
			shellScript = "\"${SRCROOT}/Pods/Pods-resources.sh\"\n";
		};
		CEEFCCEF326347A5A94F15C7 /* Check Pods Manifest.lock */ = {
			isa = PBXShellScriptBuildPhase;
			buildActionMask = 2147483647;
			files = (
			);
			inputPaths = (
			);
			name = "Check Pods Manifest.lock";
			outputPaths = (
			);
			runOnlyForDeploymentPostprocessing = 0;
			shellPath = /bin/sh;
			shellScript = "diff \"${PODS_ROOT}/../Podfile.lock\" \"${PODS_ROOT}/Manifest.lock\" > /dev/null\nif [[ $? != 0 ]] ; then\n    cat << EOM\nerror: The sandbox is not in sync with the Podfile.lock. Run 'pod install' or update your CocoaPods installation.\nEOM\n    exit 1\nfi\n";
		};
/* End PBXShellScriptBuildPhase section */

/* Begin PBXSourcesBuildPhase section */
		3DDB70FC170A516B00EC3E51 /* Sources */ = {
			isa = PBXSourcesBuildPhase;
			buildActionMask = 2147483647;
			files = (
				3D111A4E170C93090043D2D2 /* CineHorariosApiClient.m in Sources */,
				3D12FF8218110E0300BDA8FB /* UIImageView+CH.m in Sources */,
				3DDD5AEB18020ACC00720ABD /* MovieCinemasVC.m in Sources */,
				3DFA54CC170B3512003E2208 /* main.m in Sources */,
				3D309A2C17A8674000BB5D13 /* UIImage+CH.m in Sources */,
				3DDB7115170A516B00EC3E51 /* AppDelegate.m in Sources */,
				3D00E5C0170DDB2400C7DAAE /* TheatersVC.m in Sources */,
				6E57396818273D3400ADB8D9 /* CloseTheatersVC.m in Sources */,
				3D39B91517208DC70011DF39 /* ComingSoonVC.m in Sources */,
				16956FCF17D7E84100355AA7 /* UIFont+CH.m in Sources */,
				16C8BC6B17D4F4EC00EF7390 /* FileHandler.m in Sources */,
				3D086043173B08CB0047B90A /* FavoritesVC.m in Sources */,
				16F86ED817DE8F6D00F2722C /* MovieVC.m in Sources */,
				16C7EB5D173E3447001CF782 /* BasicItem.m in Sources */,
				167B9A401804909D00862289 /* MovieFunctionsVC.m in Sources */,
				16C7EB60173E3582001CF782 /* BasicImageItem.m in Sources */,
				16C7EB63173E3A06001CF782 /* Theater.m in Sources */,
				16C7EB66173E3B7F001CF782 /* Function.m in Sources */,
				16692A35180C7DFF00166885 /* MenuVC.m in Sources */,
				1629F85417FF4EFA001428C1 /* SettingsVC.m in Sources */,
				16900CC71740F16100399AF5 /* Movie.m in Sources */,
				16900CD01740F1C600399AF5 /* BasicMovie.m in Sources */,
				6E9A47B11860F351004BDE46 /* MEDynamicTransition.m in Sources */,
				16692A3D180CAA9600166885 /* MenuCell.m in Sources */,
				3D309A2917A85DBC00BB5D13 /* UIColor+CH.m in Sources */,
				3D3C3D741741345C004D1E56 /* VideoItem.m in Sources */,
				162FD5681741862300616105 /* Actor.m in Sources */,
				6E57396B18273E5F00ADB8D9 /* AnnotationTheater.m in Sources */,
				3D26BDD11743EE3A00A2FCC5 /* CarteleraVC.m in Sources */,
				1639492917F9BB7F00AB7DE7 /* ActorCell.m in Sources */,
				3D6F663A17E54A7600BEE481 /* MyMultilineLabel.m in Sources */,
				3D521E1A17443FE1009ED580 /* CinesVC.m in Sources */,
				3D521E1F17445DD5009ED580 /* FuncionesVC.m in Sources */,
				3D29986A17E5E29C001A371D /* MovieImagesVC.m in Sources */,
				3D3FA6ED174D91CC0067AE57 /* VideoVC.m in Sources */,
				163BAB211763C34500A81BF7 /* WebVC.m in Sources */,
				1628571F185F607E00DBD491 /* UIView+CH.m in Sources */,
				1639492617F9BA1700AB7DE7 /* CastVC.m in Sources */,
				16547FDA18108D2300B6F24C /* TheaterFunctions.m in Sources */,
				3D81339B177E3D95006A017C /* CineHorariosTableViewController.m in Sources */,
				3D4A191917EFA4A200893A65 /* GlobalNavigationController.m in Sources */,
				3D81339E177E3F6E006A017C /* CarteleraCell.m in Sources */,
				1630E1AF17D9183800C9D977 /* CHCell.m in Sources */,
				16692A32180C7D8A00166885 /* InitialVC.m in Sources */,
				165F904B1780326300641600 /* FunctionCell.m in Sources */,
				16FED04E1780B5F900318D92 /* ComingSoonCell.m in Sources */,
				1639492C17F9BBDB00AB7DE7 /* DirectorCell.m in Sources */,
			);
			runOnlyForDeploymentPostprocessing = 0;
		};
/* End PBXSourcesBuildPhase section */

/* Begin XCBuildConfiguration section */
		3DDB7122170A516B00EC3E51 /* Debug */ = {
			isa = XCBuildConfiguration;
			buildSettings = {
				ALWAYS_SEARCH_USER_PATHS = NO;
				CLANG_CXX_LANGUAGE_STANDARD = "gnu++0x";
				CLANG_CXX_LIBRARY = "libc++";
				CLANG_ENABLE_OBJC_ARC = YES;
				CLANG_WARN_EMPTY_BODY = YES;
				CLANG_WARN__DUPLICATE_METHOD_MATCH = YES;
				CODE_SIGN_IDENTITY = "iPhone Developer: Arturo Espinoza (U78BH4D3VC)";
				"CODE_SIGN_IDENTITY[sdk=iphoneos*]" = "iPhone Developer";
				COPY_PHASE_STRIP = NO;
				GCC_C_LANGUAGE_STANDARD = gnu99;
				GCC_DYNAMIC_NO_PIC = NO;
				GCC_OPTIMIZATION_LEVEL = 0;
				GCC_PREPROCESSOR_DEFINITIONS = (
					"DEBUG=1",
					"$(inherited)",
				);
				GCC_SYMBOLS_PRIVATE_EXTERN = NO;
				GCC_WARN_ABOUT_RETURN_TYPE = YES;
				GCC_WARN_UNINITIALIZED_AUTOS = YES;
				GCC_WARN_UNUSED_VARIABLE = YES;
				IPHONEOS_DEPLOYMENT_TARGET = 6.0;
				ONLY_ACTIVE_ARCH = YES;
				PROVISIONING_PROFILE = "22B62458-D956-4692-BA7D-119730DCE021";
				SDKROOT = iphoneos;
			};
			name = Debug;
		};
		3DDB7123170A516B00EC3E51 /* Release */ = {
			isa = XCBuildConfiguration;
			buildSettings = {
				ALWAYS_SEARCH_USER_PATHS = NO;
				CLANG_CXX_LANGUAGE_STANDARD = "gnu++0x";
				CLANG_CXX_LIBRARY = "libc++";
				CLANG_ENABLE_OBJC_ARC = YES;
				CLANG_WARN_EMPTY_BODY = YES;
				CLANG_WARN__DUPLICATE_METHOD_MATCH = YES;
				CODE_SIGN_IDENTITY = "iPhone Distribution: Arturo Espinoza Carrasco";
				"CODE_SIGN_IDENTITY[sdk=iphoneos*]" = "iPhone Developer";
				COPY_PHASE_STRIP = YES;
				GCC_C_LANGUAGE_STANDARD = gnu99;
				GCC_WARN_ABOUT_RETURN_TYPE = YES;
				GCC_WARN_UNINITIALIZED_AUTOS = YES;
				GCC_WARN_UNUSED_VARIABLE = YES;
				IPHONEOS_DEPLOYMENT_TARGET = 6.0;
				OTHER_CFLAGS = "-DNS_BLOCK_ASSERTIONS=1";
				PROVISIONING_PROFILE = "22B62458-D956-4692-BA7D-119730DCE021";
				SDKROOT = iphoneos;
				VALIDATE_PRODUCT = YES;
			};
			name = Release;
		};
		3DDB7125170A516B00EC3E51 /* Debug */ = {
			isa = XCBuildConfiguration;
			baseConfigurationReference = 16FE20FE240A4851B2B1F69C /* Pods.xcconfig */;
			buildSettings = {
				ASSETCATALOG_COMPILER_APPICON_NAME = AppIcon;
				ASSETCATALOG_COMPILER_LAUNCHIMAGE_NAME = LaunchImage;
				CLANG_ENABLE_MODULES = YES;
				CLANG_MODULES_AUTOLINK = NO;
				CODE_SIGN_ENTITLEMENTS = "Cine Horarios/Cine Horarios.entitlements";
				CODE_SIGN_IDENTITY = "iPhone Developer";
				"CODE_SIGN_IDENTITY[sdk=iphoneos*]" = "iPhone Developer";
				GCC_PRECOMPILE_PREFIX_HEADER = YES;
				GCC_PREFIX_HEADER = "Cine Horarios/Cine Horarios-Prefix.pch";
				INFOPLIST_FILE = "$(SRCROOT)/Cine Horarios/Info.plist";
				IPHONEOS_DEPLOYMENT_TARGET = 7.0;
				LIBRARY_SEARCH_PATHS = "$(inherited)";
				PRODUCT_NAME = "Cine Horarios";
				PROVISIONING_PROFILE = "7C23035F-C87A-41A9-8E0C-1E252DBC0CB0";
				WRAPPER_EXTENSION = app;
			};
			name = Debug;
		};
		3DDB7126170A516B00EC3E51 /* Release */ = {
			isa = XCBuildConfiguration;
			baseConfigurationReference = 16FE20FE240A4851B2B1F69C /* Pods.xcconfig */;
			buildSettings = {
				ASSETCATALOG_COMPILER_APPICON_NAME = AppIcon;
				ASSETCATALOG_COMPILER_LAUNCHIMAGE_NAME = LaunchImage;
				CLANG_ENABLE_MODULES = YES;
				CLANG_MODULES_AUTOLINK = NO;
				CODE_SIGN_ENTITLEMENTS = "Cine Horarios/Cine Horarios.entitlements";
				CODE_SIGN_IDENTITY = "iPhone Distribution: Arturo Espinoza Carrasco (22ZGXZT3CM)";
				"CODE_SIGN_IDENTITY[sdk=iphoneos*]" = "iPhone Distribution: Arturo Espinoza Carrasco (22ZGXZT3CM)";
				GCC_PRECOMPILE_PREFIX_HEADER = YES;
				GCC_PREFIX_HEADER = "Cine Horarios/Cine Horarios-Prefix.pch";
				INFOPLIST_FILE = "$(SRCROOT)/Cine Horarios/Info.plist";
				IPHONEOS_DEPLOYMENT_TARGET = 7.0;
				LIBRARY_SEARCH_PATHS = "$(inherited)";
				PRODUCT_NAME = "Cine Horarios";
				PROVISIONING_PROFILE = "7C23035F-C87A-41A9-8E0C-1E252DBC0CB0";
				WRAPPER_EXTENSION = app;
			};
			name = Release;
		};
/* End XCBuildConfiguration section */

/* Begin XCConfigurationList section */
		3DDB70FA170A516B00EC3E51 /* Build configuration list for PBXProject "Cine Horarios" */ = {
			isa = XCConfigurationList;
			buildConfigurations = (
				3DDB7122170A516B00EC3E51 /* Debug */,
				3DDB7123170A516B00EC3E51 /* Release */,
			);
			defaultConfigurationIsVisible = 0;
			defaultConfigurationName = Release;
		};
		3DDB7124170A516B00EC3E51 /* Build configuration list for PBXNativeTarget "Cine Horarios" */ = {
			isa = XCConfigurationList;
			buildConfigurations = (
				3DDB7125170A516B00EC3E51 /* Debug */,
				3DDB7126170A516B00EC3E51 /* Release */,
			);
			defaultConfigurationIsVisible = 0;
			defaultConfigurationName = Release;
		};
/* End XCConfigurationList section */
	};
	rootObject = 3DDB70F7170A516B00EC3E51 /* Project object */;
}
