// !$*UTF8*$!
{
	archiveVersion = 1;
	classes = {
	};
	objectVersion = 46;
	objects = {

/* Begin PBXBuildFile section */
		162414A417BC946E00083708 /* Images.xcassets in Resources */ = {isa = PBXBuildFile; fileRef = 162414A317BC946E00083708 /* Images.xcassets */; };
		2503D0BE1A1054B200E1876B /* NSDate+CH.m in Sources */ = {isa = PBXBuildFile; fileRef = 2503D0BD1A1054B200E1876B /* NSDate+CH.m */; };
		25710C951A0DB3230066864C /* FunctionsPageVC.m in Sources */ = {isa = PBXBuildFile; fileRef = 25710C941A0DB3230066864C /* FunctionsPageVC.m */; };
		257BEE6B1A107B5400BD3920 /* FunctionsContainerVC.m in Sources */ = {isa = PBXBuildFile; fileRef = 257BEE6A1A107B5400BD3920 /* FunctionsContainerVC.m */; };
		259550421A3DD4380052A8FB /* FavoritesManager.m in Sources */ = {isa = PBXBuildFile; fileRef = 259550411A3DD4380052A8FB /* FavoritesManager.m */; };
		25C498AA1A47A96700EFE197 /* CHViewTableController.m in Sources */ = {isa = PBXBuildFile; fileRef = 25C498A91A47A96700EFE197 /* CHViewTableController.m */; };
		25C66F7A1A2AD70300366BE8 /* UIDevice+Hardware.m in Sources */ = {isa = PBXBuildFile; fileRef = 25C66F791A2AD70300366BE8 /* UIDevice+Hardware.m */; };
		25C66F7F1A2AD70C00366BE8 /* NSObject+Utilidades.m in Sources */ = {isa = PBXBuildFile; fileRef = 25C66F7C1A2AD70C00366BE8 /* NSObject+Utilidades.m */; };
		25C66F801A2AD70C00366BE8 /* Reachability.m in Sources */ = {isa = PBXBuildFile; fileRef = 25C66F7E1A2AD70C00366BE8 /* Reachability.m */; };
		25C66F861A2AD71C00366BE8 /* developers.der in Resources */ = {isa = PBXBuildFile; fileRef = 25C66F811A2AD71C00366BE8 /* developers.der */; };
		25C66F871A2AD71C00366BE8 /* developers.p12 in Resources */ = {isa = PBXBuildFile; fileRef = 25C66F821A2AD71C00366BE8 /* developers.p12 */; };
		25C66F881A2AD71C00366BE8 /* GeoFaroKit.framework in Frameworks */ = {isa = PBXBuildFile; fileRef = 25C66F831A2AD71C00366BE8 /* GeoFaroKit.framework */; };
		25C66F891A2AD71C00366BE8 /* RegionesGeofaro.plist in Resources */ = {isa = PBXBuildFile; fileRef = 25C66F841A2AD71C00366BE8 /* RegionesGeofaro.plist */; };
		25C66F8A1A2AD71C00366BE8 /* ServiciosGeofaro.plist in Resources */ = {isa = PBXBuildFile; fileRef = 25C66F851A2AD71C00366BE8 /* ServiciosGeofaro.plist */; };
		25C66F921A2ADCC100366BE8 /* Crashlytics.framework in Frameworks */ = {isa = PBXBuildFile; fileRef = 25C66F911A2ADCC100366BE8 /* Crashlytics.framework */; };
		25C66F931A2ADE1800366BE8 /* GeoFaroKit.framework in Frameworks */ = {isa = PBXBuildFile; fileRef = 25C66F831A2AD71C00366BE8 /* GeoFaroKit.framework */; };
		25C66F941A2ADE1800366BE8 /* GeoFaroKit.framework in Embed Frameworks */ = {isa = PBXBuildFile; fileRef = 25C66F831A2AD71C00366BE8 /* GeoFaroKit.framework */; settings = {ATTRIBUTES = (CodeSignOnCopy, RemoveHeadersOnCopy, ); }; };
		25F033771A37032900748D5E /* StoreKit.framework in Frameworks */ = {isa = PBXBuildFile; fileRef = 25F033761A37032900748D5E /* StoreKit.framework */; };
		25FDAFCC1A32D00B00CDD34E /* ImageViewTableHeader.xib in Resources */ = {isa = PBXBuildFile; fileRef = 25FDAFCB1A32D00B00CDD34E /* ImageViewTableHeader.xib */; };
		25FDAFCF1A32D40600CDD34E /* ImageViewTableHeader.m in Sources */ = {isa = PBXBuildFile; fileRef = 25FDAFCE1A32D40600CDD34E /* ImageViewTableHeader.m */; };
		2B2B30865DEB412FAC228ABA /* libPods.a in Frameworks */ = {isa = PBXBuildFile; fileRef = D6762D0B3F59498CA72154F7 /* libPods.a */; };
		3D29981517E5AA28001A371D /* UIKit.framework in Frameworks */ = {isa = PBXBuildFile; fileRef = 3D29981417E5AA28001A371D /* UIKit.framework */; };
		3D29981717E5AA33001A371D /* SystemConfiguration.framework in Frameworks */ = {isa = PBXBuildFile; fileRef = 3D29981617E5AA33001A371D /* SystemConfiguration.framework */; };
		3D29981917E5AA46001A371D /* QuartzCore.framework in Frameworks */ = {isa = PBXBuildFile; fileRef = 3D29981817E5AA46001A371D /* QuartzCore.framework */; };
		3DDB7107170A516B00EC3E51 /* Foundation.framework in Frameworks */ = {isa = PBXBuildFile; fileRef = 3DDB7106170A516B00EC3E51 /* Foundation.framework */; };
		3DDB7109170A516B00EC3E51 /* CoreGraphics.framework in Frameworks */ = {isa = PBXBuildFile; fileRef = 3DDB7108170A516B00EC3E51 /* CoreGraphics.framework */; };
		6E176F091A05DEAE00775DC7 /* MBProgressHUD+CH.m in Sources */ = {isa = PBXBuildFile; fileRef = 6E176F081A05DEAE00775DC7 /* MBProgressHUD+CH.m */; };
		6E2B61901A28CAC00071DE50 /* CoreData.framework in Frameworks */ = {isa = PBXBuildFile; fileRef = 6E2B618F1A28CAC00071DE50 /* CoreData.framework */; };
		6E57396518273C9900ADB8D9 /* MapKit.framework in Frameworks */ = {isa = PBXBuildFile; fileRef = 6E57396418273C9900ADB8D9 /* MapKit.framework */; };
		6E57396D182755A300ADB8D9 /* CoreLocation.framework in Frameworks */ = {isa = PBXBuildFile; fileRef = 6E57396C182755A300ADB8D9 /* CoreLocation.framework */; };
		6EBF1E9B18AB6642007B50A5 /* AdSupport.framework in Frameworks */ = {isa = PBXBuildFile; fileRef = 6EBF1E9A18AB6642007B50A5 /* AdSupport.framework */; };
		6EBF1E9D18AB664D007B50A5 /* AudioToolbox.framework in Frameworks */ = {isa = PBXBuildFile; fileRef = 6EBF1E9C18AB664D007B50A5 /* AudioToolbox.framework */; };
		6EBF1E9F18AB6653007B50A5 /* AVFoundation.framework in Frameworks */ = {isa = PBXBuildFile; fileRef = 6EBF1E9E18AB6653007B50A5 /* AVFoundation.framework */; };
		6EBF1EA118AB666A007B50A5 /* CoreTelephony.framework in Frameworks */ = {isa = PBXBuildFile; fileRef = 6EBF1EA018AB666A007B50A5 /* CoreTelephony.framework */; };
		6EBF1EA318AB6673007B50A5 /* MessageUI.framework in Frameworks */ = {isa = PBXBuildFile; fileRef = 6EBF1EA218AB6673007B50A5 /* MessageUI.framework */; };
		6EC005F918DC7949003DECC8 /* AppDelegate.m in Sources */ = {isa = PBXBuildFile; fileRef = 6EC005F818DC7949003DECC8 /* AppDelegate.m */; };
		6EC0061518DC7AE1003DECC8 /* CineHorariosApiClient.m in Sources */ = {isa = PBXBuildFile; fileRef = 6EC0061218DC7AE1003DECC8 /* CineHorariosApiClient.m */; };
		6EC0061618DC7AE1003DECC8 /* FileHandler.m in Sources */ = {isa = PBXBuildFile; fileRef = 6EC0061418DC7AE1003DECC8 /* FileHandler.m */; };
		6EC0062E18DC7B77003DECC8 /* BasicCell+Theater.m in Sources */ = {isa = PBXBuildFile; fileRef = 6EC0061B18DC7B77003DECC8 /* BasicCell+Theater.m */; };
		6EC0062F18DC7B77003DECC8 /* BillboardCell+BasicMovie.m in Sources */ = {isa = PBXBuildFile; fileRef = 6EC0061D18DC7B77003DECC8 /* BillboardCell+BasicMovie.m */; };
		6EC0063018DC7B77003DECC8 /* CastActorCell+Person.m in Sources */ = {isa = PBXBuildFile; fileRef = 6EC0061F18DC7B77003DECC8 /* CastActorCell+Person.m */; };
		6EC0063118DC7B77003DECC8 /* CastDirectorCell+Person.m in Sources */ = {isa = PBXBuildFile; fileRef = 6EC0062118DC7B77003DECC8 /* CastDirectorCell+Person.m */; };
		6EC0063218DC7B77003DECC8 /* CinemaCell+Cinema.m in Sources */ = {isa = PBXBuildFile; fileRef = 6EC0062318DC7B77003DECC8 /* CinemaCell+Cinema.m */; };
		6EC0063318DC7B77003DECC8 /* ComingSoonCell2+BasicMovie.m in Sources */ = {isa = PBXBuildFile; fileRef = 6EC0062518DC7B77003DECC8 /* ComingSoonCell2+BasicMovie.m */; };
		6EC0063418DC7B77003DECC8 /* FunctionCell2+Function.m in Sources */ = {isa = PBXBuildFile; fileRef = 6EC0062718DC7B77003DECC8 /* FunctionCell2+Function.m */; };
		6EC0063518DC7B77003DECC8 /* MovieCastCell+Person.m in Sources */ = {isa = PBXBuildFile; fileRef = 6EC0062918DC7B77003DECC8 /* MovieCastCell+Person.m */; };
		6EC0063618DC7B77003DECC8 /* MovieImageCell+MovieImage.m in Sources */ = {isa = PBXBuildFile; fileRef = 6EC0062B18DC7B77003DECC8 /* MovieImageCell+MovieImage.m */; };
		6EC0063718DC7B77003DECC8 /* VideoCell+Video.m in Sources */ = {isa = PBXBuildFile; fileRef = 6EC0062D18DC7B77003DECC8 /* VideoCell+Video.m */; };
		6EC0064C18DC7BC6003DECC8 /* BasicCell.m in Sources */ = {isa = PBXBuildFile; fileRef = 6EC0063918DC7BC6003DECC8 /* BasicCell.m */; };
		6EC0064D18DC7BC6003DECC8 /* BillboardCell.m in Sources */ = {isa = PBXBuildFile; fileRef = 6EC0063B18DC7BC6003DECC8 /* BillboardCell.m */; };
		6EC0064E18DC7BC6003DECC8 /* CastActorCell.m in Sources */ = {isa = PBXBuildFile; fileRef = 6EC0063D18DC7BC6003DECC8 /* CastActorCell.m */; };
		6EC0064F18DC7BC6003DECC8 /* CastDirectorCell.m in Sources */ = {isa = PBXBuildFile; fileRef = 6EC0063F18DC7BC6003DECC8 /* CastDirectorCell.m */; };
		6EC0065018DC7BC6003DECC8 /* CinemaCell.m in Sources */ = {isa = PBXBuildFile; fileRef = 6EC0064118DC7BC6003DECC8 /* CinemaCell.m */; };
		6EC0065118DC7BC6003DECC8 /* ComingSoonCell2.m in Sources */ = {isa = PBXBuildFile; fileRef = 6EC0064318DC7BC6003DECC8 /* ComingSoonCell2.m */; };
		6EC0065218DC7BC6003DECC8 /* FunctionCell2.m in Sources */ = {isa = PBXBuildFile; fileRef = 6EC0064518DC7BC6003DECC8 /* FunctionCell2.m */; };
		6EC0065318DC7BC6003DECC8 /* MovieCastCell.m in Sources */ = {isa = PBXBuildFile; fileRef = 6EC0064718DC7BC6003DECC8 /* MovieCastCell.m */; };
		6EC0065418DC7BC6003DECC8 /* MovieImageCell.m in Sources */ = {isa = PBXBuildFile; fileRef = 6EC0064918DC7BC6003DECC8 /* MovieImageCell.m */; };
		6EC0065518DC7BC6003DECC8 /* VideoCell.m in Sources */ = {isa = PBXBuildFile; fileRef = 6EC0064B18DC7BC6003DECC8 /* VideoCell.m */; };
		6EC0065818DC7BFD003DECC8 /* MenuCustomView.xib in Resources */ = {isa = PBXBuildFile; fileRef = 6EC0065718DC7BFD003DECC8 /* MenuCustomView.xib */; };
		6EC0068518DC7CBB003DECC8 /* CarteleraVC.m in Sources */ = {isa = PBXBuildFile; fileRef = 6EC0065A18DC7CBB003DECC8 /* CarteleraVC.m */; };
		6EC0068618DC7CBB003DECC8 /* CastVC.m in Sources */ = {isa = PBXBuildFile; fileRef = 6EC0065C18DC7CBB003DECC8 /* CastVC.m */; };
		6EC0068718DC7CBB003DECC8 /* CineHorariosTableViewController.m in Sources */ = {isa = PBXBuildFile; fileRef = 6EC0065E18DC7CBB003DECC8 /* CineHorariosTableViewController.m */; };
		6EC0068818DC7CBB003DECC8 /* CinesVC.m in Sources */ = {isa = PBXBuildFile; fileRef = 6EC0066018DC7CBB003DECC8 /* CinesVC.m */; };
		6EC0068918DC7CBB003DECC8 /* CloseTheatersVC.m in Sources */ = {isa = PBXBuildFile; fileRef = 6EC0066218DC7CBB003DECC8 /* CloseTheatersVC.m */; };
		6EC0068A18DC7CBB003DECC8 /* ComingSoonVC.m in Sources */ = {isa = PBXBuildFile; fileRef = 6EC0066418DC7CBB003DECC8 /* ComingSoonVC.m */; };
		6EC0068B18DC7CBB003DECC8 /* FavoritesVC.m in Sources */ = {isa = PBXBuildFile; fileRef = 6EC0066618DC7CBB003DECC8 /* FavoritesVC.m */; };
		6EC0068C18DC7CBB003DECC8 /* FuncionesVC.m in Sources */ = {isa = PBXBuildFile; fileRef = 6EC0066818DC7CBB003DECC8 /* FuncionesVC.m */; };
		6EC0068D18DC7CBB003DECC8 /* GlobalNavigationController.m in Sources */ = {isa = PBXBuildFile; fileRef = 6EC0066A18DC7CBB003DECC8 /* GlobalNavigationController.m */; };
		6EC0068F18DC7CBB003DECC8 /* MovieCinemasVC.m in Sources */ = {isa = PBXBuildFile; fileRef = 6EC0066E18DC7CBB003DECC8 /* MovieCinemasVC.m */; };
		6EC0069118DC7CBB003DECC8 /* MovieFunctionsVC.m in Sources */ = {isa = PBXBuildFile; fileRef = 6EC0067218DC7CBB003DECC8 /* MovieFunctionsVC.m */; };
		6EC0069518DC7CBB003DECC8 /* MovieVC.m in Sources */ = {isa = PBXBuildFile; fileRef = 6EC0067A18DC7CBB003DECC8 /* MovieVC.m */; };
		6EC0069618DC7CBB003DECC8 /* SettingsVC.m in Sources */ = {isa = PBXBuildFile; fileRef = 6EC0067C18DC7CBB003DECC8 /* SettingsVC.m */; };
		6EC0069718DC7CBB003DECC8 /* TheatersVC.m in Sources */ = {isa = PBXBuildFile; fileRef = 6EC0067E18DC7CBB003DECC8 /* TheatersVC.m */; };
		6EC0069818DC7CBB003DECC8 /* VideosVC.m in Sources */ = {isa = PBXBuildFile; fileRef = 6EC0068018DC7CBB003DECC8 /* VideosVC.m */; };
		6EC0069918DC7CBB003DECC8 /* VideoVC.m in Sources */ = {isa = PBXBuildFile; fileRef = 6EC0068218DC7CBB003DECC8 /* VideoVC.m */; };
		6EC0069A18DC7CBB003DECC8 /* WebVC.m in Sources */ = {isa = PBXBuildFile; fileRef = 6EC0068418DC7CBB003DECC8 /* WebVC.m */; };
		6EC006D418DC7D67003DECC8 /* Cinemas.plist in Resources */ = {isa = PBXBuildFile; fileRef = 6EC006CD18DC7D67003DECC8 /* Cinemas.plist */; };
		6EC006D518DC7D67003DECC8 /* icloud.plist in Resources */ = {isa = PBXBuildFile; fileRef = 6EC006CE18DC7D67003DECC8 /* icloud.plist */; };
		6EC006D718DC7D67003DECC8 /* Localizable.strings in Resources */ = {isa = PBXBuildFile; fileRef = 6EC006D018DC7D67003DECC8 /* Localizable.strings */; };
		6EC006D818DC7D67003DECC8 /* main.m in Sources */ = {isa = PBXBuildFile; fileRef = 6EC006D118DC7D67003DECC8 /* main.m */; };
		6EC006D918DC7D67003DECC8 /* Menu.plist in Resources */ = {isa = PBXBuildFile; fileRef = 6EC006D218DC7D67003DECC8 /* Menu.plist */; };
		6EC0071418DC7E3C003DECC8 /* AnnotationGroup.m in Sources */ = {isa = PBXBuildFile; fileRef = 6EC006F718DC7E3C003DECC8 /* AnnotationGroup.m */; };
		6EC0071518DC7E3C003DECC8 /* AnnotationTheater.m in Sources */ = {isa = PBXBuildFile; fileRef = 6EC006F918DC7E3C003DECC8 /* AnnotationTheater.m */; };
		6EC0071618DC7E3C003DECC8 /* BasicItem.m in Sources */ = {isa = PBXBuildFile; fileRef = 6EC006FB18DC7E3C003DECC8 /* BasicItem.m */; };
		6EC0071718DC7E3C003DECC8 /* BasicItemImage.m in Sources */ = {isa = PBXBuildFile; fileRef = 6EC006FD18DC7E3C003DECC8 /* BasicItemImage.m */; };
		6EC0071818DC7E3C003DECC8 /* BasicMovie.m in Sources */ = {isa = PBXBuildFile; fileRef = 6EC006FF18DC7E3C003DECC8 /* BasicMovie.m */; };
		6EC0071918DC7E3C003DECC8 /* Billboard.m in Sources */ = {isa = PBXBuildFile; fileRef = 6EC0070118DC7E3C003DECC8 /* Billboard.m */; };
		6EC0071A18DC7E3C003DECC8 /* Cast.m in Sources */ = {isa = PBXBuildFile; fileRef = 6EC0070318DC7E3C003DECC8 /* Cast.m */; };
		6EC0071B18DC7E3C003DECC8 /* Cinema.m in Sources */ = {isa = PBXBuildFile; fileRef = 6EC0070518DC7E3C003DECC8 /* Cinema.m */; };
		6EC0071C18DC7E3C003DECC8 /* Function.m in Sources */ = {isa = PBXBuildFile; fileRef = 6EC0070718DC7E3C003DECC8 /* Function.m */; };
		6EC0071D18DC7E3C003DECC8 /* Movie.m in Sources */ = {isa = PBXBuildFile; fileRef = 6EC0070918DC7E3C003DECC8 /* Movie.m */; };
		6EC0071E18DC7E3C003DECC8 /* MTLModelPersistable.m in Sources */ = {isa = PBXBuildFile; fileRef = 6EC0070B18DC7E3C003DECC8 /* MTLModelPersistable.m */; };
		6EC0071F18DC7E3C003DECC8 /* Person.m in Sources */ = {isa = PBXBuildFile; fileRef = 6EC0070D18DC7E3C003DECC8 /* Person.m */; };
		6EC0072018DC7E3C003DECC8 /* Theater.m in Sources */ = {isa = PBXBuildFile; fileRef = 6EC0070F18DC7E3C003DECC8 /* Theater.m */; };
		6EC0072118DC7E3C003DECC8 /* Video.m in Sources */ = {isa = PBXBuildFile; fileRef = 6EC0071118DC7E3C003DECC8 /* Video.m */; };
		6EC0072218DC7E3C003DECC8 /* VideoGroup.m in Sources */ = {isa = PBXBuildFile; fileRef = 6EC0071318DC7E3C003DECC8 /* VideoGroup.m */; };
		6EC0072418DC7E84003DECC8 /* Storyboard.storyboard in Resources */ = {isa = PBXBuildFile; fileRef = 6EC0072318DC7E84003DECC8 /* Storyboard.storyboard */; };
		6EC0072818DC7ED6003DECC8 /* ArrayDataSource.m in Sources */ = {isa = PBXBuildFile; fileRef = 6EC0072718DC7ED6003DECC8 /* ArrayDataSource.m */; };
		6EC0073918DC7EE1003DECC8 /* GAI+CH.m in Sources */ = {isa = PBXBuildFile; fileRef = 6EC0072A18DC7EE1003DECC8 /* GAI+CH.m */; };
		6EC0073A18DC7EE1003DECC8 /* NSArray+FKBMap.m in Sources */ = {isa = PBXBuildFile; fileRef = 6EC0072C18DC7EE1003DECC8 /* NSArray+FKBMap.m */; };
		6EC0073B18DC7EE1003DECC8 /* UIColor+CH.m in Sources */ = {isa = PBXBuildFile; fileRef = 6EC0072E18DC7EE1003DECC8 /* UIColor+CH.m */; };
		6EC0073C18DC7EE1003DECC8 /* UIFont+CH.m in Sources */ = {isa = PBXBuildFile; fileRef = 6EC0073018DC7EE1003DECC8 /* UIFont+CH.m */; };
		6EC0073D18DC7EE1003DECC8 /* UIImage+CH.m in Sources */ = {isa = PBXBuildFile; fileRef = 6EC0073218DC7EE1003DECC8 /* UIImage+CH.m */; };
		6EC0073E18DC7EE1003DECC8 /* UIImageView+CH.m in Sources */ = {isa = PBXBuildFile; fileRef = 6EC0073418DC7EE1003DECC8 /* UIImageView+CH.m */; };
		6EC0073F18DC7EE1003DECC8 /* UIView+CH.m in Sources */ = {isa = PBXBuildFile; fileRef = 6EC0073618DC7EE1003DECC8 /* UIView+CH.m */; };
		6EE703A818B7BC7000B5D6F2 /* Security.framework in Frameworks */ = {isa = PBXBuildFile; fileRef = 6EE703A718B7BC7000B5D6F2 /* Security.framework */; };
		6EE703AA18B7BC7A00B5D6F2 /* CoreBluetooth.framework in Frameworks */ = {isa = PBXBuildFile; fileRef = 6EE703A918B7BC7A00B5D6F2 /* CoreBluetooth.framework */; };
/* End PBXBuildFile section */

/* Begin PBXCopyFilesBuildPhase section */
		6E2B61881A28C7E40071DE50 /* Embed Frameworks */ = {
			isa = PBXCopyFilesBuildPhase;
			buildActionMask = 2147483647;
			dstPath = "";
			dstSubfolderSpec = 10;
			files = (
				25C66F941A2ADE1800366BE8 /* GeoFaroKit.framework in Embed Frameworks */,
			);
			name = "Embed Frameworks";
			runOnlyForDeploymentPostprocessing = 0;
		};
/* End PBXCopyFilesBuildPhase section */

/* Begin PBXFileReference section */
		160907B618AABADF000F9FF7 /* iAd.framework */ = {isa = PBXFileReference; lastKnownFileType = wrapper.framework; name = iAd.framework; path = System/Library/Frameworks/iAd.framework; sourceTree = SDKROOT; };
		162414A317BC946E00083708 /* Images.xcassets */ = {isa = PBXFileReference; lastKnownFileType = folder.assetcatalog; path = Images.xcassets; sourceTree = "<group>"; };
		2503D0BC1A1054B200E1876B /* NSDate+CH.h */ = {isa = PBXFileReference; fileEncoding = 4; lastKnownFileType = sourcecode.c.h; name = "NSDate+CH.h"; path = "Utilities/Categories/NSDate+CH.h"; sourceTree = "<group>"; };
		2503D0BD1A1054B200E1876B /* NSDate+CH.m */ = {isa = PBXFileReference; fileEncoding = 4; lastKnownFileType = sourcecode.c.objc; name = "NSDate+CH.m"; path = "Utilities/Categories/NSDate+CH.m"; sourceTree = "<group>"; };
		25710C931A0DB3230066864C /* FunctionsPageVC.h */ = {isa = PBXFileReference; fileEncoding = 4; lastKnownFileType = sourcecode.c.h; name = FunctionsPageVC.h; path = Classes/Controllers/FunctionsPageVC.h; sourceTree = "<group>"; };
		25710C941A0DB3230066864C /* FunctionsPageVC.m */ = {isa = PBXFileReference; fileEncoding = 4; lastKnownFileType = sourcecode.c.objc; name = FunctionsPageVC.m; path = Classes/Controllers/FunctionsPageVC.m; sourceTree = "<group>"; };
		257BEE691A107B5400BD3920 /* FunctionsContainerVC.h */ = {isa = PBXFileReference; fileEncoding = 4; lastKnownFileType = sourcecode.c.h; name = FunctionsContainerVC.h; path = Classes/Controllers/FunctionsContainerVC.h; sourceTree = "<group>"; };
		257BEE6A1A107B5400BD3920 /* FunctionsContainerVC.m */ = {isa = PBXFileReference; fileEncoding = 4; lastKnownFileType = sourcecode.c.objc; name = FunctionsContainerVC.m; path = Classes/Controllers/FunctionsContainerVC.m; sourceTree = "<group>"; };
		259550401A3DD4380052A8FB /* FavoritesManager.h */ = {isa = PBXFileReference; fileEncoding = 4; lastKnownFileType = sourcecode.c.h; name = FavoritesManager.h; path = Classes/Models/FavoritesManager.h; sourceTree = "<group>"; };
		259550411A3DD4380052A8FB /* FavoritesManager.m */ = {isa = PBXFileReference; fileEncoding = 4; lastKnownFileType = sourcecode.c.objc; name = FavoritesManager.m; path = Classes/Models/FavoritesManager.m; sourceTree = "<group>"; };
		25C498A81A47A96700EFE197 /* CHViewTableController.h */ = {isa = PBXFileReference; fileEncoding = 4; lastKnownFileType = sourcecode.c.h; name = CHViewTableController.h; path = Classes/Controllers/CHViewTableController.h; sourceTree = "<group>"; };
		25C498A91A47A96700EFE197 /* CHViewTableController.m */ = {isa = PBXFileReference; fileEncoding = 4; lastKnownFileType = sourcecode.c.objc; name = CHViewTableController.m; path = Classes/Controllers/CHViewTableController.m; sourceTree = "<group>"; };
		25C498AB1A47FF7A00EFE197 /* Constants.h */ = {isa = PBXFileReference; lastKnownFileType = sourcecode.c.h; path = Constants.h; sourceTree = "<group>"; };
		25C498AC1A480D1800EFE197 /* CHViewTableController_Protected.h */ = {isa = PBXFileReference; fileEncoding = 4; lastKnownFileType = sourcecode.c.h; name = CHViewTableController_Protected.h; path = Classes/Controllers/CHViewTableController_Protected.h; sourceTree = "<group>"; };
		25C66F781A2AD70300366BE8 /* UIDevice+Hardware.h */ = {isa = PBXFileReference; fileEncoding = 4; lastKnownFileType = sourcecode.c.h; name = "UIDevice+Hardware.h"; path = "Utilities/UIDevice+Hardware.h"; sourceTree = "<group>"; };
		25C66F791A2AD70300366BE8 /* UIDevice+Hardware.m */ = {isa = PBXFileReference; fileEncoding = 4; lastKnownFileType = sourcecode.c.objc; name = "UIDevice+Hardware.m"; path = "Utilities/UIDevice+Hardware.m"; sourceTree = "<group>"; };
		25C66F7B1A2AD70C00366BE8 /* NSObject+Utilidades.h */ = {isa = PBXFileReference; fileEncoding = 4; lastKnownFileType = sourcecode.c.h; name = "NSObject+Utilidades.h"; path = "Utilities/NSObject+Utilidades.h"; sourceTree = "<group>"; };
		25C66F7C1A2AD70C00366BE8 /* NSObject+Utilidades.m */ = {isa = PBXFileReference; fileEncoding = 4; lastKnownFileType = sourcecode.c.objc; name = "NSObject+Utilidades.m"; path = "Utilities/NSObject+Utilidades.m"; sourceTree = "<group>"; };
		25C66F7D1A2AD70C00366BE8 /* Reachability.h */ = {isa = PBXFileReference; fileEncoding = 4; lastKnownFileType = sourcecode.c.h; name = Reachability.h; path = Utilities/Reachability.h; sourceTree = "<group>"; };
		25C66F7E1A2AD70C00366BE8 /* Reachability.m */ = {isa = PBXFileReference; fileEncoding = 4; lastKnownFileType = sourcecode.c.objc; name = Reachability.m; path = Utilities/Reachability.m; sourceTree = "<group>"; };
		25C66F811A2AD71C00366BE8 /* developers.der */ = {isa = PBXFileReference; lastKnownFileType = file; name = developers.der; path = Geofarok/developers.der; sourceTree = "<group>"; };
		25C66F821A2AD71C00366BE8 /* developers.p12 */ = {isa = PBXFileReference; lastKnownFileType = file; name = developers.p12; path = Geofarok/developers.p12; sourceTree = "<group>"; };
		25C66F831A2AD71C00366BE8 /* GeoFaroKit.framework */ = {isa = PBXFileReference; lastKnownFileType = wrapper.framework; name = GeoFaroKit.framework; path = Geofarok/GeoFaroKit.framework; sourceTree = "<group>"; };
		25C66F841A2AD71C00366BE8 /* RegionesGeofaro.plist */ = {isa = PBXFileReference; fileEncoding = 4; lastKnownFileType = text.plist.xml; name = RegionesGeofaro.plist; path = Geofarok/RegionesGeofaro.plist; sourceTree = "<group>"; };
		25C66F851A2AD71C00366BE8 /* ServiciosGeofaro.plist */ = {isa = PBXFileReference; fileEncoding = 4; lastKnownFileType = text.plist.xml; name = ServiciosGeofaro.plist; path = Geofarok/ServiciosGeofaro.plist; sourceTree = "<group>"; };
		25C66F911A2ADCC100366BE8 /* Crashlytics.framework */ = {isa = PBXFileReference; lastKnownFileType = wrapper.framework; path = Crashlytics.framework; sourceTree = "<group>"; };
		25F033761A37032900748D5E /* StoreKit.framework */ = {isa = PBXFileReference; lastKnownFileType = wrapper.framework; name = StoreKit.framework; path = System/Library/Frameworks/StoreKit.framework; sourceTree = SDKROOT; };
		25F41A661A09F661009C4805 /* Cine Horarios.entitlements */ = {isa = PBXFileReference; lastKnownFileType = text.xml; path = "Cine Horarios.entitlements"; sourceTree = "<group>"; };
		25FDAFCB1A32D00B00CDD34E /* ImageViewTableHeader.xib */ = {isa = PBXFileReference; fileEncoding = 4; lastKnownFileType = file.xib; path = ImageViewTableHeader.xib; sourceTree = "<group>"; };
		25FDAFCD1A32D40600CDD34E /* ImageViewTableHeader.h */ = {isa = PBXFileReference; fileEncoding = 4; lastKnownFileType = sourcecode.c.h; name = ImageViewTableHeader.h; path = Classes/Views/Nibs/ImageViewTableHeader.h; sourceTree = "<group>"; };
		25FDAFCE1A32D40600CDD34E /* ImageViewTableHeader.m */ = {isa = PBXFileReference; fileEncoding = 4; lastKnownFileType = sourcecode.c.objc; name = ImageViewTableHeader.m; path = Classes/Views/Nibs/ImageViewTableHeader.m; sourceTree = "<group>"; };
		385B73052F46F87FCCF22877 /* Pods.debug.xcconfig */ = {isa = PBXFileReference; includeInIndex = 1; lastKnownFileType = text.xcconfig; name = Pods.debug.xcconfig; path = "Pods/Target Support Files/Pods/Pods.debug.xcconfig"; sourceTree = "<group>"; };
		3D29981417E5AA28001A371D /* UIKit.framework */ = {isa = PBXFileReference; lastKnownFileType = wrapper.framework; name = UIKit.framework; path = System/Library/Frameworks/UIKit.framework; sourceTree = SDKROOT; };
		3D29981617E5AA33001A371D /* SystemConfiguration.framework */ = {isa = PBXFileReference; lastKnownFileType = wrapper.framework; name = SystemConfiguration.framework; path = System/Library/Frameworks/SystemConfiguration.framework; sourceTree = SDKROOT; };
		3D29981817E5AA46001A371D /* QuartzCore.framework */ = {isa = PBXFileReference; lastKnownFileType = wrapper.framework; name = QuartzCore.framework; path = System/Library/Frameworks/QuartzCore.framework; sourceTree = SDKROOT; };
		3DDB7100170A516B00EC3E51 /* Cine Horarios.app */ = {isa = PBXFileReference; explicitFileType = wrapper.application; includeInIndex = 0; path = "Cine Horarios.app"; sourceTree = BUILT_PRODUCTS_DIR; };
		3DDB7106170A516B00EC3E51 /* Foundation.framework */ = {isa = PBXFileReference; lastKnownFileType = wrapper.framework; name = Foundation.framework; path = System/Library/Frameworks/Foundation.framework; sourceTree = SDKROOT; };
		3DDB7108170A516B00EC3E51 /* CoreGraphics.framework */ = {isa = PBXFileReference; lastKnownFileType = wrapper.framework; name = CoreGraphics.framework; path = System/Library/Frameworks/CoreGraphics.framework; sourceTree = SDKROOT; };
		4D13F22F381E11E6ED02878B /* Pods.release.xcconfig */ = {isa = PBXFileReference; includeInIndex = 1; lastKnownFileType = text.xcconfig; name = Pods.release.xcconfig; path = "Pods/Target Support Files/Pods/Pods.release.xcconfig"; sourceTree = "<group>"; };
		6E176F071A05DEAE00775DC7 /* MBProgressHUD+CH.h */ = {isa = PBXFileReference; fileEncoding = 4; lastKnownFileType = sourcecode.c.h; name = "MBProgressHUD+CH.h"; path = "Utilities/Categories/MBProgressHUD+CH.h"; sourceTree = "<group>"; };
		6E176F081A05DEAE00775DC7 /* MBProgressHUD+CH.m */ = {isa = PBXFileReference; fileEncoding = 4; lastKnownFileType = sourcecode.c.objc; name = "MBProgressHUD+CH.m"; path = "Utilities/Categories/MBProgressHUD+CH.m"; sourceTree = "<group>"; };
		6E2B618F1A28CAC00071DE50 /* CoreData.framework */ = {isa = PBXFileReference; lastKnownFileType = wrapper.framework; name = CoreData.framework; path = System/Library/Frameworks/CoreData.framework; sourceTree = SDKROOT; };
		6E57396418273C9900ADB8D9 /* MapKit.framework */ = {isa = PBXFileReference; lastKnownFileType = wrapper.framework; name = MapKit.framework; path = System/Library/Frameworks/MapKit.framework; sourceTree = SDKROOT; };
		6E57396C182755A300ADB8D9 /* CoreLocation.framework */ = {isa = PBXFileReference; lastKnownFileType = wrapper.framework; name = CoreLocation.framework; path = System/Library/Frameworks/CoreLocation.framework; sourceTree = SDKROOT; };
		6EBF1E9A18AB6642007B50A5 /* AdSupport.framework */ = {isa = PBXFileReference; lastKnownFileType = wrapper.framework; name = AdSupport.framework; path = System/Library/Frameworks/AdSupport.framework; sourceTree = SDKROOT; };
		6EBF1E9C18AB664D007B50A5 /* AudioToolbox.framework */ = {isa = PBXFileReference; lastKnownFileType = wrapper.framework; name = AudioToolbox.framework; path = System/Library/Frameworks/AudioToolbox.framework; sourceTree = SDKROOT; };
		6EBF1E9E18AB6653007B50A5 /* AVFoundation.framework */ = {isa = PBXFileReference; lastKnownFileType = wrapper.framework; name = AVFoundation.framework; path = System/Library/Frameworks/AVFoundation.framework; sourceTree = SDKROOT; };
		6EBF1EA018AB666A007B50A5 /* CoreTelephony.framework */ = {isa = PBXFileReference; lastKnownFileType = wrapper.framework; name = CoreTelephony.framework; path = System/Library/Frameworks/CoreTelephony.framework; sourceTree = SDKROOT; };
		6EBF1EA218AB6673007B50A5 /* MessageUI.framework */ = {isa = PBXFileReference; lastKnownFileType = wrapper.framework; name = MessageUI.framework; path = System/Library/Frameworks/MessageUI.framework; sourceTree = SDKROOT; };
		6EC005F718DC7949003DECC8 /* AppDelegate.h */ = {isa = PBXFileReference; fileEncoding = 4; lastKnownFileType = sourcecode.c.h; name = AppDelegate.h; path = Classes/AppDelegate.h; sourceTree = "<group>"; };
		6EC005F818DC7949003DECC8 /* AppDelegate.m */ = {isa = PBXFileReference; fileEncoding = 4; lastKnownFileType = sourcecode.c.objc; name = AppDelegate.m; path = Classes/AppDelegate.m; sourceTree = "<group>"; };
		6EC0061118DC7AE1003DECC8 /* CineHorariosApiClient.h */ = {isa = PBXFileReference; fileEncoding = 4; lastKnownFileType = sourcecode.c.h; name = CineHorariosApiClient.h; path = DataFetch/CineHorariosApiClient.h; sourceTree = "<group>"; };
		6EC0061218DC7AE1003DECC8 /* CineHorariosApiClient.m */ = {isa = PBXFileReference; fileEncoding = 4; lastKnownFileType = sourcecode.c.objc; name = CineHorariosApiClient.m; path = DataFetch/CineHorariosApiClient.m; sourceTree = "<group>"; };
		6EC0061318DC7AE1003DECC8 /* FileHandler.h */ = {isa = PBXFileReference; fileEncoding = 4; lastKnownFileType = sourcecode.c.h; name = FileHandler.h; path = DataFetch/FileHandler.h; sourceTree = "<group>"; };
		6EC0061418DC7AE1003DECC8 /* FileHandler.m */ = {isa = PBXFileReference; fileEncoding = 4; lastKnownFileType = sourcecode.c.objc; name = FileHandler.m; path = DataFetch/FileHandler.m; sourceTree = "<group>"; };
		6EC0061A18DC7B77003DECC8 /* BasicCell+Theater.h */ = {isa = PBXFileReference; fileEncoding = 4; lastKnownFileType = sourcecode.c.h; name = "BasicCell+Theater.h"; path = "Classes/Views/CellCategories/BasicCell+Theater.h"; sourceTree = "<group>"; };
		6EC0061B18DC7B77003DECC8 /* BasicCell+Theater.m */ = {isa = PBXFileReference; fileEncoding = 4; lastKnownFileType = sourcecode.c.objc; name = "BasicCell+Theater.m"; path = "Classes/Views/CellCategories/BasicCell+Theater.m"; sourceTree = "<group>"; };
		6EC0061C18DC7B77003DECC8 /* BillboardCell+BasicMovie.h */ = {isa = PBXFileReference; fileEncoding = 4; lastKnownFileType = sourcecode.c.h; name = "BillboardCell+BasicMovie.h"; path = "Classes/Views/CellCategories/BillboardCell+BasicMovie.h"; sourceTree = "<group>"; };
		6EC0061D18DC7B77003DECC8 /* BillboardCell+BasicMovie.m */ = {isa = PBXFileReference; fileEncoding = 4; lastKnownFileType = sourcecode.c.objc; name = "BillboardCell+BasicMovie.m"; path = "Classes/Views/CellCategories/BillboardCell+BasicMovie.m"; sourceTree = "<group>"; };
		6EC0061E18DC7B77003DECC8 /* CastActorCell+Person.h */ = {isa = PBXFileReference; fileEncoding = 4; lastKnownFileType = sourcecode.c.h; name = "CastActorCell+Person.h"; path = "Classes/Views/CellCategories/CastActorCell+Person.h"; sourceTree = "<group>"; };
		6EC0061F18DC7B77003DECC8 /* CastActorCell+Person.m */ = {isa = PBXFileReference; fileEncoding = 4; lastKnownFileType = sourcecode.c.objc; name = "CastActorCell+Person.m"; path = "Classes/Views/CellCategories/CastActorCell+Person.m"; sourceTree = "<group>"; };
		6EC0062018DC7B77003DECC8 /* CastDirectorCell+Person.h */ = {isa = PBXFileReference; fileEncoding = 4; lastKnownFileType = sourcecode.c.h; name = "CastDirectorCell+Person.h"; path = "Classes/Views/CellCategories/CastDirectorCell+Person.h"; sourceTree = "<group>"; };
		6EC0062118DC7B77003DECC8 /* CastDirectorCell+Person.m */ = {isa = PBXFileReference; fileEncoding = 4; lastKnownFileType = sourcecode.c.objc; name = "CastDirectorCell+Person.m"; path = "Classes/Views/CellCategories/CastDirectorCell+Person.m"; sourceTree = "<group>"; };
		6EC0062218DC7B77003DECC8 /* CinemaCell+Cinema.h */ = {isa = PBXFileReference; fileEncoding = 4; lastKnownFileType = sourcecode.c.h; name = "CinemaCell+Cinema.h"; path = "Classes/Views/CellCategories/CinemaCell+Cinema.h"; sourceTree = "<group>"; };
		6EC0062318DC7B77003DECC8 /* CinemaCell+Cinema.m */ = {isa = PBXFileReference; fileEncoding = 4; lastKnownFileType = sourcecode.c.objc; name = "CinemaCell+Cinema.m"; path = "Classes/Views/CellCategories/CinemaCell+Cinema.m"; sourceTree = "<group>"; };
		6EC0062418DC7B77003DECC8 /* ComingSoonCell2+BasicMovie.h */ = {isa = PBXFileReference; fileEncoding = 4; lastKnownFileType = sourcecode.c.h; name = "ComingSoonCell2+BasicMovie.h"; path = "Classes/Views/CellCategories/ComingSoonCell2+BasicMovie.h"; sourceTree = "<group>"; };
		6EC0062518DC7B77003DECC8 /* ComingSoonCell2+BasicMovie.m */ = {isa = PBXFileReference; fileEncoding = 4; lastKnownFileType = sourcecode.c.objc; name = "ComingSoonCell2+BasicMovie.m"; path = "Classes/Views/CellCategories/ComingSoonCell2+BasicMovie.m"; sourceTree = "<group>"; };
		6EC0062618DC7B77003DECC8 /* FunctionCell2+Function.h */ = {isa = PBXFileReference; fileEncoding = 4; lastKnownFileType = sourcecode.c.h; name = "FunctionCell2+Function.h"; path = "Classes/Views/CellCategories/FunctionCell2+Function.h"; sourceTree = "<group>"; };
		6EC0062718DC7B77003DECC8 /* FunctionCell2+Function.m */ = {isa = PBXFileReference; fileEncoding = 4; lastKnownFileType = sourcecode.c.objc; name = "FunctionCell2+Function.m"; path = "Classes/Views/CellCategories/FunctionCell2+Function.m"; sourceTree = "<group>"; };
		6EC0062818DC7B77003DECC8 /* MovieCastCell+Person.h */ = {isa = PBXFileReference; fileEncoding = 4; lastKnownFileType = sourcecode.c.h; name = "MovieCastCell+Person.h"; path = "Classes/Views/CellCategories/MovieCastCell+Person.h"; sourceTree = "<group>"; };
		6EC0062918DC7B77003DECC8 /* MovieCastCell+Person.m */ = {isa = PBXFileReference; fileEncoding = 4; lastKnownFileType = sourcecode.c.objc; name = "MovieCastCell+Person.m"; path = "Classes/Views/CellCategories/MovieCastCell+Person.m"; sourceTree = "<group>"; };
		6EC0062A18DC7B77003DECC8 /* MovieImageCell+MovieImage.h */ = {isa = PBXFileReference; fileEncoding = 4; lastKnownFileType = sourcecode.c.h; name = "MovieImageCell+MovieImage.h"; path = "Classes/Views/CellCategories/MovieImageCell+MovieImage.h"; sourceTree = "<group>"; };
		6EC0062B18DC7B77003DECC8 /* MovieImageCell+MovieImage.m */ = {isa = PBXFileReference; fileEncoding = 4; lastKnownFileType = sourcecode.c.objc; name = "MovieImageCell+MovieImage.m"; path = "Classes/Views/CellCategories/MovieImageCell+MovieImage.m"; sourceTree = "<group>"; };
		6EC0062C18DC7B77003DECC8 /* VideoCell+Video.h */ = {isa = PBXFileReference; fileEncoding = 4; lastKnownFileType = sourcecode.c.h; name = "VideoCell+Video.h"; path = "Classes/Views/CellCategories/VideoCell+Video.h"; sourceTree = "<group>"; };
		6EC0062D18DC7B77003DECC8 /* VideoCell+Video.m */ = {isa = PBXFileReference; fileEncoding = 4; lastKnownFileType = sourcecode.c.objc; name = "VideoCell+Video.m"; path = "Classes/Views/CellCategories/VideoCell+Video.m"; sourceTree = "<group>"; };
		6EC0063818DC7BC6003DECC8 /* BasicCell.h */ = {isa = PBXFileReference; fileEncoding = 4; lastKnownFileType = sourcecode.c.h; name = BasicCell.h; path = Classes/Views/Cells/BasicCell.h; sourceTree = "<group>"; };
		6EC0063918DC7BC6003DECC8 /* BasicCell.m */ = {isa = PBXFileReference; fileEncoding = 4; lastKnownFileType = sourcecode.c.objc; name = BasicCell.m; path = Classes/Views/Cells/BasicCell.m; sourceTree = "<group>"; };
		6EC0063A18DC7BC6003DECC8 /* BillboardCell.h */ = {isa = PBXFileReference; fileEncoding = 4; lastKnownFileType = sourcecode.c.h; name = BillboardCell.h; path = Classes/Views/Cells/BillboardCell.h; sourceTree = "<group>"; };
		6EC0063B18DC7BC6003DECC8 /* BillboardCell.m */ = {isa = PBXFileReference; fileEncoding = 4; lastKnownFileType = sourcecode.c.objc; name = BillboardCell.m; path = Classes/Views/Cells/BillboardCell.m; sourceTree = "<group>"; };
		6EC0063C18DC7BC6003DECC8 /* CastActorCell.h */ = {isa = PBXFileReference; fileEncoding = 4; lastKnownFileType = sourcecode.c.h; name = CastActorCell.h; path = Classes/Views/Cells/CastActorCell.h; sourceTree = "<group>"; };
		6EC0063D18DC7BC6003DECC8 /* CastActorCell.m */ = {isa = PBXFileReference; fileEncoding = 4; lastKnownFileType = sourcecode.c.objc; name = CastActorCell.m; path = Classes/Views/Cells/CastActorCell.m; sourceTree = "<group>"; };
		6EC0063E18DC7BC6003DECC8 /* CastDirectorCell.h */ = {isa = PBXFileReference; fileEncoding = 4; lastKnownFileType = sourcecode.c.h; name = CastDirectorCell.h; path = Classes/Views/Cells/CastDirectorCell.h; sourceTree = "<group>"; };
		6EC0063F18DC7BC6003DECC8 /* CastDirectorCell.m */ = {isa = PBXFileReference; fileEncoding = 4; lastKnownFileType = sourcecode.c.objc; name = CastDirectorCell.m; path = Classes/Views/Cells/CastDirectorCell.m; sourceTree = "<group>"; };
		6EC0064018DC7BC6003DECC8 /* CinemaCell.h */ = {isa = PBXFileReference; fileEncoding = 4; lastKnownFileType = sourcecode.c.h; name = CinemaCell.h; path = Classes/Views/Cells/CinemaCell.h; sourceTree = "<group>"; };
		6EC0064118DC7BC6003DECC8 /* CinemaCell.m */ = {isa = PBXFileReference; fileEncoding = 4; lastKnownFileType = sourcecode.c.objc; name = CinemaCell.m; path = Classes/Views/Cells/CinemaCell.m; sourceTree = "<group>"; };
		6EC0064218DC7BC6003DECC8 /* ComingSoonCell2.h */ = {isa = PBXFileReference; fileEncoding = 4; lastKnownFileType = sourcecode.c.h; name = ComingSoonCell2.h; path = Classes/Views/Cells/ComingSoonCell2.h; sourceTree = "<group>"; };
		6EC0064318DC7BC6003DECC8 /* ComingSoonCell2.m */ = {isa = PBXFileReference; fileEncoding = 4; lastKnownFileType = sourcecode.c.objc; name = ComingSoonCell2.m; path = Classes/Views/Cells/ComingSoonCell2.m; sourceTree = "<group>"; };
		6EC0064418DC7BC6003DECC8 /* FunctionCell2.h */ = {isa = PBXFileReference; fileEncoding = 4; lastKnownFileType = sourcecode.c.h; name = FunctionCell2.h; path = Classes/Views/Cells/FunctionCell2.h; sourceTree = "<group>"; };
		6EC0064518DC7BC6003DECC8 /* FunctionCell2.m */ = {isa = PBXFileReference; fileEncoding = 4; lastKnownFileType = sourcecode.c.objc; name = FunctionCell2.m; path = Classes/Views/Cells/FunctionCell2.m; sourceTree = "<group>"; };
		6EC0064618DC7BC6003DECC8 /* MovieCastCell.h */ = {isa = PBXFileReference; fileEncoding = 4; lastKnownFileType = sourcecode.c.h; name = MovieCastCell.h; path = Classes/Views/Cells/MovieCastCell.h; sourceTree = "<group>"; };
		6EC0064718DC7BC6003DECC8 /* MovieCastCell.m */ = {isa = PBXFileReference; fileEncoding = 4; lastKnownFileType = sourcecode.c.objc; name = MovieCastCell.m; path = Classes/Views/Cells/MovieCastCell.m; sourceTree = "<group>"; };
		6EC0064818DC7BC6003DECC8 /* MovieImageCell.h */ = {isa = PBXFileReference; fileEncoding = 4; lastKnownFileType = sourcecode.c.h; name = MovieImageCell.h; path = Classes/Views/Cells/MovieImageCell.h; sourceTree = "<group>"; };
		6EC0064918DC7BC6003DECC8 /* MovieImageCell.m */ = {isa = PBXFileReference; fileEncoding = 4; lastKnownFileType = sourcecode.c.objc; name = MovieImageCell.m; path = Classes/Views/Cells/MovieImageCell.m; sourceTree = "<group>"; };
		6EC0064A18DC7BC6003DECC8 /* VideoCell.h */ = {isa = PBXFileReference; fileEncoding = 4; lastKnownFileType = sourcecode.c.h; name = VideoCell.h; path = Classes/Views/Cells/VideoCell.h; sourceTree = "<group>"; };
		6EC0064B18DC7BC6003DECC8 /* VideoCell.m */ = {isa = PBXFileReference; fileEncoding = 4; lastKnownFileType = sourcecode.c.objc; name = VideoCell.m; path = Classes/Views/Cells/VideoCell.m; sourceTree = "<group>"; };
		6EC0065718DC7BFD003DECC8 /* MenuCustomView.xib */ = {isa = PBXFileReference; fileEncoding = 4; lastKnownFileType = file.xib; name = MenuCustomView.xib; path = Classes/Views/Nibs/MenuCustomView.xib; sourceTree = "<group>"; };
		6EC0065918DC7CBB003DECC8 /* CarteleraVC.h */ = {isa = PBXFileReference; fileEncoding = 4; lastKnownFileType = sourcecode.c.h; name = CarteleraVC.h; path = Classes/Controllers/CarteleraVC.h; sourceTree = "<group>"; };
		6EC0065A18DC7CBB003DECC8 /* CarteleraVC.m */ = {isa = PBXFileReference; fileEncoding = 4; lastKnownFileType = sourcecode.c.objc; name = CarteleraVC.m; path = Classes/Controllers/CarteleraVC.m; sourceTree = "<group>"; };
		6EC0065B18DC7CBB003DECC8 /* CastVC.h */ = {isa = PBXFileReference; fileEncoding = 4; lastKnownFileType = sourcecode.c.h; name = CastVC.h; path = Classes/Controllers/CastVC.h; sourceTree = "<group>"; };
		6EC0065C18DC7CBB003DECC8 /* CastVC.m */ = {isa = PBXFileReference; fileEncoding = 4; lastKnownFileType = sourcecode.c.objc; name = CastVC.m; path = Classes/Controllers/CastVC.m; sourceTree = "<group>"; };
		6EC0065D18DC7CBB003DECC8 /* CineHorariosTableViewController.h */ = {isa = PBXFileReference; fileEncoding = 4; lastKnownFileType = sourcecode.c.h; name = CineHorariosTableViewController.h; path = Classes/Controllers/CineHorariosTableViewController.h; sourceTree = "<group>"; };
		6EC0065E18DC7CBB003DECC8 /* CineHorariosTableViewController.m */ = {isa = PBXFileReference; fileEncoding = 4; lastKnownFileType = sourcecode.c.objc; name = CineHorariosTableViewController.m; path = Classes/Controllers/CineHorariosTableViewController.m; sourceTree = "<group>"; };
		6EC0065F18DC7CBB003DECC8 /* CinesVC.h */ = {isa = PBXFileReference; fileEncoding = 4; lastKnownFileType = sourcecode.c.h; name = CinesVC.h; path = Classes/Controllers/CinesVC.h; sourceTree = "<group>"; };
		6EC0066018DC7CBB003DECC8 /* CinesVC.m */ = {isa = PBXFileReference; fileEncoding = 4; lastKnownFileType = sourcecode.c.objc; name = CinesVC.m; path = Classes/Controllers/CinesVC.m; sourceTree = "<group>"; };
		6EC0066118DC7CBB003DECC8 /* CloseTheatersVC.h */ = {isa = PBXFileReference; fileEncoding = 4; lastKnownFileType = sourcecode.c.h; name = CloseTheatersVC.h; path = Classes/Controllers/CloseTheatersVC.h; sourceTree = "<group>"; };
		6EC0066218DC7CBB003DECC8 /* CloseTheatersVC.m */ = {isa = PBXFileReference; fileEncoding = 4; lastKnownFileType = sourcecode.c.objc; name = CloseTheatersVC.m; path = Classes/Controllers/CloseTheatersVC.m; sourceTree = "<group>"; };
		6EC0066318DC7CBB003DECC8 /* ComingSoonVC.h */ = {isa = PBXFileReference; fileEncoding = 4; lastKnownFileType = sourcecode.c.h; name = ComingSoonVC.h; path = Classes/Controllers/ComingSoonVC.h; sourceTree = "<group>"; };
		6EC0066418DC7CBB003DECC8 /* ComingSoonVC.m */ = {isa = PBXFileReference; fileEncoding = 4; lastKnownFileType = sourcecode.c.objc; name = ComingSoonVC.m; path = Classes/Controllers/ComingSoonVC.m; sourceTree = "<group>"; };
		6EC0066518DC7CBB003DECC8 /* FavoritesVC.h */ = {isa = PBXFileReference; fileEncoding = 4; lastKnownFileType = sourcecode.c.h; name = FavoritesVC.h; path = Classes/Controllers/FavoritesVC.h; sourceTree = "<group>"; };
		6EC0066618DC7CBB003DECC8 /* FavoritesVC.m */ = {isa = PBXFileReference; fileEncoding = 4; lastKnownFileType = sourcecode.c.objc; name = FavoritesVC.m; path = Classes/Controllers/FavoritesVC.m; sourceTree = "<group>"; };
		6EC0066718DC7CBB003DECC8 /* FuncionesVC.h */ = {isa = PBXFileReference; fileEncoding = 4; lastKnownFileType = sourcecode.c.h; name = FuncionesVC.h; path = Classes/Controllers/FuncionesVC.h; sourceTree = "<group>"; };
		6EC0066818DC7CBB003DECC8 /* FuncionesVC.m */ = {isa = PBXFileReference; fileEncoding = 4; lastKnownFileType = sourcecode.c.objc; name = FuncionesVC.m; path = Classes/Controllers/FuncionesVC.m; sourceTree = "<group>"; };
		6EC0066918DC7CBB003DECC8 /* GlobalNavigationController.h */ = {isa = PBXFileReference; fileEncoding = 4; lastKnownFileType = sourcecode.c.h; name = GlobalNavigationController.h; path = Classes/Controllers/GlobalNavigationController.h; sourceTree = "<group>"; };
		6EC0066A18DC7CBB003DECC8 /* GlobalNavigationController.m */ = {isa = PBXFileReference; fileEncoding = 4; lastKnownFileType = sourcecode.c.objc; name = GlobalNavigationController.m; path = Classes/Controllers/GlobalNavigationController.m; sourceTree = "<group>"; };
		6EC0066D18DC7CBB003DECC8 /* MovieCinemasVC.h */ = {isa = PBXFileReference; fileEncoding = 4; lastKnownFileType = sourcecode.c.h; name = MovieCinemasVC.h; path = Classes/Controllers/MovieCinemasVC.h; sourceTree = "<group>"; };
		6EC0066E18DC7CBB003DECC8 /* MovieCinemasVC.m */ = {isa = PBXFileReference; fileEncoding = 4; lastKnownFileType = sourcecode.c.objc; name = MovieCinemasVC.m; path = Classes/Controllers/MovieCinemasVC.m; sourceTree = "<group>"; };
		6EC0067118DC7CBB003DECC8 /* MovieFunctionsVC.h */ = {isa = PBXFileReference; fileEncoding = 4; lastKnownFileType = sourcecode.c.h; name = MovieFunctionsVC.h; path = Classes/Controllers/MovieFunctionsVC.h; sourceTree = "<group>"; };
		6EC0067218DC7CBB003DECC8 /* MovieFunctionsVC.m */ = {isa = PBXFileReference; fileEncoding = 4; lastKnownFileType = sourcecode.c.objc; name = MovieFunctionsVC.m; path = Classes/Controllers/MovieFunctionsVC.m; sourceTree = "<group>"; };
		6EC0067918DC7CBB003DECC8 /* MovieVC.h */ = {isa = PBXFileReference; fileEncoding = 4; lastKnownFileType = sourcecode.c.h; name = MovieVC.h; path = Classes/Controllers/MovieVC.h; sourceTree = "<group>"; };
		6EC0067A18DC7CBB003DECC8 /* MovieVC.m */ = {isa = PBXFileReference; fileEncoding = 4; lastKnownFileType = sourcecode.c.objc; name = MovieVC.m; path = Classes/Controllers/MovieVC.m; sourceTree = "<group>"; };
		6EC0067B18DC7CBB003DECC8 /* SettingsVC.h */ = {isa = PBXFileReference; fileEncoding = 4; lastKnownFileType = sourcecode.c.h; name = SettingsVC.h; path = Classes/Controllers/SettingsVC.h; sourceTree = "<group>"; };
		6EC0067C18DC7CBB003DECC8 /* SettingsVC.m */ = {isa = PBXFileReference; fileEncoding = 4; lastKnownFileType = sourcecode.c.objc; name = SettingsVC.m; path = Classes/Controllers/SettingsVC.m; sourceTree = "<group>"; };
		6EC0067D18DC7CBB003DECC8 /* TheatersVC.h */ = {isa = PBXFileReference; fileEncoding = 4; lastKnownFileType = sourcecode.c.h; name = TheatersVC.h; path = Classes/Controllers/TheatersVC.h; sourceTree = "<group>"; };
		6EC0067E18DC7CBB003DECC8 /* TheatersVC.m */ = {isa = PBXFileReference; fileEncoding = 4; lastKnownFileType = sourcecode.c.objc; name = TheatersVC.m; path = Classes/Controllers/TheatersVC.m; sourceTree = "<group>"; };
		6EC0067F18DC7CBB003DECC8 /* VideosVC.h */ = {isa = PBXFileReference; fileEncoding = 4; lastKnownFileType = sourcecode.c.h; name = VideosVC.h; path = Classes/Controllers/VideosVC.h; sourceTree = "<group>"; };
		6EC0068018DC7CBB003DECC8 /* VideosVC.m */ = {isa = PBXFileReference; fileEncoding = 4; lastKnownFileType = sourcecode.c.objc; name = VideosVC.m; path = Classes/Controllers/VideosVC.m; sourceTree = "<group>"; };
		6EC0068118DC7CBB003DECC8 /* VideoVC.h */ = {isa = PBXFileReference; fileEncoding = 4; lastKnownFileType = sourcecode.c.h; name = VideoVC.h; path = Classes/Controllers/VideoVC.h; sourceTree = "<group>"; };
		6EC0068218DC7CBB003DECC8 /* VideoVC.m */ = {isa = PBXFileReference; fileEncoding = 4; lastKnownFileType = sourcecode.c.objc; name = VideoVC.m; path = Classes/Controllers/VideoVC.m; sourceTree = "<group>"; };
		6EC0068318DC7CBB003DECC8 /* WebVC.h */ = {isa = PBXFileReference; fileEncoding = 4; lastKnownFileType = sourcecode.c.h; name = WebVC.h; path = Classes/Controllers/WebVC.h; sourceTree = "<group>"; };
		6EC0068418DC7CBB003DECC8 /* WebVC.m */ = {isa = PBXFileReference; fileEncoding = 4; lastKnownFileType = sourcecode.c.objc; name = WebVC.m; path = Classes/Controllers/WebVC.m; sourceTree = "<group>"; };
		6EC006CB18DC7D67003DECC8 /* Cine Horarios-Prefix.pch */ = {isa = PBXFileReference; fileEncoding = 4; lastKnownFileType = sourcecode.c.h; name = "Cine Horarios-Prefix.pch"; path = "SupportingFiles/Cine Horarios-Prefix.pch"; sourceTree = "<group>"; };
		6EC006CD18DC7D67003DECC8 /* Cinemas.plist */ = {isa = PBXFileReference; fileEncoding = 4; lastKnownFileType = text.plist.xml; name = Cinemas.plist; path = SupportingFiles/Cinemas.plist; sourceTree = "<group>"; };
		6EC006CE18DC7D67003DECC8 /* icloud.plist */ = {isa = PBXFileReference; fileEncoding = 4; lastKnownFileType = text.plist.xml; name = icloud.plist; path = SupportingFiles/icloud.plist; sourceTree = "<group>"; };
		6EC006CF18DC7D67003DECC8 /* Info.plist */ = {isa = PBXFileReference; fileEncoding = 4; lastKnownFileType = text.plist.xml; name = Info.plist; path = SupportingFiles/Info.plist; sourceTree = "<group>"; };
		6EC006D018DC7D67003DECC8 /* Localizable.strings */ = {isa = PBXFileReference; fileEncoding = 4; lastKnownFileType = text.plist.strings; name = Localizable.strings; path = SupportingFiles/Localizable.strings; sourceTree = "<group>"; };
		6EC006D118DC7D67003DECC8 /* main.m */ = {isa = PBXFileReference; fileEncoding = 4; lastKnownFileType = sourcecode.c.objc; name = main.m; path = SupportingFiles/main.m; sourceTree = "<group>"; };
		6EC006D218DC7D67003DECC8 /* Menu.plist */ = {isa = PBXFileReference; fileEncoding = 4; lastKnownFileType = text.plist.xml; name = Menu.plist; path = SupportingFiles/Menu.plist; sourceTree = "<group>"; };
		6EC006F618DC7E3C003DECC8 /* AnnotationGroup.h */ = {isa = PBXFileReference; fileEncoding = 4; lastKnownFileType = sourcecode.c.h; name = AnnotationGroup.h; path = Classes/Models/AnnotationGroup.h; sourceTree = "<group>"; };
		6EC006F718DC7E3C003DECC8 /* AnnotationGroup.m */ = {isa = PBXFileReference; fileEncoding = 4; lastKnownFileType = sourcecode.c.objc; name = AnnotationGroup.m; path = Classes/Models/AnnotationGroup.m; sourceTree = "<group>"; };
		6EC006F818DC7E3C003DECC8 /* AnnotationTheater.h */ = {isa = PBXFileReference; fileEncoding = 4; lastKnownFileType = sourcecode.c.h; name = AnnotationTheater.h; path = Classes/Models/AnnotationTheater.h; sourceTree = "<group>"; };
		6EC006F918DC7E3C003DECC8 /* AnnotationTheater.m */ = {isa = PBXFileReference; fileEncoding = 4; lastKnownFileType = sourcecode.c.objc; name = AnnotationTheater.m; path = Classes/Models/AnnotationTheater.m; sourceTree = "<group>"; };
		6EC006FA18DC7E3C003DECC8 /* BasicItem.h */ = {isa = PBXFileReference; fileEncoding = 4; lastKnownFileType = sourcecode.c.h; name = BasicItem.h; path = Classes/Models/BasicItem.h; sourceTree = "<group>"; };
		6EC006FB18DC7E3C003DECC8 /* BasicItem.m */ = {isa = PBXFileReference; fileEncoding = 4; lastKnownFileType = sourcecode.c.objc; name = BasicItem.m; path = Classes/Models/BasicItem.m; sourceTree = "<group>"; };
		6EC006FC18DC7E3C003DECC8 /* BasicItemImage.h */ = {isa = PBXFileReference; fileEncoding = 4; lastKnownFileType = sourcecode.c.h; name = BasicItemImage.h; path = Classes/Models/BasicItemImage.h; sourceTree = "<group>"; };
		6EC006FD18DC7E3C003DECC8 /* BasicItemImage.m */ = {isa = PBXFileReference; fileEncoding = 4; lastKnownFileType = sourcecode.c.objc; name = BasicItemImage.m; path = Classes/Models/BasicItemImage.m; sourceTree = "<group>"; };
		6EC006FE18DC7E3C003DECC8 /* BasicMovie.h */ = {isa = PBXFileReference; fileEncoding = 4; lastKnownFileType = sourcecode.c.h; name = BasicMovie.h; path = Classes/Models/BasicMovie.h; sourceTree = "<group>"; };
		6EC006FF18DC7E3C003DECC8 /* BasicMovie.m */ = {isa = PBXFileReference; fileEncoding = 4; lastKnownFileType = sourcecode.c.objc; name = BasicMovie.m; path = Classes/Models/BasicMovie.m; sourceTree = "<group>"; };
		6EC0070018DC7E3C003DECC8 /* Billboard.h */ = {isa = PBXFileReference; fileEncoding = 4; lastKnownFileType = sourcecode.c.h; name = Billboard.h; path = Classes/Models/Billboard.h; sourceTree = "<group>"; };
		6EC0070118DC7E3C003DECC8 /* Billboard.m */ = {isa = PBXFileReference; fileEncoding = 4; lastKnownFileType = sourcecode.c.objc; name = Billboard.m; path = Classes/Models/Billboard.m; sourceTree = "<group>"; };
		6EC0070218DC7E3C003DECC8 /* Cast.h */ = {isa = PBXFileReference; fileEncoding = 4; lastKnownFileType = sourcecode.c.h; name = Cast.h; path = Classes/Models/Cast.h; sourceTree = "<group>"; };
		6EC0070318DC7E3C003DECC8 /* Cast.m */ = {isa = PBXFileReference; fileEncoding = 4; lastKnownFileType = sourcecode.c.objc; name = Cast.m; path = Classes/Models/Cast.m; sourceTree = "<group>"; };
		6EC0070418DC7E3C003DECC8 /* Cinema.h */ = {isa = PBXFileReference; fileEncoding = 4; lastKnownFileType = sourcecode.c.h; name = Cinema.h; path = Classes/Models/Cinema.h; sourceTree = "<group>"; };
		6EC0070518DC7E3C003DECC8 /* Cinema.m */ = {isa = PBXFileReference; fileEncoding = 4; lastKnownFileType = sourcecode.c.objc; name = Cinema.m; path = Classes/Models/Cinema.m; sourceTree = "<group>"; };
		6EC0070618DC7E3C003DECC8 /* Function.h */ = {isa = PBXFileReference; fileEncoding = 4; lastKnownFileType = sourcecode.c.h; name = Function.h; path = Classes/Models/Function.h; sourceTree = "<group>"; };
		6EC0070718DC7E3C003DECC8 /* Function.m */ = {isa = PBXFileReference; fileEncoding = 4; lastKnownFileType = sourcecode.c.objc; name = Function.m; path = Classes/Models/Function.m; sourceTree = "<group>"; };
		6EC0070818DC7E3C003DECC8 /* Movie.h */ = {isa = PBXFileReference; fileEncoding = 4; lastKnownFileType = sourcecode.c.h; name = Movie.h; path = Classes/Models/Movie.h; sourceTree = "<group>"; };
		6EC0070918DC7E3C003DECC8 /* Movie.m */ = {isa = PBXFileReference; fileEncoding = 4; lastKnownFileType = sourcecode.c.objc; name = Movie.m; path = Classes/Models/Movie.m; sourceTree = "<group>"; };
		6EC0070A18DC7E3C003DECC8 /* MTLModelPersistable.h */ = {isa = PBXFileReference; fileEncoding = 4; lastKnownFileType = sourcecode.c.h; name = MTLModelPersistable.h; path = Classes/Models/MTLModelPersistable.h; sourceTree = "<group>"; };
		6EC0070B18DC7E3C003DECC8 /* MTLModelPersistable.m */ = {isa = PBXFileReference; fileEncoding = 4; lastKnownFileType = sourcecode.c.objc; name = MTLModelPersistable.m; path = Classes/Models/MTLModelPersistable.m; sourceTree = "<group>"; };
		6EC0070C18DC7E3C003DECC8 /* Person.h */ = {isa = PBXFileReference; fileEncoding = 4; lastKnownFileType = sourcecode.c.h; name = Person.h; path = Classes/Models/Person.h; sourceTree = "<group>"; };
		6EC0070D18DC7E3C003DECC8 /* Person.m */ = {isa = PBXFileReference; fileEncoding = 4; lastKnownFileType = sourcecode.c.objc; name = Person.m; path = Classes/Models/Person.m; sourceTree = "<group>"; };
		6EC0070E18DC7E3C003DECC8 /* Theater.h */ = {isa = PBXFileReference; fileEncoding = 4; lastKnownFileType = sourcecode.c.h; name = Theater.h; path = Classes/Models/Theater.h; sourceTree = "<group>"; };
		6EC0070F18DC7E3C003DECC8 /* Theater.m */ = {isa = PBXFileReference; fileEncoding = 4; lastKnownFileType = sourcecode.c.objc; name = Theater.m; path = Classes/Models/Theater.m; sourceTree = "<group>"; };
		6EC0071018DC7E3C003DECC8 /* Video.h */ = {isa = PBXFileReference; fileEncoding = 4; lastKnownFileType = sourcecode.c.h; name = Video.h; path = Classes/Models/Video.h; sourceTree = "<group>"; };
		6EC0071118DC7E3C003DECC8 /* Video.m */ = {isa = PBXFileReference; fileEncoding = 4; lastKnownFileType = sourcecode.c.objc; name = Video.m; path = Classes/Models/Video.m; sourceTree = "<group>"; };
		6EC0071218DC7E3C003DECC8 /* VideoGroup.h */ = {isa = PBXFileReference; fileEncoding = 4; lastKnownFileType = sourcecode.c.h; name = VideoGroup.h; path = Classes/Models/VideoGroup.h; sourceTree = "<group>"; };
		6EC0071318DC7E3C003DECC8 /* VideoGroup.m */ = {isa = PBXFileReference; fileEncoding = 4; lastKnownFileType = sourcecode.c.objc; name = VideoGroup.m; path = Classes/Models/VideoGroup.m; sourceTree = "<group>"; };
		6EC0072318DC7E84003DECC8 /* Storyboard.storyboard */ = {isa = PBXFileReference; fileEncoding = 4; lastKnownFileType = file.storyboard; name = Storyboard.storyboard; path = Classes/Views/Storyboard.storyboard; sourceTree = "<group>"; };
		6EC0072618DC7ED6003DECC8 /* ArrayDataSource.h */ = {isa = PBXFileReference; fileEncoding = 4; lastKnownFileType = sourcecode.c.h; name = ArrayDataSource.h; path = Utilities/ArrayDataSource.h; sourceTree = "<group>"; };
		6EC0072718DC7ED6003DECC8 /* ArrayDataSource.m */ = {isa = PBXFileReference; fileEncoding = 4; lastKnownFileType = sourcecode.c.objc; name = ArrayDataSource.m; path = Utilities/ArrayDataSource.m; sourceTree = "<group>"; };
		6EC0072918DC7EE1003DECC8 /* GAI+CH.h */ = {isa = PBXFileReference; fileEncoding = 4; lastKnownFileType = sourcecode.c.h; name = "GAI+CH.h"; path = "Utilities/Categories/GAI+CH.h"; sourceTree = "<group>"; };
		6EC0072A18DC7EE1003DECC8 /* GAI+CH.m */ = {isa = PBXFileReference; fileEncoding = 4; lastKnownFileType = sourcecode.c.objc; name = "GAI+CH.m"; path = "Utilities/Categories/GAI+CH.m"; sourceTree = "<group>"; };
		6EC0072B18DC7EE1003DECC8 /* NSArray+FKBMap.h */ = {isa = PBXFileReference; fileEncoding = 4; lastKnownFileType = sourcecode.c.h; name = "NSArray+FKBMap.h"; path = "Utilities/Categories/NSArray+FKBMap.h"; sourceTree = "<group>"; };
		6EC0072C18DC7EE1003DECC8 /* NSArray+FKBMap.m */ = {isa = PBXFileReference; fileEncoding = 4; lastKnownFileType = sourcecode.c.objc; name = "NSArray+FKBMap.m"; path = "Utilities/Categories/NSArray+FKBMap.m"; sourceTree = "<group>"; };
		6EC0072D18DC7EE1003DECC8 /* UIColor+CH.h */ = {isa = PBXFileReference; fileEncoding = 4; lastKnownFileType = sourcecode.c.h; name = "UIColor+CH.h"; path = "Utilities/Categories/UIColor+CH.h"; sourceTree = "<group>"; };
		6EC0072E18DC7EE1003DECC8 /* UIColor+CH.m */ = {isa = PBXFileReference; fileEncoding = 4; lastKnownFileType = sourcecode.c.objc; name = "UIColor+CH.m"; path = "Utilities/Categories/UIColor+CH.m"; sourceTree = "<group>"; };
		6EC0072F18DC7EE1003DECC8 /* UIFont+CH.h */ = {isa = PBXFileReference; fileEncoding = 4; lastKnownFileType = sourcecode.c.h; name = "UIFont+CH.h"; path = "Utilities/Categories/UIFont+CH.h"; sourceTree = "<group>"; };
		6EC0073018DC7EE1003DECC8 /* UIFont+CH.m */ = {isa = PBXFileReference; fileEncoding = 4; lastKnownFileType = sourcecode.c.objc; name = "UIFont+CH.m"; path = "Utilities/Categories/UIFont+CH.m"; sourceTree = "<group>"; };
		6EC0073118DC7EE1003DECC8 /* UIImage+CH.h */ = {isa = PBXFileReference; fileEncoding = 4; lastKnownFileType = sourcecode.c.h; name = "UIImage+CH.h"; path = "Utilities/Categories/UIImage+CH.h"; sourceTree = "<group>"; };
		6EC0073218DC7EE1003DECC8 /* UIImage+CH.m */ = {isa = PBXFileReference; fileEncoding = 4; lastKnownFileType = sourcecode.c.objc; name = "UIImage+CH.m"; path = "Utilities/Categories/UIImage+CH.m"; sourceTree = "<group>"; };
		6EC0073318DC7EE1003DECC8 /* UIImageView+CH.h */ = {isa = PBXFileReference; fileEncoding = 4; lastKnownFileType = sourcecode.c.h; name = "UIImageView+CH.h"; path = "Utilities/Categories/UIImageView+CH.h"; sourceTree = "<group>"; };
		6EC0073418DC7EE1003DECC8 /* UIImageView+CH.m */ = {isa = PBXFileReference; fileEncoding = 4; lastKnownFileType = sourcecode.c.objc; name = "UIImageView+CH.m"; path = "Utilities/Categories/UIImageView+CH.m"; sourceTree = "<group>"; };
		6EC0073518DC7EE1003DECC8 /* UIView+CH.h */ = {isa = PBXFileReference; fileEncoding = 4; lastKnownFileType = sourcecode.c.h; name = "UIView+CH.h"; path = "Utilities/Categories/UIView+CH.h"; sourceTree = "<group>"; };
		6EC0073618DC7EE1003DECC8 /* UIView+CH.m */ = {isa = PBXFileReference; fileEncoding = 4; lastKnownFileType = sourcecode.c.objc; name = "UIView+CH.m"; path = "Utilities/Categories/UIView+CH.m"; sourceTree = "<group>"; };
		6EE703A718B7BC7000B5D6F2 /* Security.framework */ = {isa = PBXFileReference; lastKnownFileType = wrapper.framework; name = Security.framework; path = System/Library/Frameworks/Security.framework; sourceTree = SDKROOT; };
		6EE703A918B7BC7A00B5D6F2 /* CoreBluetooth.framework */ = {isa = PBXFileReference; lastKnownFileType = wrapper.framework; name = CoreBluetooth.framework; path = System/Library/Frameworks/CoreBluetooth.framework; sourceTree = SDKROOT; };
		D6762D0B3F59498CA72154F7 /* libPods.a */ = {isa = PBXFileReference; explicitFileType = archive.ar; includeInIndex = 0; path = libPods.a; sourceTree = BUILT_PRODUCTS_DIR; };
/* End PBXFileReference section */

/* Begin PBXFrameworksBuildPhase section */
		3DDB70FD170A516B00EC3E51 /* Frameworks */ = {
			isa = PBXFrameworksBuildPhase;
			buildActionMask = 2147483647;
			files = (
				25F033771A37032900748D5E /* StoreKit.framework in Frameworks */,
				6E2B61901A28CAC00071DE50 /* CoreData.framework in Frameworks */,
				6EE703AA18B7BC7A00B5D6F2 /* CoreBluetooth.framework in Frameworks */,
				6EE703A818B7BC7000B5D6F2 /* Security.framework in Frameworks */,
				3D29981717E5AA33001A371D /* SystemConfiguration.framework in Frameworks */,
				6EBF1EA318AB6673007B50A5 /* MessageUI.framework in Frameworks */,
				6EBF1EA118AB666A007B50A5 /* CoreTelephony.framework in Frameworks */,
				25C66F931A2ADE1800366BE8 /* GeoFaroKit.framework in Frameworks */,
				25C66F921A2ADCC100366BE8 /* Crashlytics.framework in Frameworks */,
				25C66F881A2AD71C00366BE8 /* GeoFaroKit.framework in Frameworks */,
				3DDB7109170A516B00EC3E51 /* CoreGraphics.framework in Frameworks */,
				6EBF1E9F18AB6653007B50A5 /* AVFoundation.framework in Frameworks */,
				6EBF1E9D18AB664D007B50A5 /* AudioToolbox.framework in Frameworks */,
				6EBF1E9B18AB6642007B50A5 /* AdSupport.framework in Frameworks */,
				6E57396D182755A300ADB8D9 /* CoreLocation.framework in Frameworks */,
				6E57396518273C9900ADB8D9 /* MapKit.framework in Frameworks */,
				3D29981917E5AA46001A371D /* QuartzCore.framework in Frameworks */,
				3D29981517E5AA28001A371D /* UIKit.framework in Frameworks */,
				3DDB7107170A516B00EC3E51 /* Foundation.framework in Frameworks */,
				2B2B30865DEB412FAC228ABA /* libPods.a in Frameworks */,
			);
			runOnlyForDeploymentPostprocessing = 0;
		};
/* End PBXFrameworksBuildPhase section */

/* Begin PBXGroup section */
		16F008A1180DED1300A15060 /* Vendor */ = {
			isa = PBXGroup;
			children = (
			);
			name = Vendor;
			sourceTree = "<group>";
		};
		25D9270A1A2E6ACC007B255D /* Headers */ = {
			isa = PBXGroup;
			children = (
				25C498AC1A480D1800EFE197 /* CHViewTableController_Protected.h */,
				25C498A81A47A96700EFE197 /* CHViewTableController.h */,
				6EC0065918DC7CBB003DECC8 /* CarteleraVC.h */,
				6EC0065B18DC7CBB003DECC8 /* CastVC.h */,
				6EC0065D18DC7CBB003DECC8 /* CineHorariosTableViewController.h */,
				6EC0065F18DC7CBB003DECC8 /* CinesVC.h */,
				6EC0066118DC7CBB003DECC8 /* CloseTheatersVC.h */,
				6EC0066318DC7CBB003DECC8 /* ComingSoonVC.h */,
				6EC0066718DC7CBB003DECC8 /* FuncionesVC.h */,
				6EC0066518DC7CBB003DECC8 /* FavoritesVC.h */,
				6EC0066918DC7CBB003DECC8 /* GlobalNavigationController.h */,
				6EC0066D18DC7CBB003DECC8 /* MovieCinemasVC.h */,
				6EC0067118DC7CBB003DECC8 /* MovieFunctionsVC.h */,
				6EC0067918DC7CBB003DECC8 /* MovieVC.h */,
				6EC0067B18DC7CBB003DECC8 /* SettingsVC.h */,
				6EC0067D18DC7CBB003DECC8 /* TheatersVC.h */,
				6EC0067F18DC7CBB003DECC8 /* VideosVC.h */,
				6EC0068118DC7CBB003DECC8 /* VideoVC.h */,
				6EC0068318DC7CBB003DECC8 /* WebVC.h */,
				25710C931A0DB3230066864C /* FunctionsPageVC.h */,
				257BEE691A107B5400BD3920 /* FunctionsContainerVC.h */,
			);
			name = Headers;
			sourceTree = "<group>";
		};
		25D9270B1A2E6B00007B255D /* Headers */ = {
			isa = PBXGroup;
			children = (
				6EC006F618DC7E3C003DECC8 /* AnnotationGroup.h */,
				6EC006F818DC7E3C003DECC8 /* AnnotationTheater.h */,
				6EC006FA18DC7E3C003DECC8 /* BasicItem.h */,
				6EC006FC18DC7E3C003DECC8 /* BasicItemImage.h */,
				6EC006FE18DC7E3C003DECC8 /* BasicMovie.h */,
				6EC0070018DC7E3C003DECC8 /* Billboard.h */,
				6EC0070218DC7E3C003DECC8 /* Cast.h */,
				6EC0070418DC7E3C003DECC8 /* Cinema.h */,
				6EC0070618DC7E3C003DECC8 /* Function.h */,
				6EC0070818DC7E3C003DECC8 /* Movie.h */,
				6EC0070A18DC7E3C003DECC8 /* MTLModelPersistable.h */,
				6EC0070C18DC7E3C003DECC8 /* Person.h */,
				6EC0070E18DC7E3C003DECC8 /* Theater.h */,
				6EC0071018DC7E3C003DECC8 /* Video.h */,
				6EC0071218DC7E3C003DECC8 /* VideoGroup.h */,
			);
			name = Headers;
			sourceTree = "<group>";
		};
		25D9270C1A2E6B16007B255D /* Headers */ = {
			isa = PBXGroup;
			children = (
				6EC0063818DC7BC6003DECC8 /* BasicCell.h */,
				6EC0063A18DC7BC6003DECC8 /* BillboardCell.h */,
				6EC0063C18DC7BC6003DECC8 /* CastActorCell.h */,
				6EC0063E18DC7BC6003DECC8 /* CastDirectorCell.h */,
				6EC0064018DC7BC6003DECC8 /* CinemaCell.h */,
				6EC0064218DC7BC6003DECC8 /* ComingSoonCell2.h */,
				6EC0064418DC7BC6003DECC8 /* FunctionCell2.h */,
				6EC0064618DC7BC6003DECC8 /* MovieCastCell.h */,
				6EC0064818DC7BC6003DECC8 /* MovieImageCell.h */,
				6EC0064A18DC7BC6003DECC8 /* VideoCell.h */,
			);
			name = Headers;
			sourceTree = "<group>";
		};
		25D9270D1A2E6B23007B255D /* Headers */ = {
			isa = PBXGroup;
			children = (
				6EC0061A18DC7B77003DECC8 /* BasicCell+Theater.h */,
				6EC0061C18DC7B77003DECC8 /* BillboardCell+BasicMovie.h */,
				6EC0061E18DC7B77003DECC8 /* CastActorCell+Person.h */,
				6EC0062018DC7B77003DECC8 /* CastDirectorCell+Person.h */,
				6EC0062218DC7B77003DECC8 /* CinemaCell+Cinema.h */,
				6EC0062418DC7B77003DECC8 /* ComingSoonCell2+BasicMovie.h */,
				6EC0062618DC7B77003DECC8 /* FunctionCell2+Function.h */,
				6EC0062818DC7B77003DECC8 /* MovieCastCell+Person.h */,
				6EC0062A18DC7B77003DECC8 /* MovieImageCell+MovieImage.h */,
				6EC0062C18DC7B77003DECC8 /* VideoCell+Video.h */,
				2503D0BC1A1054B200E1876B /* NSDate+CH.h */,
			);
			name = Headers;
			sourceTree = "<group>";
		};
		3D111A4F170C97140043D2D2 /* Classes */ = {
			isa = PBXGroup;
			children = (
				25C498AB1A47FF7A00EFE197 /* Constants.h */,
				6EC005F718DC7949003DECC8 /* AppDelegate.h */,
				6EC005F818DC7949003DECC8 /* AppDelegate.m */,
				3DC9A748170CCA69008B9FF9 /* Views */,
				3DC9A744170CC432008B9FF9 /* Models */,
				3D111A52170C977C0043D2D2 /* Controllers */,
			);
			name = Classes;
			sourceTree = "<group>";
		};
		3D111A52170C977C0043D2D2 /* Controllers */ = {
			isa = PBXGroup;
			children = (
				25D9270A1A2E6ACC007B255D /* Headers */,
				6EC0065A18DC7CBB003DECC8 /* CarteleraVC.m */,
				6EC0065C18DC7CBB003DECC8 /* CastVC.m */,
				6EC0065E18DC7CBB003DECC8 /* CineHorariosTableViewController.m */,
				6EC0066018DC7CBB003DECC8 /* CinesVC.m */,
				6EC0066218DC7CBB003DECC8 /* CloseTheatersVC.m */,
				6EC0066418DC7CBB003DECC8 /* ComingSoonVC.m */,
				6EC0066618DC7CBB003DECC8 /* FavoritesVC.m */,
				6EC0066818DC7CBB003DECC8 /* FuncionesVC.m */,
				257BEE6A1A107B5400BD3920 /* FunctionsContainerVC.m */,
				25710C941A0DB3230066864C /* FunctionsPageVC.m */,
				6EC0066A18DC7CBB003DECC8 /* GlobalNavigationController.m */,
				6EC0066E18DC7CBB003DECC8 /* MovieCinemasVC.m */,
				6EC0067218DC7CBB003DECC8 /* MovieFunctionsVC.m */,
				6EC0067A18DC7CBB003DECC8 /* MovieVC.m */,
				6EC0067C18DC7CBB003DECC8 /* SettingsVC.m */,
				6EC0067E18DC7CBB003DECC8 /* TheatersVC.m */,
				6EC0068018DC7CBB003DECC8 /* VideosVC.m */,
				6EC0068218DC7CBB003DECC8 /* VideoVC.m */,
				6EC0068418DC7CBB003DECC8 /* WebVC.m */,
				25C498A91A47A96700EFE197 /* CHViewTableController.m */,
			);
			name = Controllers;
			sourceTree = "<group>";
		};
		3D309A2617A85D9600BB5D13 /* Categories */ = {
			isa = PBXGroup;
			children = (
				6EC0072918DC7EE1003DECC8 /* GAI+CH.h */,
				6EC0072A18DC7EE1003DECC8 /* GAI+CH.m */,
				6EC0072B18DC7EE1003DECC8 /* NSArray+FKBMap.h */,
				6EC0072C18DC7EE1003DECC8 /* NSArray+FKBMap.m */,
				6EC0072D18DC7EE1003DECC8 /* UIColor+CH.h */,
				6EC0072E18DC7EE1003DECC8 /* UIColor+CH.m */,
				6EC0072F18DC7EE1003DECC8 /* UIFont+CH.h */,
				6EC0073018DC7EE1003DECC8 /* UIFont+CH.m */,
				6EC0073118DC7EE1003DECC8 /* UIImage+CH.h */,
				6EC0073218DC7EE1003DECC8 /* UIImage+CH.m */,
				6EC0073318DC7EE1003DECC8 /* UIImageView+CH.h */,
				6EC0073418DC7EE1003DECC8 /* UIImageView+CH.m */,
				6EC0073518DC7EE1003DECC8 /* UIView+CH.h */,
				6EC0073618DC7EE1003DECC8 /* UIView+CH.m */,
				6E176F071A05DEAE00775DC7 /* MBProgressHUD+CH.h */,
				6E176F081A05DEAE00775DC7 /* MBProgressHUD+CH.m */,
			);
			name = Categories;
			sourceTree = "<group>";
		};
		3DC9A744170CC432008B9FF9 /* Models */ = {
			isa = PBXGroup;
			children = (
				25D9270B1A2E6B00007B255D /* Headers */,
				6EC006F718DC7E3C003DECC8 /* AnnotationGroup.m */,
				6EC006F918DC7E3C003DECC8 /* AnnotationTheater.m */,
				6EC006FB18DC7E3C003DECC8 /* BasicItem.m */,
				6EC006FD18DC7E3C003DECC8 /* BasicItemImage.m */,
				6EC006FF18DC7E3C003DECC8 /* BasicMovie.m */,
				6EC0070118DC7E3C003DECC8 /* Billboard.m */,
				6EC0070318DC7E3C003DECC8 /* Cast.m */,
				6EC0070518DC7E3C003DECC8 /* Cinema.m */,
				6EC0070718DC7E3C003DECC8 /* Function.m */,
				6EC0070918DC7E3C003DECC8 /* Movie.m */,
				6EC0070B18DC7E3C003DECC8 /* MTLModelPersistable.m */,
				6EC0070D18DC7E3C003DECC8 /* Person.m */,
				6EC0070F18DC7E3C003DECC8 /* Theater.m */,
				6EC0071118DC7E3C003DECC8 /* Video.m */,
				6EC0071318DC7E3C003DECC8 /* VideoGroup.m */,
				259550401A3DD4380052A8FB /* FavoritesManager.h */,
				259550411A3DD4380052A8FB /* FavoritesManager.m */,
			);
			name = Models;
			sourceTree = "<group>";
		};
		3DC9A748170CCA69008B9FF9 /* Views */ = {
			isa = PBXGroup;
			children = (
				6EC0065618DC7BDE003DECC8 /* Nibs */,
				6E88F27F189AFEEE00927222 /* CellCategories */,
				6E56CC12188BC6DB000AB809 /* Cells */,
			);
			name = Views;
			sourceTree = "<group>";
		};
		3DDB70F5170A516B00EC3E51 = {
			isa = PBXGroup;
			children = (
				3DDB710A170A516B00EC3E51 /* Cine Horarios */,
				3DDB7103170A516B00EC3E51 /* Frameworks */,
				3DDB7101170A516B00EC3E51 /* Products */,
				54FCF31A9F2C8BACC5BE4839 /* Pods */,
			);
			sourceTree = "<group>";
		};
		3DDB7101170A516B00EC3E51 /* Products */ = {
			isa = PBXGroup;
			children = (
				3DDB7100170A516B00EC3E51 /* Cine Horarios.app */,
			);
			name = Products;
			sourceTree = "<group>";
		};
		3DDB7103170A516B00EC3E51 /* Frameworks */ = {
			isa = PBXGroup;
			children = (
				25F033761A37032900748D5E /* StoreKit.framework */,
				25C66F911A2ADCC100366BE8 /* Crashlytics.framework */,
				6E2B618F1A28CAC00071DE50 /* CoreData.framework */,
				6EE703A918B7BC7A00B5D6F2 /* CoreBluetooth.framework */,
				6EE703A718B7BC7000B5D6F2 /* Security.framework */,
				6EBF1EA218AB6673007B50A5 /* MessageUI.framework */,
				6EBF1EA018AB666A007B50A5 /* CoreTelephony.framework */,
				6EBF1E9E18AB6653007B50A5 /* AVFoundation.framework */,
				6EBF1E9C18AB664D007B50A5 /* AudioToolbox.framework */,
				6EBF1E9A18AB6642007B50A5 /* AdSupport.framework */,
				160907B618AABADF000F9FF7 /* iAd.framework */,
				6E57396C182755A300ADB8D9 /* CoreLocation.framework */,
				6E57396418273C9900ADB8D9 /* MapKit.framework */,
				3D29981817E5AA46001A371D /* QuartzCore.framework */,
				3D29981617E5AA33001A371D /* SystemConfiguration.framework */,
				3D29981417E5AA28001A371D /* UIKit.framework */,
				3DDB7106170A516B00EC3E51 /* Foundation.framework */,
				3DDB7108170A516B00EC3E51 /* CoreGraphics.framework */,
				D6762D0B3F59498CA72154F7 /* libPods.a */,
			);
			name = Frameworks;
			sourceTree = "<group>";
		};
		3DDB710A170A516B00EC3E51 /* Cine Horarios */ = {
			isa = PBXGroup;
			children = (
				6E2B61781A28C4710071DE50 /* Geofarok */,
				6EC0072518DC7E9F003DECC8 /* Utilities */,
				6EC0061018DC7A9A003DECC8 /* DataFetch */,
				162414A317BC946E00083708 /* Images.xcassets */,
				6EC0072318DC7E84003DECC8 /* Storyboard.storyboard */,
				3D111A4F170C97140043D2D2 /* Classes */,
				16F008A1180DED1300A15060 /* Vendor */,
				3DDB710B170A516B00EC3E51 /* SupportingFiles */,
			);
			path = "Cine Horarios";
			sourceTree = "<group>";
		};
		3DDB710B170A516B00EC3E51 /* SupportingFiles */ = {
			isa = PBXGroup;
			children = (
				25F41A661A09F661009C4805 /* Cine Horarios.entitlements */,
				6EC006CB18DC7D67003DECC8 /* Cine Horarios-Prefix.pch */,
				6EC006CD18DC7D67003DECC8 /* Cinemas.plist */,
				6EC006CE18DC7D67003DECC8 /* icloud.plist */,
				6EC006CF18DC7D67003DECC8 /* Info.plist */,
				6EC006D018DC7D67003DECC8 /* Localizable.strings */,
				6EC006D118DC7D67003DECC8 /* main.m */,
				6EC006D218DC7D67003DECC8 /* Menu.plist */,
			);
			name = SupportingFiles;
			sourceTree = "<group>";
		};
		54FCF31A9F2C8BACC5BE4839 /* Pods */ = {
			isa = PBXGroup;
			children = (
				385B73052F46F87FCCF22877 /* Pods.debug.xcconfig */,
				4D13F22F381E11E6ED02878B /* Pods.release.xcconfig */,
			);
			name = Pods;
			sourceTree = "<group>";
		};
		6E2B61781A28C4710071DE50 /* Geofarok */ = {
			isa = PBXGroup;
			children = (
				25C66F811A2AD71C00366BE8 /* developers.der */,
				25C66F821A2AD71C00366BE8 /* developers.p12 */,
				25C66F831A2AD71C00366BE8 /* GeoFaroKit.framework */,
				25C66F841A2AD71C00366BE8 /* RegionesGeofaro.plist */,
				25C66F851A2AD71C00366BE8 /* ServiciosGeofaro.plist */,
			);
			name = Geofarok;
			sourceTree = "<group>";
		};
		6E56CC12188BC6DB000AB809 /* Cells */ = {
			isa = PBXGroup;
			children = (
				25D9270C1A2E6B16007B255D /* Headers */,
				6EC0063918DC7BC6003DECC8 /* BasicCell.m */,
				6EC0063B18DC7BC6003DECC8 /* BillboardCell.m */,
				6EC0063D18DC7BC6003DECC8 /* CastActorCell.m */,
				6EC0063F18DC7BC6003DECC8 /* CastDirectorCell.m */,
				6EC0064118DC7BC6003DECC8 /* CinemaCell.m */,
				6EC0064318DC7BC6003DECC8 /* ComingSoonCell2.m */,
				6EC0064518DC7BC6003DECC8 /* FunctionCell2.m */,
				6EC0064718DC7BC6003DECC8 /* MovieCastCell.m */,
				6EC0064918DC7BC6003DECC8 /* MovieImageCell.m */,
				6EC0064B18DC7BC6003DECC8 /* VideoCell.m */,
			);
			name = Cells;
			sourceTree = "<group>";
		};
		6E88F27F189AFEEE00927222 /* CellCategories */ = {
			isa = PBXGroup;
			children = (
				25D9270D1A2E6B23007B255D /* Headers */,
				6EC0061B18DC7B77003DECC8 /* BasicCell+Theater.m */,
				6EC0061D18DC7B77003DECC8 /* BillboardCell+BasicMovie.m */,
				6EC0061F18DC7B77003DECC8 /* CastActorCell+Person.m */,
				6EC0062118DC7B77003DECC8 /* CastDirectorCell+Person.m */,
				6EC0062318DC7B77003DECC8 /* CinemaCell+Cinema.m */,
				6EC0062518DC7B77003DECC8 /* ComingSoonCell2+BasicMovie.m */,
				6EC0062718DC7B77003DECC8 /* FunctionCell2+Function.m */,
				6EC0062918DC7B77003DECC8 /* MovieCastCell+Person.m */,
				6EC0062B18DC7B77003DECC8 /* MovieImageCell+MovieImage.m */,
				6EC0062D18DC7B77003DECC8 /* VideoCell+Video.m */,
				2503D0BD1A1054B200E1876B /* NSDate+CH.m */,
			);
			name = CellCategories;
			sourceTree = "<group>";
		};
		6EC0061018DC7A9A003DECC8 /* DataFetch */ = {
			isa = PBXGroup;
			children = (
				6EC0061118DC7AE1003DECC8 /* CineHorariosApiClient.h */,
				6EC0061218DC7AE1003DECC8 /* CineHorariosApiClient.m */,
				6EC0061318DC7AE1003DECC8 /* FileHandler.h */,
				6EC0061418DC7AE1003DECC8 /* FileHandler.m */,
			);
			name = DataFetch;
			sourceTree = "<group>";
		};
		6EC0065618DC7BDE003DECC8 /* Nibs */ = {
			isa = PBXGroup;
			children = (
				6EC0065718DC7BFD003DECC8 /* MenuCustomView.xib */,
				25FDAFCB1A32D00B00CDD34E /* ImageViewTableHeader.xib */,
				25FDAFCD1A32D40600CDD34E /* ImageViewTableHeader.h */,
				25FDAFCE1A32D40600CDD34E /* ImageViewTableHeader.m */,
			);
			name = Nibs;
			sourceTree = "<group>";
		};
		6EC0072518DC7E9F003DECC8 /* Utilities */ = {
			isa = PBXGroup;
			children = (
				25C66F781A2AD70300366BE8 /* UIDevice+Hardware.h */,
				25C66F791A2AD70300366BE8 /* UIDevice+Hardware.m */,
				25C66F7B1A2AD70C00366BE8 /* NSObject+Utilidades.h */,
				25C66F7C1A2AD70C00366BE8 /* NSObject+Utilidades.m */,
				25C66F7D1A2AD70C00366BE8 /* Reachability.h */,
				25C66F7E1A2AD70C00366BE8 /* Reachability.m */,
				6EC0072618DC7ED6003DECC8 /* ArrayDataSource.h */,
				6EC0072718DC7ED6003DECC8 /* ArrayDataSource.m */,
				3D309A2617A85D9600BB5D13 /* Categories */,
			);
			name = Utilities;
			sourceTree = "<group>";
		};
/* End PBXGroup section */

/* Begin PBXNativeTarget section */
		3DDB70FF170A516B00EC3E51 /* Cine Horarios */ = {
			isa = PBXNativeTarget;
			buildConfigurationList = 3DDB7124170A516B00EC3E51 /* Build configuration list for PBXNativeTarget "Cine Horarios" */;
			buildPhases = (
				CEEFCCEF326347A5A94F15C7 /* Check Pods Manifest.lock */,
				3DDB70FC170A516B00EC3E51 /* Sources */,
				3DDB70FD170A516B00EC3E51 /* Frameworks */,
				3DDB70FE170A516B00EC3E51 /* Resources */,
				A7D59476405649439AA3020D /* Copy Pods Resources */,
				25077C1C1A0F429B00F3E5E9 /* ShellScript */,
				6E2B61881A28C7E40071DE50 /* Embed Frameworks */,
			);
			buildRules = (
			);
			dependencies = (
			);
			name = "Cine Horarios";
			productName = "Cine Horarios";
			productReference = 3DDB7100170A516B00EC3E51 /* Cine Horarios.app */;
			productType = "com.apple.product-type.application";
		};
/* End PBXNativeTarget section */

/* Begin PBXProject section */
		3DDB70F7170A516B00EC3E51 /* Project object */ = {
			isa = PBXProject;
			attributes = {
				LastUpgradeCheck = 0500;
				ORGANIZATIONNAME = "Arturo Espinoza Carrasco";
				TargetAttributes = {
					3DDB70FF170A516B00EC3E51 = {
						DevelopmentTeam = 22ZGXZT3CM;
						SystemCapabilities = {
							com.apple.InAppPurchase = {
								enabled = 1;
							};
							com.apple.iCloud = {
								enabled = 1;
							};
						};
					};
				};
			};
			buildConfigurationList = 3DDB70FA170A516B00EC3E51 /* Build configuration list for PBXProject "Cine Horarios" */;
			compatibilityVersion = "Xcode 3.2";
			developmentRegion = English;
			hasScannedForEncodings = 0;
			knownRegions = (
				en,
				"es-CL",
			);
			mainGroup = 3DDB70F5170A516B00EC3E51;
			productRefGroup = 3DDB7101170A516B00EC3E51 /* Products */;
			projectDirPath = "";
			projectRoot = "";
			targets = (
				3DDB70FF170A516B00EC3E51 /* Cine Horarios */,
			);
		};
/* End PBXProject section */

/* Begin PBXResourcesBuildPhase section */
		3DDB70FE170A516B00EC3E51 /* Resources */ = {
			isa = PBXResourcesBuildPhase;
			buildActionMask = 2147483647;
			files = (
				25C66F861A2AD71C00366BE8 /* developers.der in Resources */,
				25C66F891A2AD71C00366BE8 /* RegionesGeofaro.plist in Resources */,
				6EC006D418DC7D67003DECC8 /* Cinemas.plist in Resources */,
				6EC0072418DC7E84003DECC8 /* Storyboard.storyboard in Resources */,
				25FDAFCC1A32D00B00CDD34E /* ImageViewTableHeader.xib in Resources */,
				6EC0065818DC7BFD003DECC8 /* MenuCustomView.xib in Resources */,
				25C66F871A2AD71C00366BE8 /* developers.p12 in Resources */,
				6EC006D718DC7D67003DECC8 /* Localizable.strings in Resources */,
				25C66F8A1A2AD71C00366BE8 /* ServiciosGeofaro.plist in Resources */,
				162414A417BC946E00083708 /* Images.xcassets in Resources */,
				6EC006D518DC7D67003DECC8 /* icloud.plist in Resources */,
				6EC006D918DC7D67003DECC8 /* Menu.plist in Resources */,
			);
			runOnlyForDeploymentPostprocessing = 0;
		};
/* End PBXResourcesBuildPhase section */

/* Begin PBXShellScriptBuildPhase section */
		25077C1C1A0F429B00F3E5E9 /* ShellScript */ = {
			isa = PBXShellScriptBuildPhase;
			buildActionMask = 2147483647;
			files = (
			);
			inputPaths = (
			);
			outputPaths = (
			);
			runOnlyForDeploymentPostprocessing = 0;
			shellPath = /bin/sh;
			shellScript = "./Crashlytics.framework/run 3a7f665fa908b2b3200d0c3d1e3faef88c20af23 a8086a3fe04caa79af5d238152a95e6cfd4f7897e7e55f13e91fda659d3af8d4";
		};
		A7D59476405649439AA3020D /* Copy Pods Resources */ = {
			isa = PBXShellScriptBuildPhase;
			buildActionMask = 12;
			files = (
			);
			inputPaths = (
			);
			name = "Copy Pods Resources";
			outputPaths = (
			);
			runOnlyForDeploymentPostprocessing = 0;
			shellPath = /bin/sh;
			shellScript = "\"${SRCROOT}/Pods/Target Support Files/Pods/Pods-resources.sh\"\n";
		};
		CEEFCCEF326347A5A94F15C7 /* Check Pods Manifest.lock */ = {
			isa = PBXShellScriptBuildPhase;
			buildActionMask = 2147483647;
			files = (
			);
			inputPaths = (
			);
			name = "Check Pods Manifest.lock";
			outputPaths = (
			);
			runOnlyForDeploymentPostprocessing = 0;
			shellPath = /bin/sh;
			shellScript = "diff \"${PODS_ROOT}/../Podfile.lock\" \"${PODS_ROOT}/Manifest.lock\" > /dev/null\nif [[ $? != 0 ]] ; then\n    cat << EOM\nerror: The sandbox is not in sync with the Podfile.lock. Run 'pod install' or update your CocoaPods installation.\nEOM\n    exit 1\nfi\n";
		};
/* End PBXShellScriptBuildPhase section */

/* Begin PBXSourcesBuildPhase section */
		3DDB70FC170A516B00EC3E51 /* Sources */ = {
			isa = PBXSourcesBuildPhase;
			buildActionMask = 2147483647;
			files = (
				6EC0072018DC7E3C003DECC8 /* Theater.m in Sources */,
				6EC0068F18DC7CBB003DECC8 /* MovieCinemasVC.m in Sources */,
				25C66F801A2AD70C00366BE8 /* Reachability.m in Sources */,
				6EC0069618DC7CBB003DECC8 /* SettingsVC.m in Sources */,
				6EC0069818DC7CBB003DECC8 /* VideosVC.m in Sources */,
				6EC0065518DC7BC6003DECC8 /* VideoCell.m in Sources */,
				6EC0073C18DC7EE1003DECC8 /* UIFont+CH.m in Sources */,
				6EC0071418DC7E3C003DECC8 /* AnnotationGroup.m in Sources */,
				257BEE6B1A107B5400BD3920 /* FunctionsContainerVC.m in Sources */,
				25C498AA1A47A96700EFE197 /* CHViewTableController.m in Sources */,
				6EC0068618DC7CBB003DECC8 /* CastVC.m in Sources */,
				6EC0068B18DC7CBB003DECC8 /* FavoritesVC.m in Sources */,
				6EC0061518DC7AE1003DECC8 /* CineHorariosApiClient.m in Sources */,
				6EC0063118DC7B77003DECC8 /* CastDirectorCell+Person.m in Sources */,
				6EC0061618DC7AE1003DECC8 /* FileHandler.m in Sources */,
				6EC0062F18DC7B77003DECC8 /* BillboardCell+BasicMovie.m in Sources */,
				6EC0064F18DC7BC6003DECC8 /* CastDirectorCell.m in Sources */,
				25FDAFCF1A32D40600CDD34E /* ImageViewTableHeader.m in Sources */,
				6EC0068C18DC7CBB003DECC8 /* FuncionesVC.m in Sources */,
				6EC0073B18DC7EE1003DECC8 /* UIColor+CH.m in Sources */,
				6EC0071B18DC7E3C003DECC8 /* Cinema.m in Sources */,
				6EC0065018DC7BC6003DECC8 /* CinemaCell.m in Sources */,
				6EC005F918DC7949003DECC8 /* AppDelegate.m in Sources */,
				6EC0073F18DC7EE1003DECC8 /* UIView+CH.m in Sources */,
				6EC0071C18DC7E3C003DECC8 /* Function.m in Sources */,
				6EC0071818DC7E3C003DECC8 /* BasicMovie.m in Sources */,
				6EC0069A18DC7CBB003DECC8 /* WebVC.m in Sources */,
				6EC0071A18DC7E3C003DECC8 /* Cast.m in Sources */,
				6EC0071718DC7E3C003DECC8 /* BasicItemImage.m in Sources */,
				6EC0072218DC7E3C003DECC8 /* VideoGroup.m in Sources */,
				6EC0073A18DC7EE1003DECC8 /* NSArray+FKBMap.m in Sources */,
				259550421A3DD4380052A8FB /* FavoritesManager.m in Sources */,
				6EC0064D18DC7BC6003DECC8 /* BillboardCell.m in Sources */,
				6EC0062E18DC7B77003DECC8 /* BasicCell+Theater.m in Sources */,
				6EC0071D18DC7E3C003DECC8 /* Movie.m in Sources */,
				2503D0BE1A1054B200E1876B /* NSDate+CH.m in Sources */,
				6EC0063418DC7B77003DECC8 /* FunctionCell2+Function.m in Sources */,
				6EC0071618DC7E3C003DECC8 /* BasicItem.m in Sources */,
				6EC0063718DC7B77003DECC8 /* VideoCell+Video.m in Sources */,
				6EC0072818DC7ED6003DECC8 /* ArrayDataSource.m in Sources */,
				6EC0068818DC7CBB003DECC8 /* CinesVC.m in Sources */,
				6EC0071518DC7E3C003DECC8 /* AnnotationTheater.m in Sources */,
				6EC0068D18DC7CBB003DECC8 /* GlobalNavigationController.m in Sources */,
				6E176F091A05DEAE00775DC7 /* MBProgressHUD+CH.m in Sources */,
				6EC0065118DC7BC6003DECC8 /* ComingSoonCell2.m in Sources */,
				6EC0073E18DC7EE1003DECC8 /* UIImageView+CH.m in Sources */,
				6EC0063518DC7B77003DECC8 /* MovieCastCell+Person.m in Sources */,
				25C66F7F1A2AD70C00366BE8 /* NSObject+Utilidades.m in Sources */,
				25710C951A0DB3230066864C /* FunctionsPageVC.m in Sources */,
				6EC0063218DC7B77003DECC8 /* CinemaCell+Cinema.m in Sources */,
				6EC0069518DC7CBB003DECC8 /* MovieVC.m in Sources */,
				6EC0071E18DC7E3C003DECC8 /* MTLModelPersistable.m in Sources */,
				6EC0069918DC7CBB003DECC8 /* VideoVC.m in Sources */,
				25C66F7A1A2AD70300366BE8 /* UIDevice+Hardware.m in Sources */,
				6EC0063618DC7B77003DECC8 /* MovieImageCell+MovieImage.m in Sources */,
				6EC0073D18DC7EE1003DECC8 /* UIImage+CH.m in Sources */,
				6EC0064C18DC7BC6003DECC8 /* BasicCell.m in Sources */,
				6EC0063318DC7B77003DECC8 /* ComingSoonCell2+BasicMovie.m in Sources */,
				6EC0069718DC7CBB003DECC8 /* TheatersVC.m in Sources */,
				6EC0063018DC7B77003DECC8 /* CastActorCell+Person.m in Sources */,
				6EC0068918DC7CBB003DECC8 /* CloseTheatersVC.m in Sources */,
				6EC0069118DC7CBB003DECC8 /* MovieFunctionsVC.m in Sources */,
				6EC0065218DC7BC6003DECC8 /* FunctionCell2.m in Sources */,
				6EC0073918DC7EE1003DECC8 /* GAI+CH.m in Sources */,
				6EC0065418DC7BC6003DECC8 /* MovieImageCell.m in Sources */,
				6EC0072118DC7E3C003DECC8 /* Video.m in Sources */,
				6EC006D818DC7D67003DECC8 /* main.m in Sources */,
				6EC0071918DC7E3C003DECC8 /* Billboard.m in Sources */,
				6EC0065318DC7BC6003DECC8 /* MovieCastCell.m in Sources */,
				6EC0068518DC7CBB003DECC8 /* CarteleraVC.m in Sources */,
				6EC0068718DC7CBB003DECC8 /* CineHorariosTableViewController.m in Sources */,
				6EC0068A18DC7CBB003DECC8 /* ComingSoonVC.m in Sources */,
				6EC0071F18DC7E3C003DECC8 /* Person.m in Sources */,
				6EC0064E18DC7BC6003DECC8 /* CastActorCell.m in Sources */,
			);
			runOnlyForDeploymentPostprocessing = 0;
		};
/* End PBXSourcesBuildPhase section */

/* Begin XCBuildConfiguration section */
		3DDB7122170A516B00EC3E51 /* Debug */ = {
			isa = XCBuildConfiguration;
			buildSettings = {
				ALWAYS_SEARCH_USER_PATHS = NO;
				CLANG_CXX_LANGUAGE_STANDARD = "gnu++0x";
				CLANG_CXX_LIBRARY = "libc++";
				CLANG_ENABLE_OBJC_ARC = YES;
				CLANG_WARN_EMPTY_BODY = YES;
				CLANG_WARN__DUPLICATE_METHOD_MATCH = YES;
				CODE_SIGN_IDENTITY = "";
				"CODE_SIGN_IDENTITY[sdk=iphoneos*]" = "";
				COPY_PHASE_STRIP = NO;
				GCC_C_LANGUAGE_STANDARD = gnu99;
				GCC_DYNAMIC_NO_PIC = NO;
				GCC_OPTIMIZATION_LEVEL = 0;
				GCC_PREPROCESSOR_DEFINITIONS = (
					"DEBUG=1",
					"$(inherited)",
				);
				GCC_SYMBOLS_PRIVATE_EXTERN = NO;
				GCC_WARN_ABOUT_RETURN_TYPE = YES;
				GCC_WARN_UNINITIALIZED_AUTOS = YES;
				GCC_WARN_UNUSED_VARIABLE = YES;
				IPHONEOS_DEPLOYMENT_TARGET = 7.0;
				ONLY_ACTIVE_ARCH = YES;
				PROVISIONING_PROFILE = "46CA847B-CF9F-45D0-8232-C6584D6E6D81";
				SDKROOT = iphoneos;
			};
			name = Debug;
		};
		3DDB7123170A516B00EC3E51 /* Release */ = {
			isa = XCBuildConfiguration;
			buildSettings = {
				ALWAYS_SEARCH_USER_PATHS = NO;
				CLANG_CXX_LANGUAGE_STANDARD = "gnu++0x";
				CLANG_CXX_LIBRARY = "libc++";
				CLANG_ENABLE_OBJC_ARC = YES;
				CLANG_WARN_EMPTY_BODY = YES;
				CLANG_WARN__DUPLICATE_METHOD_MATCH = YES;
				CODE_SIGN_IDENTITY = "";
				"CODE_SIGN_IDENTITY[sdk=iphoneos*]" = "";
				COPY_PHASE_STRIP = YES;
				GCC_C_LANGUAGE_STANDARD = gnu99;
				GCC_WARN_ABOUT_RETURN_TYPE = YES;
				GCC_WARN_UNINITIALIZED_AUTOS = YES;
				GCC_WARN_UNUSED_VARIABLE = YES;
				IPHONEOS_DEPLOYMENT_TARGET = 7.0;
				OTHER_CFLAGS = "-DNS_BLOCK_ASSERTIONS=1";
				PROVISIONING_PROFILE = "46CA847B-CF9F-45D0-8232-C6584D6E6D81";
				SDKROOT = iphoneos;
				VALIDATE_PRODUCT = YES;
			};
			name = Release;
		};
		3DDB7125170A516B00EC3E51 /* Debug */ = {
			isa = XCBuildConfiguration;
			baseConfigurationReference = 385B73052F46F87FCCF22877 /* Pods.debug.xcconfig */;
			buildSettings = {
				ASSETCATALOG_COMPILER_APPICON_NAME = AppIcon;
				ASSETCATALOG_COMPILER_LAUNCHIMAGE_NAME = LaunchImage;
				CLANG_ENABLE_MODULES = YES;
				CLANG_MODULES_AUTOLINK = NO;
				CODE_SIGN_ENTITLEMENTS = "Cine Horarios/Cine Horarios.entitlements";
				CODE_SIGN_IDENTITY = "iPhone Developer";
				"CODE_SIGN_IDENTITY[sdk=iphoneos*]" = "iPhone Developer";
				DEBUG_INFORMATION_FORMAT = "dwarf-with-dsym";
				FRAMEWORK_SEARCH_PATHS = (
					"$(inherited)",
					"$(PROJECT_DIR)/Cine\\ Horarios/Geofarok",
					"$(PROJECT_DIR)",
				);
				GCC_GENERATE_DEBUGGING_SYMBOLS = YES;
				GCC_PRECOMPILE_PREFIX_HEADER = YES;
				GCC_PREFIX_HEADER = "$(SRCROOT)/Cine Horarios/SupportingFiles/Cine Horarios-Prefix.pch";
				INFOPLIST_FILE = "$(SRCROOT)/Cine Horarios/SupportingFiles/Info.plist";
				IPHONEOS_DEPLOYMENT_TARGET = 8.0;
				LD_RUNPATH_SEARCH_PATHS = "$(inherited) @executable_path/Frameworks";
				LIBRARY_SEARCH_PATHS = "$(inherited)";
				PRODUCT_NAME = "Cine Horarios";
				PROVISIONING_PROFILE = "";
				TARGETED_DEVICE_FAMILY = 1;
				WRAPPER_EXTENSION = app;
			};
			name = Debug;
		};
		3DDB7126170A516B00EC3E51 /* Release */ = {
			isa = XCBuildConfiguration;
			baseConfigurationReference = 4D13F22F381E11E6ED02878B /* Pods.release.xcconfig */;
			buildSettings = {
				ASSETCATALOG_COMPILER_APPICON_NAME = AppIcon;
				ASSETCATALOG_COMPILER_LAUNCHIMAGE_NAME = LaunchImage;
				CLANG_ENABLE_MODULES = YES;
				CLANG_MODULES_AUTOLINK = NO;
				CODE_SIGN_ENTITLEMENTS = "Cine Horarios/Cine Horarios.entitlements";
				CODE_SIGN_IDENTITY = "iPhone Developer";
				"CODE_SIGN_IDENTITY[sdk=iphoneos*]" = "iPhone Developer";
				DEBUG_INFORMATION_FORMAT = "dwarf-with-dsym";
				FRAMEWORK_SEARCH_PATHS = (
					"$(inherited)",
					"$(PROJECT_DIR)/Cine\\ Horarios/Geofarok",
					"$(PROJECT_DIR)",
				);
				GCC_GENERATE_DEBUGGING_SYMBOLS = YES;
				GCC_PRECOMPILE_PREFIX_HEADER = YES;
				GCC_PREFIX_HEADER = "$(SRCROOT)/Cine Horarios/SupportingFiles/Cine Horarios-Prefix.pch";
				INFOPLIST_FILE = "$(SRCROOT)/Cine Horarios/SupportingFiles/Info.plist";
				IPHONEOS_DEPLOYMENT_TARGET = 8.0;
				LD_RUNPATH_SEARCH_PATHS = "$(inherited) @executable_path/Frameworks";
				LIBRARY_SEARCH_PATHS = "$(inherited)";
				PRODUCT_NAME = "Cine Horarios";
				PROVISIONING_PROFILE = "";
				TARGETED_DEVICE_FAMILY = 1;
				WRAPPER_EXTENSION = app;
			};
			name = Release;
		};
/* End XCBuildConfiguration section */

/* Begin XCConfigurationList section */
		3DDB70FA170A516B00EC3E51 /* Build configuration list for PBXProject "Cine Horarios" */ = {
			isa = XCConfigurationList;
			buildConfigurations = (
				3DDB7122170A516B00EC3E51 /* Debug */,
				3DDB7123170A516B00EC3E51 /* Release */,
			);
			defaultConfigurationIsVisible = 0;
			defaultConfigurationName = Release;
		};
		3DDB7124170A516B00EC3E51 /* Build configuration list for PBXNativeTarget "Cine Horarios" */ = {
			isa = XCConfigurationList;
			buildConfigurations = (
				3DDB7125170A516B00EC3E51 /* Debug */,
				3DDB7126170A516B00EC3E51 /* Release */,
			);
			defaultConfigurationIsVisible = 0;
			defaultConfigurationName = Release;
		};
/* End XCConfigurationList section */
	};
	rootObject = 3DDB70F7170A516B00EC3E51 /* Project object */;
}
